
Microsoft Visual Studio Solution File, Format Version 12.00
# Visual Studio Version 16
VisualStudioVersion = 16.0.29102.190
MinimumVisualStudioVersion = 10.0.40219.1
Project("{9A19103F-16F7-4668-BE54-9A1E7A4F7556}") = "InTheHand.Net.Bluetooth", "InTheHand.Net.Bluetooth\InTheHand.Net.Bluetooth.csproj", "{63B0E457-2909-44AB-B8E6-3737F5ABA0E3}"
EndProject
Project("{FAE04EC0-301F-11D3-BF4B-00C04F79EFBC}") = "InTheHand.IOBluetooth", "InTheHand.IOBluetooth\InTheHand.IOBluetooth.csproj", "{6A36006A-6B32-4B53-A692-782C89786EB1}"
EndProject
Project("{FAE04EC0-301F-11D3-BF4B-00C04F79EFBC}") = "InTheHand.IOBluetoothUI", "InTheHand.IOBluetoothUI\InTheHand.IOBluetoothUI.csproj", "{4DED8B64-10C4-4AF7-AC96-4A255F6D1F58}"
EndProject
Project("{9A19103F-16F7-4668-BE54-9A1E7A4F7556}") = "InTheHand.Net.Obex", "InTheHand.Net.Obex\InTheHand.Net.Obex.csproj", "{2EA66B7F-2764-4C52-865D-4999837A4504}"
EndProject
Project("{FAE04EC0-301F-11D3-BF4B-00C04F79EFBC}") = "IOBluetoothSample", "Samples\IOBluetoothSample\IOBluetoothSample.csproj", "{3E80E69D-04FF-4618-90A7-7E0E35A383AD}"
EndProject
Global
	GlobalSection(SolutionConfigurationPlatforms) = preSolution
		Ad-Hoc|Any CPU = Ad-Hoc|Any CPU
		Ad-Hoc|ARM = Ad-Hoc|ARM
		Ad-Hoc|iPhone = Ad-Hoc|iPhone
		Ad-Hoc|iPhoneSimulator = Ad-Hoc|iPhoneSimulator
		Ad-Hoc|x64 = Ad-Hoc|x64
		Ad-Hoc|x86 = Ad-Hoc|x86
		AppStore|Any CPU = AppStore|Any CPU
		AppStore|ARM = AppStore|ARM
		AppStore|iPhone = AppStore|iPhone
		AppStore|iPhoneSimulator = AppStore|iPhoneSimulator
		AppStore|x64 = AppStore|x64
		AppStore|x86 = AppStore|x86
		Debug|Any CPU = Debug|Any CPU
		Debug|ARM = Debug|ARM
		Debug|iPhone = Debug|iPhone
		Debug|iPhoneSimulator = Debug|iPhoneSimulator
		Debug|x64 = Debug|x64
		Debug|x86 = Debug|x86
		Release|Any CPU = Release|Any CPU
		Release|ARM = Release|ARM
		Release|iPhone = Release|iPhone
		Release|iPhoneSimulator = Release|iPhoneSimulator
		Release|x64 = Release|x64
		Release|x86 = Release|x86
	EndGlobalSection
	GlobalSection(ProjectConfigurationPlatforms) = postSolution
		{63B0E457-2909-44AB-B8E6-3737F5ABA0E3}.Ad-Hoc|Any CPU.ActiveCfg = Debug|Any CPU
		{63B0E457-2909-44AB-B8E6-3737F5ABA0E3}.Ad-Hoc|Any CPU.Build.0 = Debug|Any CPU
		{63B0E457-2909-44AB-B8E6-3737F5ABA0E3}.Ad-Hoc|ARM.ActiveCfg = Debug|Any CPU
		{63B0E457-2909-44AB-B8E6-3737F5ABA0E3}.Ad-Hoc|ARM.Build.0 = Debug|Any CPU
		{63B0E457-2909-44AB-B8E6-3737F5ABA0E3}.Ad-Hoc|iPhone.ActiveCfg = Debug|Any CPU
		{63B0E457-2909-44AB-B8E6-3737F5ABA0E3}.Ad-Hoc|iPhone.Build.0 = Debug|Any CPU
		{63B0E457-2909-44AB-B8E6-3737F5ABA0E3}.Ad-Hoc|iPhoneSimulator.ActiveCfg = Debug|Any CPU
		{63B0E457-2909-44AB-B8E6-3737F5ABA0E3}.Ad-Hoc|iPhoneSimulator.Build.0 = Debug|Any CPU
		{63B0E457-2909-44AB-B8E6-3737F5ABA0E3}.Ad-Hoc|x64.ActiveCfg = Debug|Any CPU
		{63B0E457-2909-44AB-B8E6-3737F5ABA0E3}.Ad-Hoc|x64.Build.0 = Debug|Any CPU
		{63B0E457-2909-44AB-B8E6-3737F5ABA0E3}.Ad-Hoc|x86.ActiveCfg = Debug|Any CPU
		{63B0E457-2909-44AB-B8E6-3737F5ABA0E3}.Ad-Hoc|x86.Build.0 = Debug|Any CPU
		{63B0E457-2909-44AB-B8E6-3737F5ABA0E3}.AppStore|Any CPU.ActiveCfg = Debug|Any CPU
		{63B0E457-2909-44AB-B8E6-3737F5ABA0E3}.AppStore|Any CPU.Build.0 = Debug|Any CPU
		{63B0E457-2909-44AB-B8E6-3737F5ABA0E3}.AppStore|ARM.ActiveCfg = Debug|Any CPU
		{63B0E457-2909-44AB-B8E6-3737F5ABA0E3}.AppStore|ARM.Build.0 = Debug|Any CPU
		{63B0E457-2909-44AB-B8E6-3737F5ABA0E3}.AppStore|iPhone.ActiveCfg = Debug|Any CPU
		{63B0E457-2909-44AB-B8E6-3737F5ABA0E3}.AppStore|iPhone.Build.0 = Debug|Any CPU
		{63B0E457-2909-44AB-B8E6-3737F5ABA0E3}.AppStore|iPhoneSimulator.ActiveCfg = Debug|Any CPU
		{63B0E457-2909-44AB-B8E6-3737F5ABA0E3}.AppStore|iPhoneSimulator.Build.0 = Debug|Any CPU
		{63B0E457-2909-44AB-B8E6-3737F5ABA0E3}.AppStore|x64.ActiveCfg = Debug|Any CPU
		{63B0E457-2909-44AB-B8E6-3737F5ABA0E3}.AppStore|x64.Build.0 = Debug|Any CPU
		{63B0E457-2909-44AB-B8E6-3737F5ABA0E3}.AppStore|x86.ActiveCfg = Debug|Any CPU
		{63B0E457-2909-44AB-B8E6-3737F5ABA0E3}.AppStore|x86.Build.0 = Debug|Any CPU
		{63B0E457-2909-44AB-B8E6-3737F5ABA0E3}.Debug|Any CPU.ActiveCfg = Debug|Any CPU
		{63B0E457-2909-44AB-B8E6-3737F5ABA0E3}.Debug|ARM.ActiveCfg = Debug|Any CPU
		{63B0E457-2909-44AB-B8E6-3737F5ABA0E3}.Debug|ARM.Build.0 = Debug|Any CPU
		{63B0E457-2909-44AB-B8E6-3737F5ABA0E3}.Debug|iPhone.ActiveCfg = Debug|Any CPU
		{63B0E457-2909-44AB-B8E6-3737F5ABA0E3}.Debug|iPhone.Build.0 = Debug|Any CPU
		{63B0E457-2909-44AB-B8E6-3737F5ABA0E3}.Debug|iPhoneSimulator.ActiveCfg = Debug|Any CPU
		{63B0E457-2909-44AB-B8E6-3737F5ABA0E3}.Debug|iPhoneSimulator.Build.0 = Debug|Any CPU
		{63B0E457-2909-44AB-B8E6-3737F5ABA0E3}.Debug|x64.ActiveCfg = Debug|Any CPU
		{63B0E457-2909-44AB-B8E6-3737F5ABA0E3}.Debug|x64.Build.0 = Debug|Any CPU
		{63B0E457-2909-44AB-B8E6-3737F5ABA0E3}.Debug|x86.ActiveCfg = Debug|Any CPU
		{63B0E457-2909-44AB-B8E6-3737F5ABA0E3}.Debug|x86.Build.0 = Debug|Any CPU
		{63B0E457-2909-44AB-B8E6-3737F5ABA0E3}.Release|Any CPU.ActiveCfg = Release|Any CPU
		{63B0E457-2909-44AB-B8E6-3737F5ABA0E3}.Release|ARM.ActiveCfg = Release|Any CPU
		{63B0E457-2909-44AB-B8E6-3737F5ABA0E3}.Release|ARM.Build.0 = Release|Any CPU
		{63B0E457-2909-44AB-B8E6-3737F5ABA0E3}.Release|iPhone.ActiveCfg = Release|Any CPU
		{63B0E457-2909-44AB-B8E6-3737F5ABA0E3}.Release|iPhone.Build.0 = Release|Any CPU
		{63B0E457-2909-44AB-B8E6-3737F5ABA0E3}.Release|iPhoneSimulator.ActiveCfg = Release|Any CPU
		{63B0E457-2909-44AB-B8E6-3737F5ABA0E3}.Release|iPhoneSimulator.Build.0 = Release|Any CPU
		{63B0E457-2909-44AB-B8E6-3737F5ABA0E3}.Release|x64.ActiveCfg = Release|Any CPU
		{63B0E457-2909-44AB-B8E6-3737F5ABA0E3}.Release|x64.Build.0 = Release|Any CPU
		{63B0E457-2909-44AB-B8E6-3737F5ABA0E3}.Release|x86.ActiveCfg = Release|Any CPU
		{63B0E457-2909-44AB-B8E6-3737F5ABA0E3}.Release|x86.Build.0 = Release|Any CPU
		{6A36006A-6B32-4B53-A692-782C89786EB1}.Ad-Hoc|Any CPU.ActiveCfg = Release|Any CPU
		{6A36006A-6B32-4B53-A692-782C89786EB1}.Ad-Hoc|Any CPU.Build.0 = Release|Any CPU
		{6A36006A-6B32-4B53-A692-782C89786EB1}.Ad-Hoc|ARM.ActiveCfg = Release|Any CPU
		{6A36006A-6B32-4B53-A692-782C89786EB1}.Ad-Hoc|ARM.Build.0 = Release|Any CPU
		{6A36006A-6B32-4B53-A692-782C89786EB1}.Ad-Hoc|iPhone.ActiveCfg = Release|Any CPU
		{6A36006A-6B32-4B53-A692-782C89786EB1}.Ad-Hoc|iPhone.Build.0 = Release|Any CPU
		{6A36006A-6B32-4B53-A692-782C89786EB1}.Ad-Hoc|iPhoneSimulator.ActiveCfg = Release|Any CPU
		{6A36006A-6B32-4B53-A692-782C89786EB1}.Ad-Hoc|iPhoneSimulator.Build.0 = Release|Any CPU
		{6A36006A-6B32-4B53-A692-782C89786EB1}.Ad-Hoc|x64.ActiveCfg = Release|Any CPU
		{6A36006A-6B32-4B53-A692-782C89786EB1}.Ad-Hoc|x64.Build.0 = Release|Any CPU
		{6A36006A-6B32-4B53-A692-782C89786EB1}.Ad-Hoc|x86.ActiveCfg = Release|Any CPU
		{6A36006A-6B32-4B53-A692-782C89786EB1}.Ad-Hoc|x86.Build.0 = Release|Any CPU
		{6A36006A-6B32-4B53-A692-782C89786EB1}.AppStore|Any CPU.ActiveCfg = Release|Any CPU
		{6A36006A-6B32-4B53-A692-782C89786EB1}.AppStore|Any CPU.Build.0 = Release|Any CPU
		{6A36006A-6B32-4B53-A692-782C89786EB1}.AppStore|ARM.ActiveCfg = Release|Any CPU
		{6A36006A-6B32-4B53-A692-782C89786EB1}.AppStore|ARM.Build.0 = Release|Any CPU
		{6A36006A-6B32-4B53-A692-782C89786EB1}.AppStore|iPhone.ActiveCfg = Release|Any CPU
		{6A36006A-6B32-4B53-A692-782C89786EB1}.AppStore|iPhone.Build.0 = Release|Any CPU
		{6A36006A-6B32-4B53-A692-782C89786EB1}.AppStore|iPhoneSimulator.ActiveCfg = Release|Any CPU
		{6A36006A-6B32-4B53-A692-782C89786EB1}.AppStore|iPhoneSimulator.Build.0 = Release|Any CPU
		{6A36006A-6B32-4B53-A692-782C89786EB1}.AppStore|x64.ActiveCfg = Release|Any CPU
		{6A36006A-6B32-4B53-A692-782C89786EB1}.AppStore|x64.Build.0 = Release|Any CPU
		{6A36006A-6B32-4B53-A692-782C89786EB1}.AppStore|x86.ActiveCfg = Release|Any CPU
		{6A36006A-6B32-4B53-A692-782C89786EB1}.AppStore|x86.Build.0 = Release|Any CPU
		{6A36006A-6B32-4B53-A692-782C89786EB1}.Debug|Any CPU.ActiveCfg = Debug|Any CPU
		{6A36006A-6B32-4B53-A692-782C89786EB1}.Debug|ARM.ActiveCfg = Debug|Any CPU
		{6A36006A-6B32-4B53-A692-782C89786EB1}.Debug|ARM.Build.0 = Debug|Any CPU
		{6A36006A-6B32-4B53-A692-782C89786EB1}.Debug|iPhone.ActiveCfg = Debug|Any CPU
		{6A36006A-6B32-4B53-A692-782C89786EB1}.Debug|iPhoneSimulator.ActiveCfg = Debug|Any CPU
		{6A36006A-6B32-4B53-A692-782C89786EB1}.Debug|iPhoneSimulator.Build.0 = Debug|Any CPU
		{6A36006A-6B32-4B53-A692-782C89786EB1}.Debug|x64.ActiveCfg = Debug|Any CPU
		{6A36006A-6B32-4B53-A692-782C89786EB1}.Debug|x64.Build.0 = Debug|Any CPU
		{6A36006A-6B32-4B53-A692-782C89786EB1}.Debug|x86.ActiveCfg = Debug|Any CPU
		{6A36006A-6B32-4B53-A692-782C89786EB1}.Debug|x86.Build.0 = Debug|Any CPU
		{6A36006A-6B32-4B53-A692-782C89786EB1}.Release|Any CPU.ActiveCfg = Release|Any CPU
		{6A36006A-6B32-4B53-A692-782C89786EB1}.Release|ARM.ActiveCfg = Release|Any CPU
		{6A36006A-6B32-4B53-A692-782C89786EB1}.Release|iPhone.ActiveCfg = Release|Any CPU
		{6A36006A-6B32-4B53-A692-782C89786EB1}.Release|iPhone.Build.0 = Release|Any CPU
		{6A36006A-6B32-4B53-A692-782C89786EB1}.Release|iPhoneSimulator.ActiveCfg = Release|Any CPU
		{6A36006A-6B32-4B53-A692-782C89786EB1}.Release|x64.ActiveCfg = Release|Any CPU
		{6A36006A-6B32-4B53-A692-782C89786EB1}.Release|x64.Build.0 = Release|Any CPU
		{6A36006A-6B32-4B53-A692-782C89786EB1}.Release|x86.ActiveCfg = Release|Any CPU
		{6A36006A-6B32-4B53-A692-782C89786EB1}.Release|x86.Build.0 = Release|Any CPU
		{6A36006A-6B32-4B53-A692-782C89786EB1}.Debug|Any CPU.Build.0 = Debug|Any CPU
		{6A36006A-6B32-4B53-A692-782C89786EB1}.Release|Any CPU.Build.0 = Release|Any CPU
		{4DED8B64-10C4-4AF7-AC96-4A255F6D1F58}.Ad-Hoc|Any CPU.ActiveCfg = Release|Any CPU
		{4DED8B64-10C4-4AF7-AC96-4A255F6D1F58}.Ad-Hoc|Any CPU.Build.0 = Release|Any CPU
		{4DED8B64-10C4-4AF7-AC96-4A255F6D1F58}.Ad-Hoc|ARM.ActiveCfg = Release|Any CPU
		{4DED8B64-10C4-4AF7-AC96-4A255F6D1F58}.Ad-Hoc|ARM.Build.0 = Release|Any CPU
		{4DED8B64-10C4-4AF7-AC96-4A255F6D1F58}.Ad-Hoc|iPhone.ActiveCfg = Release|Any CPU
		{4DED8B64-10C4-4AF7-AC96-4A255F6D1F58}.Ad-Hoc|iPhone.Build.0 = Release|Any CPU
		{4DED8B64-10C4-4AF7-AC96-4A255F6D1F58}.Ad-Hoc|iPhoneSimulator.ActiveCfg = Release|Any CPU
		{4DED8B64-10C4-4AF7-AC96-4A255F6D1F58}.Ad-Hoc|iPhoneSimulator.Build.0 = Release|Any CPU
		{4DED8B64-10C4-4AF7-AC96-4A255F6D1F58}.Ad-Hoc|x64.ActiveCfg = Release|Any CPU
		{4DED8B64-10C4-4AF7-AC96-4A255F6D1F58}.Ad-Hoc|x64.Build.0 = Release|Any CPU
		{4DED8B64-10C4-4AF7-AC96-4A255F6D1F58}.Ad-Hoc|x86.ActiveCfg = Release|Any CPU
		{4DED8B64-10C4-4AF7-AC96-4A255F6D1F58}.Ad-Hoc|x86.Build.0 = Release|Any CPU
		{4DED8B64-10C4-4AF7-AC96-4A255F6D1F58}.AppStore|Any CPU.ActiveCfg = Release|Any CPU
		{4DED8B64-10C4-4AF7-AC96-4A255F6D1F58}.AppStore|Any CPU.Build.0 = Release|Any CPU
		{4DED8B64-10C4-4AF7-AC96-4A255F6D1F58}.AppStore|ARM.ActiveCfg = Release|Any CPU
		{4DED8B64-10C4-4AF7-AC96-4A255F6D1F58}.AppStore|ARM.Build.0 = Release|Any CPU
		{4DED8B64-10C4-4AF7-AC96-4A255F6D1F58}.AppStore|iPhone.ActiveCfg = Release|Any CPU
		{4DED8B64-10C4-4AF7-AC96-4A255F6D1F58}.AppStore|iPhone.Build.0 = Release|Any CPU
		{4DED8B64-10C4-4AF7-AC96-4A255F6D1F58}.AppStore|iPhoneSimulator.ActiveCfg = Release|Any CPU
		{4DED8B64-10C4-4AF7-AC96-4A255F6D1F58}.AppStore|iPhoneSimulator.Build.0 = Release|Any CPU
		{4DED8B64-10C4-4AF7-AC96-4A255F6D1F58}.AppStore|x64.ActiveCfg = Release|Any CPU
		{4DED8B64-10C4-4AF7-AC96-4A255F6D1F58}.AppStore|x64.Build.0 = Release|Any CPU
		{4DED8B64-10C4-4AF7-AC96-4A255F6D1F58}.AppStore|x86.ActiveCfg = Release|Any CPU
		{4DED8B64-10C4-4AF7-AC96-4A255F6D1F58}.AppStore|x86.Build.0 = Release|Any CPU
		{4DED8B64-10C4-4AF7-AC96-4A255F6D1F58}.Debug|Any CPU.ActiveCfg = Debug|Any CPU
		{4DED8B64-10C4-4AF7-AC96-4A255F6D1F58}.Debug|ARM.ActiveCfg = Debug|Any CPU
		{4DED8B64-10C4-4AF7-AC96-4A255F6D1F58}.Debug|ARM.Build.0 = Debug|Any CPU
		{4DED8B64-10C4-4AF7-AC96-4A255F6D1F58}.Debug|iPhone.ActiveCfg = Debug|Any CPU
		{4DED8B64-10C4-4AF7-AC96-4A255F6D1F58}.Debug|iPhoneSimulator.ActiveCfg = Debug|Any CPU
		{4DED8B64-10C4-4AF7-AC96-4A255F6D1F58}.Debug|iPhoneSimulator.Build.0 = Debug|Any CPU
		{4DED8B64-10C4-4AF7-AC96-4A255F6D1F58}.Debug|x64.ActiveCfg = Debug|Any CPU
		{4DED8B64-10C4-4AF7-AC96-4A255F6D1F58}.Debug|x64.Build.0 = Debug|Any CPU
		{4DED8B64-10C4-4AF7-AC96-4A255F6D1F58}.Debug|x86.ActiveCfg = Debug|Any CPU
		{4DED8B64-10C4-4AF7-AC96-4A255F6D1F58}.Debug|x86.Build.0 = Debug|Any CPU
		{4DED8B64-10C4-4AF7-AC96-4A255F6D1F58}.Release|Any CPU.ActiveCfg = Release|Any CPU
		{4DED8B64-10C4-4AF7-AC96-4A255F6D1F58}.Release|ARM.ActiveCfg = Release|Any CPU
		{4DED8B64-10C4-4AF7-AC96-4A255F6D1F58}.Release|iPhone.ActiveCfg = Release|Any CPU
		{4DED8B64-10C4-4AF7-AC96-4A255F6D1F58}.Release|iPhone.Build.0 = Release|Any CPU
		{4DED8B64-10C4-4AF7-AC96-4A255F6D1F58}.Release|iPhoneSimulator.ActiveCfg = Release|Any CPU
		{4DED8B64-10C4-4AF7-AC96-4A255F6D1F58}.Release|x64.ActiveCfg = Release|Any CPU
		{4DED8B64-10C4-4AF7-AC96-4A255F6D1F58}.Release|x64.Build.0 = Release|Any CPU
		{4DED8B64-10C4-4AF7-AC96-4A255F6D1F58}.Release|x86.ActiveCfg = Release|Any CPU
		{4DED8B64-10C4-4AF7-AC96-4A255F6D1F58}.Release|x86.Build.0 = Release|Any CPU
		{4DED8B64-10C4-4AF7-AC96-4A255F6D1F58}.Release|Any CPU.Build.0 = Release|Any CPU
		{4DED8B64-10C4-4AF7-AC96-4A255F6D1F58}.Debug|Any CPU.Build.0 = Debug|Any CPU
		{2EA66B7F-2764-4C52-865D-4999837A4504}.Ad-Hoc|Any CPU.ActiveCfg = Debug|Any CPU
		{2EA66B7F-2764-4C52-865D-4999837A4504}.Ad-Hoc|Any CPU.Build.0 = Debug|Any CPU
		{2EA66B7F-2764-4C52-865D-4999837A4504}.Ad-Hoc|ARM.ActiveCfg = Debug|Any CPU
		{2EA66B7F-2764-4C52-865D-4999837A4504}.Ad-Hoc|ARM.Build.0 = Debug|Any CPU
		{2EA66B7F-2764-4C52-865D-4999837A4504}.Ad-Hoc|iPhone.ActiveCfg = Debug|Any CPU
		{2EA66B7F-2764-4C52-865D-4999837A4504}.Ad-Hoc|iPhone.Build.0 = Debug|Any CPU
		{2EA66B7F-2764-4C52-865D-4999837A4504}.Ad-Hoc|iPhoneSimulator.ActiveCfg = Debug|Any CPU
		{2EA66B7F-2764-4C52-865D-4999837A4504}.Ad-Hoc|iPhoneSimulator.Build.0 = Debug|Any CPU
		{2EA66B7F-2764-4C52-865D-4999837A4504}.Ad-Hoc|x64.ActiveCfg = Debug|Any CPU
		{2EA66B7F-2764-4C52-865D-4999837A4504}.Ad-Hoc|x64.Build.0 = Debug|Any CPU
		{2EA66B7F-2764-4C52-865D-4999837A4504}.Ad-Hoc|x86.ActiveCfg = Debug|Any CPU
		{2EA66B7F-2764-4C52-865D-4999837A4504}.Ad-Hoc|x86.Build.0 = Debug|Any CPU
		{2EA66B7F-2764-4C52-865D-4999837A4504}.AppStore|Any CPU.ActiveCfg = Debug|Any CPU
		{2EA66B7F-2764-4C52-865D-4999837A4504}.AppStore|Any CPU.Build.0 = Debug|Any CPU
		{2EA66B7F-2764-4C52-865D-4999837A4504}.AppStore|ARM.ActiveCfg = Debug|Any CPU
		{2EA66B7F-2764-4C52-865D-4999837A4504}.AppStore|ARM.Build.0 = Debug|Any CPU
		{2EA66B7F-2764-4C52-865D-4999837A4504}.AppStore|iPhone.ActiveCfg = Debug|Any CPU
		{2EA66B7F-2764-4C52-865D-4999837A4504}.AppStore|iPhone.Build.0 = Debug|Any CPU
		{2EA66B7F-2764-4C52-865D-4999837A4504}.AppStore|iPhoneSimulator.ActiveCfg = Debug|Any CPU
		{2EA66B7F-2764-4C52-865D-4999837A4504}.AppStore|iPhoneSimulator.Build.0 = Debug|Any CPU
		{2EA66B7F-2764-4C52-865D-4999837A4504}.AppStore|x64.ActiveCfg = Debug|Any CPU
		{2EA66B7F-2764-4C52-865D-4999837A4504}.AppStore|x64.Build.0 = Debug|Any CPU
		{2EA66B7F-2764-4C52-865D-4999837A4504}.AppStore|x86.ActiveCfg = Debug|Any CPU
		{2EA66B7F-2764-4C52-865D-4999837A4504}.AppStore|x86.Build.0 = Debug|Any CPU
		{2EA66B7F-2764-4C52-865D-4999837A4504}.Debug|Any CPU.ActiveCfg = Debug|Any CPU
		{2EA66B7F-2764-4C52-865D-4999837A4504}.Debug|ARM.ActiveCfg = Debug|Any CPU
		{2EA66B7F-2764-4C52-865D-4999837A4504}.Debug|ARM.Build.0 = Debug|Any CPU
		{2EA66B7F-2764-4C52-865D-4999837A4504}.Debug|iPhone.ActiveCfg = Debug|Any CPU
		{2EA66B7F-2764-4C52-865D-4999837A4504}.Debug|iPhone.Build.0 = Debug|Any CPU
		{2EA66B7F-2764-4C52-865D-4999837A4504}.Debug|iPhoneSimulator.ActiveCfg = Debug|Any CPU
		{2EA66B7F-2764-4C52-865D-4999837A4504}.Debug|iPhoneSimulator.Build.0 = Debug|Any CPU
		{2EA66B7F-2764-4C52-865D-4999837A4504}.Debug|x64.ActiveCfg = Debug|Any CPU
		{2EA66B7F-2764-4C52-865D-4999837A4504}.Debug|x64.Build.0 = Debug|Any CPU
		{2EA66B7F-2764-4C52-865D-4999837A4504}.Debug|x86.ActiveCfg = Debug|Any CPU
		{2EA66B7F-2764-4C52-865D-4999837A4504}.Debug|x86.Build.0 = Debug|Any CPU
		{2EA66B7F-2764-4C52-865D-4999837A4504}.Release|Any CPU.ActiveCfg = Release|Any CPU
		{2EA66B7F-2764-4C52-865D-4999837A4504}.Release|ARM.ActiveCfg = Release|Any CPU
		{2EA66B7F-2764-4C52-865D-4999837A4504}.Release|ARM.Build.0 = Release|Any CPU
		{2EA66B7F-2764-4C52-865D-4999837A4504}.Release|iPhone.ActiveCfg = Release|Any CPU
		{2EA66B7F-2764-4C52-865D-4999837A4504}.Release|iPhone.Build.0 = Release|Any CPU
		{2EA66B7F-2764-4C52-865D-4999837A4504}.Release|iPhoneSimulator.ActiveCfg = Release|Any CPU
		{2EA66B7F-2764-4C52-865D-4999837A4504}.Release|iPhoneSimulator.Build.0 = Release|Any CPU
		{2EA66B7F-2764-4C52-865D-4999837A4504}.Release|x64.ActiveCfg = Release|Any CPU
		{2EA66B7F-2764-4C52-865D-4999837A4504}.Release|x64.Build.0 = Release|Any CPU
		{2EA66B7F-2764-4C52-865D-4999837A4504}.Release|x86.ActiveCfg = Release|Any CPU
		{2EA66B7F-2764-4C52-865D-4999837A4504}.Release|x86.Build.0 = Release|Any CPU
		{3E80E69D-04FF-4618-90A7-7E0E35A383AD}.Ad-Hoc|Any CPU.ActiveCfg = Debug|Any CPU
		{3E80E69D-04FF-4618-90A7-7E0E35A383AD}.Ad-Hoc|Any CPU.Build.0 = Debug|Any CPU
		{3E80E69D-04FF-4618-90A7-7E0E35A383AD}.Ad-Hoc|ARM.ActiveCfg = Debug|Any CPU
		{3E80E69D-04FF-4618-90A7-7E0E35A383AD}.Ad-Hoc|ARM.Build.0 = Debug|Any CPU
		{3E80E69D-04FF-4618-90A7-7E0E35A383AD}.Ad-Hoc|iPhone.ActiveCfg = Debug|Any CPU
		{3E80E69D-04FF-4618-90A7-7E0E35A383AD}.Ad-Hoc|iPhone.Build.0 = Debug|Any CPU
		{3E80E69D-04FF-4618-90A7-7E0E35A383AD}.Ad-Hoc|iPhoneSimulator.ActiveCfg = Debug|Any CPU
		{3E80E69D-04FF-4618-90A7-7E0E35A383AD}.Ad-Hoc|iPhoneSimulator.Build.0 = Debug|Any CPU
		{3E80E69D-04FF-4618-90A7-7E0E35A383AD}.Ad-Hoc|x64.ActiveCfg = Debug|Any CPU
		{3E80E69D-04FF-4618-90A7-7E0E35A383AD}.Ad-Hoc|x64.Build.0 = Debug|Any CPU
		{3E80E69D-04FF-4618-90A7-7E0E35A383AD}.Ad-Hoc|x86.ActiveCfg = Debug|Any CPU
		{3E80E69D-04FF-4618-90A7-7E0E35A383AD}.Ad-Hoc|x86.Build.0 = Debug|Any CPU
		{3E80E69D-04FF-4618-90A7-7E0E35A383AD}.AppStore|Any CPU.ActiveCfg = Debug|Any CPU
		{3E80E69D-04FF-4618-90A7-7E0E35A383AD}.AppStore|Any CPU.Build.0 = Debug|Any CPU
		{3E80E69D-04FF-4618-90A7-7E0E35A383AD}.AppStore|ARM.ActiveCfg = Debug|Any CPU
		{3E80E69D-04FF-4618-90A7-7E0E35A383AD}.AppStore|ARM.Build.0 = Debug|Any CPU
		{3E80E69D-04FF-4618-90A7-7E0E35A383AD}.AppStore|iPhone.ActiveCfg = Debug|Any CPU
		{3E80E69D-04FF-4618-90A7-7E0E35A383AD}.AppStore|iPhone.Build.0 = Debug|Any CPU
		{3E80E69D-04FF-4618-90A7-7E0E35A383AD}.AppStore|iPhoneSimulator.ActiveCfg = Debug|Any CPU
		{3E80E69D-04FF-4618-90A7-7E0E35A383AD}.AppStore|iPhoneSimulator.Build.0 = Debug|Any CPU
		{3E80E69D-04FF-4618-90A7-7E0E35A383AD}.AppStore|x64.ActiveCfg = Debug|Any CPU
		{3E80E69D-04FF-4618-90A7-7E0E35A383AD}.AppStore|x64.Build.0 = Debug|Any CPU
		{3E80E69D-04FF-4618-90A7-7E0E35A383AD}.AppStore|x86.ActiveCfg = Debug|Any CPU
		{3E80E69D-04FF-4618-90A7-7E0E35A383AD}.AppStore|x86.Build.0 = Debug|Any CPU
		{3E80E69D-04FF-4618-90A7-7E0E35A383AD}.Debug|Any CPU.ActiveCfg = Debug|Any CPU
		{3E80E69D-04FF-4618-90A7-7E0E35A383AD}.Debug|Any CPU.Build.0 = Debug|Any CPU
		{3E80E69D-04FF-4618-90A7-7E0E35A383AD}.Debug|ARM.ActiveCfg = Debug|Any CPU
		{3E80E69D-04FF-4618-90A7-7E0E35A383AD}.Debug|ARM.Build.0 = Debug|Any CPU
		{3E80E69D-04FF-4618-90A7-7E0E35A383AD}.Debug|iPhone.ActiveCfg = Debug|Any CPU
		{3E80E69D-04FF-4618-90A7-7E0E35A383AD}.Debug|iPhone.Build.0 = Debug|Any CPU
		{3E80E69D-04FF-4618-90A7-7E0E35A383AD}.Debug|iPhoneSimulator.ActiveCfg = Debug|Any CPU
		{3E80E69D-04FF-4618-90A7-7E0E35A383AD}.Debug|iPhoneSimulator.Build.0 = Debug|Any CPU
		{3E80E69D-04FF-4618-90A7-7E0E35A383AD}.Debug|x64.ActiveCfg = Debug|Any CPU
		{3E80E69D-04FF-4618-90A7-7E0E35A383AD}.Debug|x64.Build.0 = Debug|Any CPU
		{3E80E69D-04FF-4618-90A7-7E0E35A383AD}.Debug|x86.ActiveCfg = Debug|Any CPU
		{3E80E69D-04FF-4618-90A7-7E0E35A383AD}.Debug|x86.Build.0 = Debug|Any CPU
		{3E80E69D-04FF-4618-90A7-7E0E35A383AD}.Release|Any CPU.ActiveCfg = Release|Any CPU
		{3E80E69D-04FF-4618-90A7-7E0E35A383AD}.Release|Any CPU.Build.0 = Release|Any CPU
		{3E80E69D-04FF-4618-90A7-7E0E35A383AD}.Release|ARM.ActiveCfg = Release|Any CPU
		{3E80E69D-04FF-4618-90A7-7E0E35A383AD}.Release|ARM.Build.0 = Release|Any CPU
		{3E80E69D-04FF-4618-90A7-7E0E35A383AD}.Release|iPhone.ActiveCfg = Release|Any CPU
		{3E80E69D-04FF-4618-90A7-7E0E35A383AD}.Release|iPhone.Build.0 = Release|Any CPU
		{3E80E69D-04FF-4618-90A7-7E0E35A383AD}.Release|iPhoneSimulator.ActiveCfg = Release|Any CPU
		{3E80E69D-04FF-4618-90A7-7E0E35A383AD}.Release|iPhoneSimulator.Build.0 = Release|Any CPU
		{3E80E69D-04FF-4618-90A7-7E0E35A383AD}.Release|x64.ActiveCfg = Release|Any CPU
		{3E80E69D-04FF-4618-90A7-7E0E35A383AD}.Release|x64.Build.0 = Release|Any CPU
		{3E80E69D-04FF-4618-90A7-7E0E35A383AD}.Release|x86.ActiveCfg = Release|Any CPU
		{3E80E69D-04FF-4618-90A7-7E0E35A383AD}.Release|x86.Build.0 = Release|Any CPU
	EndGlobalSection
	GlobalSection(SolutionProperties) = preSolution
		HideSolutionNode = FALSE
	EndGlobalSection
	GlobalSection(ExtensibilityGlobals) = postSolution
		SolutionGuid = {78538BAC-1E3C-436E-9D4A-D1696780C257}
	EndGlobalSection
EndGlobal
