Microsoft Visual Studio Solution File, Format Version 12.00
# Visual Studio 15
VisualStudioVersion = 15.0.27130.2036
MinimumVisualStudioVersion = 10.0.40219.1
Project("{9A19103F-16F7-4668-BE54-9A1E7A4F7556}") = "InTheHand.Devices.Bluetooth", "InTheHand.Devices.Bluetooth\InTheHand.Devices.Bluetooth.csproj", "{D7C44908-581A-4523-91EC-4079B20E34C7}"
EndProject
Project("{2150E333-8FDC-42A3-9474-1A3956D46DE8}") = "Samples", "Samples", "{CD37B468-EA3D-4E6D-9394-B778BE98E7A3}"
EndProject
Project("{FAE04EC0-301F-11D3-BF4B-00C04F79EFBC}") = "BluetoothFormsApp.Android", "Samples\BluetoothFormsApp\BluetoothFormsApp.Android\BluetoothFormsApp.Android.csproj", "{2A0D2A02-4FB7-414D-950D-D56740D649D7}"
EndProject
Project("{FAE04EC0-301F-11D3-BF4B-00C04F79EFBC}") = "BluetoothFormsApp.iOS", "Samples\BluetoothFormsApp\BluetoothFormsApp.iOS\BluetoothFormsApp.iOS.csproj", "{A7D5E013-C130-4D3F-8D3D-0084CEE6ED91}"
EndProject
Project("{FAE04EC0-301F-11D3-BF4B-00C04F79EFBC}") = "BluetoothFormsApp.UWP", "Samples\BluetoothFormsApp\BluetoothFormsApp.UWP\BluetoothFormsApp.UWP.csproj", "{B3A3E28B-33E8-4A88-B3EE-14F56E8C6303}"
EndProject
Project("{9A19103F-16F7-4668-BE54-9A1E7A4F7556}") = "BluetoothFormsApp", "Samples\BluetoothFormsApp\BluetoothFormsApp\BluetoothFormsApp.csproj", "{0395637C-EEF1-4B06-9E4F-D340E23BF437}"
EndProject
Project("{FAE04EC0-301F-11D3-BF4B-00C04F79EFBC}") = "InTheHand.Devices.Bluetooth.Unity", "InTheHand.Devices.Bluetooth\InTheHand.Devices.Bluetooth.Unity.csproj", "{6238F1F6-6826-46C2-A419-7A230B65CECC}"
EndProject
Project("{FAE04EC0-301F-11D3-BF4B-00C04F79EFBC}") = "InTheHand.IOBluetooth", "InTheHand.IOBluetooth\InTheHand.IOBluetooth.csproj", "{6A36006A-6B32-4B53-A692-782C89786EB1}"
EndProject
Project("{FAE04EC0-301F-11D3-BF4B-00C04F79EFBC}") = "IOBluetoothTest", "Samples\IOBluetoothTest\IOBluetoothTest.csproj", "{1549E15A-A0D7-47CB-A439-A042AB864CC2}"
EndProject
Project("{FAE04EC0-301F-11D3-BF4B-00C04F79EFBC}") = "InTheHand.IOBluetoothUI", "InTheHand.IOBluetoothUI\InTheHand.IOBluetoothUI.csproj", "{4DED8B64-10C4-4AF7-AC96-4A255F6D1F58}"
EndProject
Global
	GlobalSection(SolutionConfigurationPlatforms) = preSolution
		Ad-Hoc|Any CPU = Ad-Hoc|Any CPU
		Ad-Hoc|ARM = Ad-Hoc|ARM
		Ad-Hoc|iPhone = Ad-Hoc|iPhone
		Ad-Hoc|iPhoneSimulator = Ad-Hoc|iPhoneSimulator
		Ad-Hoc|x64 = Ad-Hoc|x64
		Ad-Hoc|x86 = Ad-Hoc|x86
		AppStore|Any CPU = AppStore|Any CPU
		AppStore|ARM = AppStore|ARM
		AppStore|iPhone = AppStore|iPhone
		AppStore|iPhoneSimulator = AppStore|iPhoneSimulator
		AppStore|x64 = AppStore|x64
		AppStore|x86 = AppStore|x86
		Debug|Any CPU = Debug|Any CPU
		Debug|ARM = Debug|ARM
		Debug|iPhone = Debug|iPhone
		Debug|iPhoneSimulator = Debug|iPhoneSimulator
		Debug|x64 = Debug|x64
		Debug|x86 = Debug|x86
		Release|Any CPU = Release|Any CPU
		Release|ARM = Release|ARM
		Release|iPhone = Release|iPhone
		Release|iPhoneSimulator = Release|iPhoneSimulator
		Release|x64 = Release|x64
		Release|x86 = Release|x86
	EndGlobalSection
	GlobalSection(ProjectConfigurationPlatforms) = postSolution
		{D7C44908-581A-4523-91EC-4079B20E34C7}.Ad-Hoc|Any CPU.ActiveCfg = Release|Any CPU
		{D7C44908-581A-4523-91EC-4079B20E34C7}.Ad-Hoc|Any CPU.Build.0 = Release|Any CPU
		{D7C44908-581A-4523-91EC-4079B20E34C7}.Ad-Hoc|ARM.ActiveCfg = Release|Any CPU
		{D7C44908-581A-4523-91EC-4079B20E34C7}.Ad-Hoc|ARM.Build.0 = Release|Any CPU
		{D7C44908-581A-4523-91EC-4079B20E34C7}.Ad-Hoc|iPhone.ActiveCfg = Release|Any CPU
		{D7C44908-581A-4523-91EC-4079B20E34C7}.Ad-Hoc|iPhone.Build.0 = Release|Any CPU
		{D7C44908-581A-4523-91EC-4079B20E34C7}.Ad-Hoc|iPhoneSimulator.ActiveCfg = Release|Any CPU
		{D7C44908-581A-4523-91EC-4079B20E34C7}.Ad-Hoc|iPhoneSimulator.Build.0 = Release|Any CPU
		{D7C44908-581A-4523-91EC-4079B20E34C7}.Ad-Hoc|x64.ActiveCfg = Release|Any CPU
		{D7C44908-581A-4523-91EC-4079B20E34C7}.Ad-Hoc|x64.Build.0 = Release|Any CPU
		{D7C44908-581A-4523-91EC-4079B20E34C7}.Ad-Hoc|x86.ActiveCfg = Release|Any CPU
		{D7C44908-581A-4523-91EC-4079B20E34C7}.Ad-Hoc|x86.Build.0 = Release|Any CPU
		{D7C44908-581A-4523-91EC-4079B20E34C7}.AppStore|Any CPU.ActiveCfg = Release|Any CPU
		{D7C44908-581A-4523-91EC-4079B20E34C7}.AppStore|Any CPU.Build.0 = Release|Any CPU
		{D7C44908-581A-4523-91EC-4079B20E34C7}.AppStore|ARM.ActiveCfg = Release|Any CPU
		{D7C44908-581A-4523-91EC-4079B20E34C7}.AppStore|ARM.Build.0 = Release|Any CPU
		{D7C44908-581A-4523-91EC-4079B20E34C7}.AppStore|iPhone.ActiveCfg = Release|Any CPU
		{D7C44908-581A-4523-91EC-4079B20E34C7}.AppStore|iPhone.Build.0 = Release|Any CPU
		{D7C44908-581A-4523-91EC-4079B20E34C7}.AppStore|iPhoneSimulator.ActiveCfg = Release|Any CPU
		{D7C44908-581A-4523-91EC-4079B20E34C7}.AppStore|iPhoneSimulator.Build.0 = Release|Any CPU
		{D7C44908-581A-4523-91EC-4079B20E34C7}.AppStore|x64.ActiveCfg = Release|Any CPU
		{D7C44908-581A-4523-91EC-4079B20E34C7}.AppStore|x64.Build.0 = Release|Any CPU
		{D7C44908-581A-4523-91EC-4079B20E34C7}.AppStore|x86.ActiveCfg = Release|Any CPU
		{D7C44908-581A-4523-91EC-4079B20E34C7}.AppStore|x86.Build.0 = Release|Any CPU
		{D7C44908-581A-4523-91EC-4079B20E34C7}.Debug|Any CPU.ActiveCfg = Debug|Any CPU
		{D7C44908-581A-4523-91EC-4079B20E34C7}.Debug|Any CPU.Build.0 = Debug|Any CPU
		{D7C44908-581A-4523-91EC-4079B20E34C7}.Debug|ARM.ActiveCfg = Debug|Any CPU
		{D7C44908-581A-4523-91EC-4079B20E34C7}.Debug|ARM.Build.0 = Debug|Any CPU
		{D7C44908-581A-4523-91EC-4079B20E34C7}.Debug|iPhone.ActiveCfg = Debug|Any CPU
		{D7C44908-581A-4523-91EC-4079B20E34C7}.Debug|iPhone.Build.0 = Debug|Any CPU
		{D7C44908-581A-4523-91EC-4079B20E34C7}.Debug|iPhoneSimulator.ActiveCfg = Debug|Any CPU
		{D7C44908-581A-4523-91EC-4079B20E34C7}.Debug|iPhoneSimulator.Build.0 = Debug|Any CPU
		{D7C44908-581A-4523-91EC-4079B20E34C7}.Debug|x64.ActiveCfg = Debug|Any CPU
		{D7C44908-581A-4523-91EC-4079B20E34C7}.Debug|x64.Build.0 = Debug|Any CPU
		{D7C44908-581A-4523-91EC-4079B20E34C7}.Debug|x86.ActiveCfg = Debug|Any CPU
		{D7C44908-581A-4523-91EC-4079B20E34C7}.Debug|x86.Build.0 = Debug|Any CPU
		{D7C44908-581A-4523-91EC-4079B20E34C7}.Release|Any CPU.ActiveCfg = Release|Any CPU
		{D7C44908-581A-4523-91EC-4079B20E34C7}.Release|Any CPU.Build.0 = Release|Any CPU
		{D7C44908-581A-4523-91EC-4079B20E34C7}.Release|ARM.ActiveCfg = Release|Any CPU
		{D7C44908-581A-4523-91EC-4079B20E34C7}.Release|ARM.Build.0 = Release|Any CPU
		{D7C44908-581A-4523-91EC-4079B20E34C7}.Release|iPhone.ActiveCfg = Release|Any CPU
		{D7C44908-581A-4523-91EC-4079B20E34C7}.Release|iPhone.Build.0 = Release|Any CPU
		{D7C44908-581A-4523-91EC-4079B20E34C7}.Release|iPhoneSimulator.ActiveCfg = Release|Any CPU
		{D7C44908-581A-4523-91EC-4079B20E34C7}.Release|iPhoneSimulator.Build.0 = Release|Any CPU
		{D7C44908-581A-4523-91EC-4079B20E34C7}.Release|x64.ActiveCfg = Release|Any CPU
		{D7C44908-581A-4523-91EC-4079B20E34C7}.Release|x64.Build.0 = Release|Any CPU
		{D7C44908-581A-4523-91EC-4079B20E34C7}.Release|x86.ActiveCfg = Release|Any CPU
		{D7C44908-581A-4523-91EC-4079B20E34C7}.Release|x86.Build.0 = Release|Any CPU
		{2A0D2A02-4FB7-414D-950D-D56740D649D7}.Ad-Hoc|Any CPU.ActiveCfg = Release|Any CPU
		{2A0D2A02-4FB7-414D-950D-D56740D649D7}.Ad-Hoc|Any CPU.Build.0 = Release|Any CPU
		{2A0D2A02-4FB7-414D-950D-D56740D649D7}.Ad-Hoc|Any CPU.Deploy.0 = Release|Any CPU
		{2A0D2A02-4FB7-414D-950D-D56740D649D7}.Ad-Hoc|ARM.ActiveCfg = Release|Any CPU
		{2A0D2A02-4FB7-414D-950D-D56740D649D7}.Ad-Hoc|ARM.Build.0 = Release|Any CPU
		{2A0D2A02-4FB7-414D-950D-D56740D649D7}.Ad-Hoc|ARM.Deploy.0 = Release|Any CPU
		{2A0D2A02-4FB7-414D-950D-D56740D649D7}.Ad-Hoc|iPhone.ActiveCfg = Release|Any CPU
		{2A0D2A02-4FB7-414D-950D-D56740D649D7}.Ad-Hoc|iPhone.Build.0 = Release|Any CPU
		{2A0D2A02-4FB7-414D-950D-D56740D649D7}.Ad-Hoc|iPhone.Deploy.0 = Release|Any CPU
		{2A0D2A02-4FB7-414D-950D-D56740D649D7}.Ad-Hoc|iPhoneSimulator.ActiveCfg = Release|Any CPU
		{2A0D2A02-4FB7-414D-950D-D56740D649D7}.Ad-Hoc|iPhoneSimulator.Build.0 = Release|Any CPU
		{2A0D2A02-4FB7-414D-950D-D56740D649D7}.Ad-Hoc|iPhoneSimulator.Deploy.0 = Release|Any CPU
		{2A0D2A02-4FB7-414D-950D-D56740D649D7}.Ad-Hoc|x64.ActiveCfg = Release|Any CPU
		{2A0D2A02-4FB7-414D-950D-D56740D649D7}.Ad-Hoc|x64.Build.0 = Release|Any CPU
		{2A0D2A02-4FB7-414D-950D-D56740D649D7}.Ad-Hoc|x64.Deploy.0 = Release|Any CPU
		{2A0D2A02-4FB7-414D-950D-D56740D649D7}.Ad-Hoc|x86.ActiveCfg = Release|Any CPU
		{2A0D2A02-4FB7-414D-950D-D56740D649D7}.Ad-Hoc|x86.Build.0 = Release|Any CPU
		{2A0D2A02-4FB7-414D-950D-D56740D649D7}.Ad-Hoc|x86.Deploy.0 = Release|Any CPU
		{2A0D2A02-4FB7-414D-950D-D56740D649D7}.AppStore|Any CPU.ActiveCfg = Release|Any CPU
		{2A0D2A02-4FB7-414D-950D-D56740D649D7}.AppStore|Any CPU.Build.0 = Release|Any CPU
		{2A0D2A02-4FB7-414D-950D-D56740D649D7}.AppStore|Any CPU.Deploy.0 = Release|Any CPU
		{2A0D2A02-4FB7-414D-950D-D56740D649D7}.AppStore|ARM.ActiveCfg = Release|Any CPU
		{2A0D2A02-4FB7-414D-950D-D56740D649D7}.AppStore|ARM.Build.0 = Release|Any CPU
		{2A0D2A02-4FB7-414D-950D-D56740D649D7}.AppStore|ARM.Deploy.0 = Release|Any CPU
		{2A0D2A02-4FB7-414D-950D-D56740D649D7}.AppStore|iPhone.ActiveCfg = Release|Any CPU
		{2A0D2A02-4FB7-414D-950D-D56740D649D7}.AppStore|iPhone.Build.0 = Release|Any CPU
		{2A0D2A02-4FB7-414D-950D-D56740D649D7}.AppStore|iPhone.Deploy.0 = Release|Any CPU
		{2A0D2A02-4FB7-414D-950D-D56740D649D7}.AppStore|iPhoneSimulator.ActiveCfg = Release|Any CPU
		{2A0D2A02-4FB7-414D-950D-D56740D649D7}.AppStore|iPhoneSimulator.Build.0 = Release|Any CPU
		{2A0D2A02-4FB7-414D-950D-D56740D649D7}.AppStore|iPhoneSimulator.Deploy.0 = Release|Any CPU
		{2A0D2A02-4FB7-414D-950D-D56740D649D7}.AppStore|x64.ActiveCfg = Release|Any CPU
		{2A0D2A02-4FB7-414D-950D-D56740D649D7}.AppStore|x64.Build.0 = Release|Any CPU
		{2A0D2A02-4FB7-414D-950D-D56740D649D7}.AppStore|x64.Deploy.0 = Release|Any CPU
		{2A0D2A02-4FB7-414D-950D-D56740D649D7}.AppStore|x86.ActiveCfg = Release|Any CPU
		{2A0D2A02-4FB7-414D-950D-D56740D649D7}.AppStore|x86.Build.0 = Release|Any CPU
		{2A0D2A02-4FB7-414D-950D-D56740D649D7}.AppStore|x86.Deploy.0 = Release|Any CPU
		{2A0D2A02-4FB7-414D-950D-D56740D649D7}.Debug|Any CPU.ActiveCfg = Debug|Any CPU
		{2A0D2A02-4FB7-414D-950D-D56740D649D7}.Debug|Any CPU.Build.0 = Debug|Any CPU
		{2A0D2A02-4FB7-414D-950D-D56740D649D7}.Debug|Any CPU.Deploy.0 = Debug|Any CPU
		{2A0D2A02-4FB7-414D-950D-D56740D649D7}.Debug|ARM.ActiveCfg = Debug|Any CPU
		{2A0D2A02-4FB7-414D-950D-D56740D649D7}.Debug|ARM.Build.0 = Debug|Any CPU
		{2A0D2A02-4FB7-414D-950D-D56740D649D7}.Debug|ARM.Deploy.0 = Debug|Any CPU
		{2A0D2A02-4FB7-414D-950D-D56740D649D7}.Debug|iPhone.ActiveCfg = Debug|Any CPU
		{2A0D2A02-4FB7-414D-950D-D56740D649D7}.Debug|iPhone.Build.0 = Debug|Any CPU
		{2A0D2A02-4FB7-414D-950D-D56740D649D7}.Debug|iPhone.Deploy.0 = Debug|Any CPU
		{2A0D2A02-4FB7-414D-950D-D56740D649D7}.Debug|iPhoneSimulator.ActiveCfg = Debug|Any CPU
		{2A0D2A02-4FB7-414D-950D-D56740D649D7}.Debug|iPhoneSimulator.Build.0 = Debug|Any CPU
		{2A0D2A02-4FB7-414D-950D-D56740D649D7}.Debug|iPhoneSimulator.Deploy.0 = Debug|Any CPU
		{2A0D2A02-4FB7-414D-950D-D56740D649D7}.Debug|x64.ActiveCfg = Debug|Any CPU
		{2A0D2A02-4FB7-414D-950D-D56740D649D7}.Debug|x64.Build.0 = Debug|Any CPU
		{2A0D2A02-4FB7-414D-950D-D56740D649D7}.Debug|x64.Deploy.0 = Debug|Any CPU
		{2A0D2A02-4FB7-414D-950D-D56740D649D7}.Debug|x86.ActiveCfg = Debug|Any CPU
		{2A0D2A02-4FB7-414D-950D-D56740D649D7}.Debug|x86.Build.0 = Debug|Any CPU
		{2A0D2A02-4FB7-414D-950D-D56740D649D7}.Debug|x86.Deploy.0 = Debug|Any CPU
		{2A0D2A02-4FB7-414D-950D-D56740D649D7}.Release|Any CPU.ActiveCfg = Release|Any CPU
		{2A0D2A02-4FB7-414D-950D-D56740D649D7}.Release|Any CPU.Build.0 = Release|Any CPU
		{2A0D2A02-4FB7-414D-950D-D56740D649D7}.Release|Any CPU.Deploy.0 = Release|Any CPU
		{2A0D2A02-4FB7-414D-950D-D56740D649D7}.Release|ARM.ActiveCfg = Release|Any CPU
		{2A0D2A02-4FB7-414D-950D-D56740D649D7}.Release|ARM.Build.0 = Release|Any CPU
		{2A0D2A02-4FB7-414D-950D-D56740D649D7}.Release|ARM.Deploy.0 = Release|Any CPU
		{2A0D2A02-4FB7-414D-950D-D56740D649D7}.Release|iPhone.ActiveCfg = Release|Any CPU
		{2A0D2A02-4FB7-414D-950D-D56740D649D7}.Release|iPhoneSimulator.ActiveCfg = Release|Any CPU
		{2A0D2A02-4FB7-414D-950D-D56740D649D7}.Release|iPhoneSimulator.Build.0 = Release|Any CPU
		{2A0D2A02-4FB7-414D-950D-D56740D649D7}.Release|iPhoneSimulator.Deploy.0 = Release|Any CPU
		{2A0D2A02-4FB7-414D-950D-D56740D649D7}.Release|x64.ActiveCfg = Release|Any CPU
		{2A0D2A02-4FB7-414D-950D-D56740D649D7}.Release|x64.Build.0 = Release|Any CPU
		{2A0D2A02-4FB7-414D-950D-D56740D649D7}.Release|x64.Deploy.0 = Release|Any CPU
		{2A0D2A02-4FB7-414D-950D-D56740D649D7}.Release|x86.ActiveCfg = Release|Any CPU
		{2A0D2A02-4FB7-414D-950D-D56740D649D7}.Release|x86.Build.0 = Release|Any CPU
		{2A0D2A02-4FB7-414D-950D-D56740D649D7}.Release|x86.Deploy.0 = Release|Any CPU
		{A7D5E013-C130-4D3F-8D3D-0084CEE6ED91}.Ad-Hoc|Any CPU.ActiveCfg = Ad-Hoc|iPhone
		{A7D5E013-C130-4D3F-8D3D-0084CEE6ED91}.Ad-Hoc|ARM.ActiveCfg = Ad-Hoc|iPhone
		{A7D5E013-C130-4D3F-8D3D-0084CEE6ED91}.Ad-Hoc|iPhone.ActiveCfg = Ad-Hoc|iPhone
		{A7D5E013-C130-4D3F-8D3D-0084CEE6ED91}.Ad-Hoc|iPhone.Build.0 = Ad-Hoc|iPhone
		{A7D5E013-C130-4D3F-8D3D-0084CEE6ED91}.Ad-Hoc|iPhoneSimulator.ActiveCfg = Ad-Hoc|iPhoneSimulator
		{A7D5E013-C130-4D3F-8D3D-0084CEE6ED91}.Ad-Hoc|iPhoneSimulator.Build.0 = Ad-Hoc|iPhoneSimulator
		{A7D5E013-C130-4D3F-8D3D-0084CEE6ED91}.Ad-Hoc|x64.ActiveCfg = Ad-Hoc|iPhone
		{A7D5E013-C130-4D3F-8D3D-0084CEE6ED91}.Ad-Hoc|x86.ActiveCfg = Ad-Hoc|iPhone
		{A7D5E013-C130-4D3F-8D3D-0084CEE6ED91}.AppStore|Any CPU.ActiveCfg = AppStore|iPhone
		{A7D5E013-C130-4D3F-8D3D-0084CEE6ED91}.AppStore|ARM.ActiveCfg = AppStore|iPhone
		{A7D5E013-C130-4D3F-8D3D-0084CEE6ED91}.AppStore|iPhone.ActiveCfg = AppStore|iPhone
		{A7D5E013-C130-4D3F-8D3D-0084CEE6ED91}.AppStore|iPhone.Build.0 = AppStore|iPhone
		{A7D5E013-C130-4D3F-8D3D-0084CEE6ED91}.AppStore|iPhoneSimulator.ActiveCfg = AppStore|iPhoneSimulator
		{A7D5E013-C130-4D3F-8D3D-0084CEE6ED91}.AppStore|iPhoneSimulator.Build.0 = AppStore|iPhoneSimulator
		{A7D5E013-C130-4D3F-8D3D-0084CEE6ED91}.AppStore|x64.ActiveCfg = AppStore|iPhone
		{A7D5E013-C130-4D3F-8D3D-0084CEE6ED91}.AppStore|x86.ActiveCfg = AppStore|iPhone
		{A7D5E013-C130-4D3F-8D3D-0084CEE6ED91}.Debug|Any CPU.ActiveCfg = Debug|iPhone
		{A7D5E013-C130-4D3F-8D3D-0084CEE6ED91}.Debug|ARM.ActiveCfg = Debug|iPhone
		{A7D5E013-C130-4D3F-8D3D-0084CEE6ED91}.Debug|iPhone.ActiveCfg = Debug|iPhone
		{A7D5E013-C130-4D3F-8D3D-0084CEE6ED91}.Debug|iPhone.Build.0 = Debug|iPhone
		{A7D5E013-C130-4D3F-8D3D-0084CEE6ED91}.Debug|iPhoneSimulator.ActiveCfg = Debug|iPhoneSimulator
		{A7D5E013-C130-4D3F-8D3D-0084CEE6ED91}.Debug|iPhoneSimulator.Build.0 = Debug|iPhoneSimulator
		{A7D5E013-C130-4D3F-8D3D-0084CEE6ED91}.Debug|x64.ActiveCfg = Debug|iPhone
		{A7D5E013-C130-4D3F-8D3D-0084CEE6ED91}.Debug|x86.ActiveCfg = Debug|iPhone
		{A7D5E013-C130-4D3F-8D3D-0084CEE6ED91}.Release|Any CPU.ActiveCfg = Release|iPhone
		{A7D5E013-C130-4D3F-8D3D-0084CEE6ED91}.Release|ARM.ActiveCfg = Release|iPhone
		{A7D5E013-C130-4D3F-8D3D-0084CEE6ED91}.Release|iPhone.ActiveCfg = Release|iPhone
		{A7D5E013-C130-4D3F-8D3D-0084CEE6ED91}.Release|iPhoneSimulator.ActiveCfg = Release|iPhoneSimulator
		{A7D5E013-C130-4D3F-8D3D-0084CEE6ED91}.Release|iPhoneSimulator.Build.0 = Release|iPhoneSimulator
		{A7D5E013-C130-4D3F-8D3D-0084CEE6ED91}.Release|x64.ActiveCfg = Release|iPhone
		{A7D5E013-C130-4D3F-8D3D-0084CEE6ED91}.Release|x86.ActiveCfg = Release|iPhone
		{B3A3E28B-33E8-4A88-B3EE-14F56E8C6303}.Ad-Hoc|Any CPU.ActiveCfg = Release|x86
		{B3A3E28B-33E8-4A88-B3EE-14F56E8C6303}.Ad-Hoc|Any CPU.Build.0 = Release|x86
		{B3A3E28B-33E8-4A88-B3EE-14F56E8C6303}.Ad-Hoc|Any CPU.Deploy.0 = Release|x86
		{B3A3E28B-33E8-4A88-B3EE-14F56E8C6303}.Ad-Hoc|ARM.ActiveCfg = Release|ARM
		{B3A3E28B-33E8-4A88-B3EE-14F56E8C6303}.Ad-Hoc|ARM.Build.0 = Release|ARM
		{B3A3E28B-33E8-4A88-B3EE-14F56E8C6303}.Ad-Hoc|ARM.Deploy.0 = Release|ARM
		{B3A3E28B-33E8-4A88-B3EE-14F56E8C6303}.Ad-Hoc|iPhone.ActiveCfg = Release|x86
		{B3A3E28B-33E8-4A88-B3EE-14F56E8C6303}.Ad-Hoc|iPhone.Build.0 = Release|x86
		{B3A3E28B-33E8-4A88-B3EE-14F56E8C6303}.Ad-Hoc|iPhone.Deploy.0 = Release|x86
		{B3A3E28B-33E8-4A88-B3EE-14F56E8C6303}.Ad-Hoc|iPhoneSimulator.ActiveCfg = Release|x86
		{B3A3E28B-33E8-4A88-B3EE-14F56E8C6303}.Ad-Hoc|iPhoneSimulator.Build.0 = Release|x86
		{B3A3E28B-33E8-4A88-B3EE-14F56E8C6303}.Ad-Hoc|iPhoneSimulator.Deploy.0 = Release|x86
		{B3A3E28B-33E8-4A88-B3EE-14F56E8C6303}.Ad-Hoc|x64.ActiveCfg = Release|x64
		{B3A3E28B-33E8-4A88-B3EE-14F56E8C6303}.Ad-Hoc|x64.Build.0 = Release|x64
		{B3A3E28B-33E8-4A88-B3EE-14F56E8C6303}.Ad-Hoc|x64.Deploy.0 = Release|x64
		{B3A3E28B-33E8-4A88-B3EE-14F56E8C6303}.Ad-Hoc|x86.ActiveCfg = Release|x86
		{B3A3E28B-33E8-4A88-B3EE-14F56E8C6303}.Ad-Hoc|x86.Build.0 = Release|x86
		{B3A3E28B-33E8-4A88-B3EE-14F56E8C6303}.Ad-Hoc|x86.Deploy.0 = Release|x86
		{B3A3E28B-33E8-4A88-B3EE-14F56E8C6303}.AppStore|Any CPU.ActiveCfg = Release|x86
		{B3A3E28B-33E8-4A88-B3EE-14F56E8C6303}.AppStore|Any CPU.Build.0 = Release|x86
		{B3A3E28B-33E8-4A88-B3EE-14F56E8C6303}.AppStore|Any CPU.Deploy.0 = Release|x86
		{B3A3E28B-33E8-4A88-B3EE-14F56E8C6303}.AppStore|ARM.ActiveCfg = Release|ARM
		{B3A3E28B-33E8-4A88-B3EE-14F56E8C6303}.AppStore|ARM.Build.0 = Release|ARM
		{B3A3E28B-33E8-4A88-B3EE-14F56E8C6303}.AppStore|ARM.Deploy.0 = Release|ARM
		{B3A3E28B-33E8-4A88-B3EE-14F56E8C6303}.AppStore|iPhone.ActiveCfg = Release|x86
		{B3A3E28B-33E8-4A88-B3EE-14F56E8C6303}.AppStore|iPhone.Build.0 = Release|x86
		{B3A3E28B-33E8-4A88-B3EE-14F56E8C6303}.AppStore|iPhone.Deploy.0 = Release|x86
		{B3A3E28B-33E8-4A88-B3EE-14F56E8C6303}.AppStore|iPhoneSimulator.ActiveCfg = Release|x86
		{B3A3E28B-33E8-4A88-B3EE-14F56E8C6303}.AppStore|iPhoneSimulator.Build.0 = Release|x86
		{B3A3E28B-33E8-4A88-B3EE-14F56E8C6303}.AppStore|iPhoneSimulator.Deploy.0 = Release|x86
		{B3A3E28B-33E8-4A88-B3EE-14F56E8C6303}.AppStore|x64.ActiveCfg = Release|x64
		{B3A3E28B-33E8-4A88-B3EE-14F56E8C6303}.AppStore|x64.Build.0 = Release|x64
		{B3A3E28B-33E8-4A88-B3EE-14F56E8C6303}.AppStore|x64.Deploy.0 = Release|x64
		{B3A3E28B-33E8-4A88-B3EE-14F56E8C6303}.AppStore|x86.ActiveCfg = Release|x86
		{B3A3E28B-33E8-4A88-B3EE-14F56E8C6303}.AppStore|x86.Build.0 = Release|x86
		{B3A3E28B-33E8-4A88-B3EE-14F56E8C6303}.AppStore|x86.Deploy.0 = Release|x86
		{B3A3E28B-33E8-4A88-B3EE-14F56E8C6303}.Debug|Any CPU.ActiveCfg = Debug|x86
		{B3A3E28B-33E8-4A88-B3EE-14F56E8C6303}.Debug|ARM.ActiveCfg = Debug|ARM
		{B3A3E28B-33E8-4A88-B3EE-14F56E8C6303}.Debug|ARM.Build.0 = Debug|ARM
		{B3A3E28B-33E8-4A88-B3EE-14F56E8C6303}.Debug|ARM.Deploy.0 = Debug|ARM
		{B3A3E28B-33E8-4A88-B3EE-14F56E8C6303}.Debug|iPhone.ActiveCfg = Debug|x86
		{B3A3E28B-33E8-4A88-B3EE-14F56E8C6303}.Debug|iPhoneSimulator.ActiveCfg = Debug|x86
		{B3A3E28B-33E8-4A88-B3EE-14F56E8C6303}.Debug|x64.ActiveCfg = Debug|x64
		{B3A3E28B-33E8-4A88-B3EE-14F56E8C6303}.Debug|x64.Build.0 = Debug|x64
		{B3A3E28B-33E8-4A88-B3EE-14F56E8C6303}.Debug|x64.Deploy.0 = Debug|x64
		{B3A3E28B-33E8-4A88-B3EE-14F56E8C6303}.Debug|x86.ActiveCfg = Debug|x86
		{B3A3E28B-33E8-4A88-B3EE-14F56E8C6303}.Debug|x86.Build.0 = Debug|x86
		{B3A3E28B-33E8-4A88-B3EE-14F56E8C6303}.Debug|x86.Deploy.0 = Debug|x86
		{B3A3E28B-33E8-4A88-B3EE-14F56E8C6303}.Release|Any CPU.ActiveCfg = Release|x86
		{B3A3E28B-33E8-4A88-B3EE-14F56E8C6303}.Release|ARM.ActiveCfg = Release|ARM
		{B3A3E28B-33E8-4A88-B3EE-14F56E8C6303}.Release|ARM.Build.0 = Release|ARM
		{B3A3E28B-33E8-4A88-B3EE-14F56E8C6303}.Release|ARM.Deploy.0 = Release|ARM
		{B3A3E28B-33E8-4A88-B3EE-14F56E8C6303}.Release|iPhone.ActiveCfg = Release|x86
		{B3A3E28B-33E8-4A88-B3EE-14F56E8C6303}.Release|iPhoneSimulator.ActiveCfg = Release|x86
		{B3A3E28B-33E8-4A88-B3EE-14F56E8C6303}.Release|x64.ActiveCfg = Release|x64
		{B3A3E28B-33E8-4A88-B3EE-14F56E8C6303}.Release|x64.Build.0 = Release|x64
		{B3A3E28B-33E8-4A88-B3EE-14F56E8C6303}.Release|x64.Deploy.0 = Release|x64
		{B3A3E28B-33E8-4A88-B3EE-14F56E8C6303}.Release|x86.ActiveCfg = Release|x86
		{B3A3E28B-33E8-4A88-B3EE-14F56E8C6303}.Release|x86.Build.0 = Release|x86
		{B3A3E28B-33E8-4A88-B3EE-14F56E8C6303}.Release|x86.Deploy.0 = Release|x86
		{0395637C-EEF1-4B06-9E4F-D340E23BF437}.Ad-Hoc|Any CPU.ActiveCfg = Debug|Any CPU
		{0395637C-EEF1-4B06-9E4F-D340E23BF437}.Ad-Hoc|Any CPU.Build.0 = Debug|Any CPU
		{0395637C-EEF1-4B06-9E4F-D340E23BF437}.Ad-Hoc|ARM.ActiveCfg = Debug|Any CPU
		{0395637C-EEF1-4B06-9E4F-D340E23BF437}.Ad-Hoc|ARM.Build.0 = Debug|Any CPU
		{0395637C-EEF1-4B06-9E4F-D340E23BF437}.Ad-Hoc|iPhone.ActiveCfg = Debug|Any CPU
		{0395637C-EEF1-4B06-9E4F-D340E23BF437}.Ad-Hoc|iPhone.Build.0 = Debug|Any CPU
		{0395637C-EEF1-4B06-9E4F-D340E23BF437}.Ad-Hoc|iPhoneSimulator.ActiveCfg = Debug|Any CPU
		{0395637C-EEF1-4B06-9E4F-D340E23BF437}.Ad-Hoc|iPhoneSimulator.Build.0 = Debug|Any CPU
		{0395637C-EEF1-4B06-9E4F-D340E23BF437}.Ad-Hoc|x64.ActiveCfg = Debug|Any CPU
		{0395637C-EEF1-4B06-9E4F-D340E23BF437}.Ad-Hoc|x64.Build.0 = Debug|Any CPU
		{0395637C-EEF1-4B06-9E4F-D340E23BF437}.Ad-Hoc|x86.ActiveCfg = Debug|Any CPU
		{0395637C-EEF1-4B06-9E4F-D340E23BF437}.Ad-Hoc|x86.Build.0 = Debug|Any CPU
		{0395637C-EEF1-4B06-9E4F-D340E23BF437}.AppStore|Any CPU.ActiveCfg = Debug|Any CPU
		{0395637C-EEF1-4B06-9E4F-D340E23BF437}.AppStore|Any CPU.Build.0 = Debug|Any CPU
		{0395637C-EEF1-4B06-9E4F-D340E23BF437}.AppStore|ARM.ActiveCfg = Debug|Any CPU
		{0395637C-EEF1-4B06-9E4F-D340E23BF437}.AppStore|ARM.Build.0 = Debug|Any CPU
		{0395637C-EEF1-4B06-9E4F-D340E23BF437}.AppStore|iPhone.ActiveCfg = Debug|Any CPU
		{0395637C-EEF1-4B06-9E4F-D340E23BF437}.AppStore|iPhone.Build.0 = Debug|Any CPU
		{0395637C-EEF1-4B06-9E4F-D340E23BF437}.AppStore|iPhoneSimulator.ActiveCfg = Debug|Any CPU
		{0395637C-EEF1-4B06-9E4F-D340E23BF437}.AppStore|iPhoneSimulator.Build.0 = Debug|Any CPU
		{0395637C-EEF1-4B06-9E4F-D340E23BF437}.AppStore|x64.ActiveCfg = Debug|Any CPU
		{0395637C-EEF1-4B06-9E4F-D340E23BF437}.AppStore|x64.Build.0 = Debug|Any CPU
		{0395637C-EEF1-4B06-9E4F-D340E23BF437}.AppStore|x86.ActiveCfg = Debug|Any CPU
		{0395637C-EEF1-4B06-9E4F-D340E23BF437}.AppStore|x86.Build.0 = Debug|Any CPU
		{0395637C-EEF1-4B06-9E4F-D340E23BF437}.Debug|Any CPU.ActiveCfg = Debug|Any CPU
		{0395637C-EEF1-4B06-9E4F-D340E23BF437}.Debug|Any CPU.Build.0 = Debug|Any CPU
		{0395637C-EEF1-4B06-9E4F-D340E23BF437}.Debug|ARM.ActiveCfg = Debug|Any CPU
		{0395637C-EEF1-4B06-9E4F-D340E23BF437}.Debug|ARM.Build.0 = Debug|Any CPU
		{0395637C-EEF1-4B06-9E4F-D340E23BF437}.Debug|iPhone.ActiveCfg = Debug|Any CPU
		{0395637C-EEF1-4B06-9E4F-D340E23BF437}.Debug|iPhone.Build.0 = Debug|Any CPU
		{0395637C-EEF1-4B06-9E4F-D340E23BF437}.Debug|iPhoneSimulator.ActiveCfg = Debug|Any CPU
		{0395637C-EEF1-4B06-9E4F-D340E23BF437}.Debug|iPhoneSimulator.Build.0 = Debug|Any CPU
		{0395637C-EEF1-4B06-9E4F-D340E23BF437}.Debug|x64.ActiveCfg = Debug|Any CPU
		{0395637C-EEF1-4B06-9E4F-D340E23BF437}.Debug|x64.Build.0 = Debug|Any CPU
		{0395637C-EEF1-4B06-9E4F-D340E23BF437}.Debug|x86.ActiveCfg = Debug|Any CPU
		{0395637C-EEF1-4B06-9E4F-D340E23BF437}.Debug|x86.Build.0 = Debug|Any CPU
		{0395637C-EEF1-4B06-9E4F-D340E23BF437}.Release|Any CPU.ActiveCfg = Release|Any CPU
		{0395637C-EEF1-4B06-9E4F-D340E23BF437}.Release|Any CPU.Build.0 = Release|Any CPU
		{0395637C-EEF1-4B06-9E4F-D340E23BF437}.Release|ARM.ActiveCfg = Release|Any CPU
		{0395637C-EEF1-4B06-9E4F-D340E23BF437}.Release|ARM.Build.0 = Release|Any CPU
		{0395637C-EEF1-4B06-9E4F-D340E23BF437}.Release|iPhone.ActiveCfg = Release|Any CPU
		{0395637C-EEF1-4B06-9E4F-D340E23BF437}.Release|iPhoneSimulator.ActiveCfg = Release|Any CPU
		{0395637C-EEF1-4B06-9E4F-D340E23BF437}.Release|iPhoneSimulator.Build.0 = Release|Any CPU
		{0395637C-EEF1-4B06-9E4F-D340E23BF437}.Release|x64.ActiveCfg = Release|Any CPU
		{0395637C-EEF1-4B06-9E4F-D340E23BF437}.Release|x64.Build.0 = Release|Any CPU
		{0395637C-EEF1-4B06-9E4F-D340E23BF437}.Release|x86.ActiveCfg = Release|Any CPU
		{0395637C-EEF1-4B06-9E4F-D340E23BF437}.Release|x86.Build.0 = Release|Any CPU
		{6238F1F6-6826-46C2-A419-7A230B65CECC}.Ad-Hoc|Any CPU.ActiveCfg = Release|Any CPU
		{6238F1F6-6826-46C2-A419-7A230B65CECC}.Ad-Hoc|Any CPU.Build.0 = Release|Any CPU
		{6238F1F6-6826-46C2-A419-7A230B65CECC}.Ad-Hoc|ARM.ActiveCfg = Release|Any CPU
		{6238F1F6-6826-46C2-A419-7A230B65CECC}.Ad-Hoc|ARM.Build.0 = Release|Any CPU
		{6238F1F6-6826-46C2-A419-7A230B65CECC}.Ad-Hoc|iPhone.ActiveCfg = Release|Any CPU
		{6238F1F6-6826-46C2-A419-7A230B65CECC}.Ad-Hoc|iPhone.Build.0 = Release|Any CPU
		{6238F1F6-6826-46C2-A419-7A230B65CECC}.Ad-Hoc|iPhoneSimulator.ActiveCfg = Release|Any CPU
		{6238F1F6-6826-46C2-A419-7A230B65CECC}.Ad-Hoc|iPhoneSimulator.Build.0 = Release|Any CPU
		{6238F1F6-6826-46C2-A419-7A230B65CECC}.Ad-Hoc|x64.ActiveCfg = Release|Any CPU
		{6238F1F6-6826-46C2-A419-7A230B65CECC}.Ad-Hoc|x64.Build.0 = Release|Any CPU
		{6238F1F6-6826-46C2-A419-7A230B65CECC}.Ad-Hoc|x86.ActiveCfg = Release|Any CPU
		{6238F1F6-6826-46C2-A419-7A230B65CECC}.Ad-Hoc|x86.Build.0 = Release|Any CPU
		{6238F1F6-6826-46C2-A419-7A230B65CECC}.AppStore|Any CPU.ActiveCfg = Release|Any CPU
		{6238F1F6-6826-46C2-A419-7A230B65CECC}.AppStore|Any CPU.Build.0 = Release|Any CPU
		{6238F1F6-6826-46C2-A419-7A230B65CECC}.AppStore|ARM.ActiveCfg = Release|Any CPU
		{6238F1F6-6826-46C2-A419-7A230B65CECC}.AppStore|ARM.Build.0 = Release|Any CPU
		{6238F1F6-6826-46C2-A419-7A230B65CECC}.AppStore|iPhone.ActiveCfg = Release|Any CPU
		{6238F1F6-6826-46C2-A419-7A230B65CECC}.AppStore|iPhone.Build.0 = Release|Any CPU
		{6238F1F6-6826-46C2-A419-7A230B65CECC}.AppStore|iPhoneSimulator.ActiveCfg = Release|Any CPU
		{6238F1F6-6826-46C2-A419-7A230B65CECC}.AppStore|iPhoneSimulator.Build.0 = Release|Any CPU
		{6238F1F6-6826-46C2-A419-7A230B65CECC}.AppStore|x64.ActiveCfg = Release|Any CPU
		{6238F1F6-6826-46C2-A419-7A230B65CECC}.AppStore|x64.Build.0 = Release|Any CPU
		{6238F1F6-6826-46C2-A419-7A230B65CECC}.AppStore|x86.ActiveCfg = Release|Any CPU
		{6238F1F6-6826-46C2-A419-7A230B65CECC}.AppStore|x86.Build.0 = Release|Any CPU
		{6238F1F6-6826-46C2-A419-7A230B65CECC}.Debug|Any CPU.ActiveCfg = Debug|Any CPU
		{6238F1F6-6826-46C2-A419-7A230B65CECC}.Debug|Any CPU.Build.0 = Debug|Any CPU
		{6238F1F6-6826-46C2-A419-7A230B65CECC}.Debug|ARM.ActiveCfg = Debug|Any CPU
		{6238F1F6-6826-46C2-A419-7A230B65CECC}.Debug|ARM.Build.0 = Debug|Any CPU
		{6238F1F6-6826-46C2-A419-7A230B65CECC}.Debug|iPhone.ActiveCfg = Debug|Any CPU
		{6238F1F6-6826-46C2-A419-7A230B65CECC}.Debug|iPhoneSimulator.ActiveCfg = Debug|Any CPU
		{6238F1F6-6826-46C2-A419-7A230B65CECC}.Debug|iPhoneSimulator.Build.0 = Debug|Any CPU
		{6238F1F6-6826-46C2-A419-7A230B65CECC}.Debug|x64.ActiveCfg = Debug|Any CPU
		{6238F1F6-6826-46C2-A419-7A230B65CECC}.Debug|x64.Build.0 = Debug|Any CPU
		{6238F1F6-6826-46C2-A419-7A230B65CECC}.Debug|x86.ActiveCfg = Debug|Any CPU
		{6238F1F6-6826-46C2-A419-7A230B65CECC}.Debug|x86.Build.0 = Debug|Any CPU
		{6238F1F6-6826-46C2-A419-7A230B65CECC}.Release|Any CPU.ActiveCfg = Release|Any CPU
		{6238F1F6-6826-46C2-A419-7A230B65CECC}.Release|Any CPU.Build.0 = Release|Any CPU
		{6238F1F6-6826-46C2-A419-7A230B65CECC}.Release|ARM.ActiveCfg = Release|Any CPU
		{6238F1F6-6826-46C2-A419-7A230B65CECC}.Release|ARM.Build.0 = Release|Any CPU
		{6238F1F6-6826-46C2-A419-7A230B65CECC}.Release|iPhone.ActiveCfg = Release|Any CPU
		{6238F1F6-6826-46C2-A419-7A230B65CECC}.Release|iPhone.Build.0 = Release|Any CPU
		{6238F1F6-6826-46C2-A419-7A230B65CECC}.Release|iPhoneSimulator.ActiveCfg = Release|Any CPU
		{6238F1F6-6826-46C2-A419-7A230B65CECC}.Release|iPhoneSimulator.Build.0 = Release|Any CPU
		{6238F1F6-6826-46C2-A419-7A230B65CECC}.Release|x64.ActiveCfg = Release|Any CPU
		{6238F1F6-6826-46C2-A419-7A230B65CECC}.Release|x64.Build.0 = Release|Any CPU
		{6238F1F6-6826-46C2-A419-7A230B65CECC}.Release|x86.ActiveCfg = Release|Any CPU
		{6238F1F6-6826-46C2-A419-7A230B65CECC}.Release|x86.Build.0 = Release|Any CPU
		{6A36006A-6B32-4B53-A692-782C89786EB1}.Ad-Hoc|Any CPU.ActiveCfg = Release|Any CPU
		{6A36006A-6B32-4B53-A692-782C89786EB1}.Ad-Hoc|Any CPU.Build.0 = Release|Any CPU
		{6A36006A-6B32-4B53-A692-782C89786EB1}.Ad-Hoc|ARM.ActiveCfg = Release|Any CPU
		{6A36006A-6B32-4B53-A692-782C89786EB1}.Ad-Hoc|ARM.Build.0 = Release|Any CPU
		{6A36006A-6B32-4B53-A692-782C89786EB1}.Ad-Hoc|iPhone.ActiveCfg = Release|Any CPU
		{6A36006A-6B32-4B53-A692-782C89786EB1}.Ad-Hoc|iPhone.Build.0 = Release|Any CPU
		{6A36006A-6B32-4B53-A692-782C89786EB1}.Ad-Hoc|iPhoneSimulator.ActiveCfg = Release|Any CPU
		{6A36006A-6B32-4B53-A692-782C89786EB1}.Ad-Hoc|iPhoneSimulator.Build.0 = Release|Any CPU
		{6A36006A-6B32-4B53-A692-782C89786EB1}.Ad-Hoc|x64.ActiveCfg = Release|Any CPU
		{6A36006A-6B32-4B53-A692-782C89786EB1}.Ad-Hoc|x64.Build.0 = Release|Any CPU
		{6A36006A-6B32-4B53-A692-782C89786EB1}.Ad-Hoc|x86.ActiveCfg = Release|Any CPU
		{6A36006A-6B32-4B53-A692-782C89786EB1}.Ad-Hoc|x86.Build.0 = Release|Any CPU
		{6A36006A-6B32-4B53-A692-782C89786EB1}.AppStore|Any CPU.ActiveCfg = Release|Any CPU
		{6A36006A-6B32-4B53-A692-782C89786EB1}.AppStore|Any CPU.Build.0 = Release|Any CPU
		{6A36006A-6B32-4B53-A692-782C89786EB1}.AppStore|ARM.ActiveCfg = Release|Any CPU
		{6A36006A-6B32-4B53-A692-782C89786EB1}.AppStore|ARM.Build.0 = Release|Any CPU
		{6A36006A-6B32-4B53-A692-782C89786EB1}.AppStore|iPhone.ActiveCfg = Release|Any CPU
		{6A36006A-6B32-4B53-A692-782C89786EB1}.AppStore|iPhone.Build.0 = Release|Any CPU
		{6A36006A-6B32-4B53-A692-782C89786EB1}.AppStore|iPhoneSimulator.ActiveCfg = Release|Any CPU
		{6A36006A-6B32-4B53-A692-782C89786EB1}.AppStore|iPhoneSimulator.Build.0 = Release|Any CPU
		{6A36006A-6B32-4B53-A692-782C89786EB1}.AppStore|x64.ActiveCfg = Release|Any CPU
		{6A36006A-6B32-4B53-A692-782C89786EB1}.AppStore|x64.Build.0 = Release|Any CPU
		{6A36006A-6B32-4B53-A692-782C89786EB1}.AppStore|x86.ActiveCfg = Release|Any CPU
		{6A36006A-6B32-4B53-A692-782C89786EB1}.AppStore|x86.Build.0 = Release|Any CPU
		{6A36006A-6B32-4B53-A692-782C89786EB1}.Debug|Any CPU.ActiveCfg = Debug|Any CPU
		{6A36006A-6B32-4B53-A692-782C89786EB1}.Debug|Any CPU.Build.0 = Debug|Any CPU
		{6A36006A-6B32-4B53-A692-782C89786EB1}.Debug|ARM.ActiveCfg = Debug|Any CPU
		{6A36006A-6B32-4B53-A692-782C89786EB1}.Debug|ARM.Build.0 = Debug|Any CPU
		{6A36006A-6B32-4B53-A692-782C89786EB1}.Debug|iPhone.ActiveCfg = Debug|Any CPU
		{6A36006A-6B32-4B53-A692-782C89786EB1}.Debug|iPhone.Build.0 = Debug|Any CPU
		{6A36006A-6B32-4B53-A692-782C89786EB1}.Debug|iPhoneSimulator.ActiveCfg = Debug|Any CPU
		{6A36006A-6B32-4B53-A692-782C89786EB1}.Debug|iPhoneSimulator.Build.0 = Debug|Any CPU
		{6A36006A-6B32-4B53-A692-782C89786EB1}.Debug|x64.ActiveCfg = Debug|Any CPU
		{6A36006A-6B32-4B53-A692-782C89786EB1}.Debug|x64.Build.0 = Debug|Any CPU
		{6A36006A-6B32-4B53-A692-782C89786EB1}.Debug|x86.ActiveCfg = Debug|Any CPU
		{6A36006A-6B32-4B53-A692-782C89786EB1}.Debug|x86.Build.0 = Debug|Any CPU
		{6A36006A-6B32-4B53-A692-782C89786EB1}.Release|Any CPU.ActiveCfg = Release|Any CPU
		{6A36006A-6B32-4B53-A692-782C89786EB1}.Release|Any CPU.Build.0 = Release|Any CPU
		{6A36006A-6B32-4B53-A692-782C89786EB1}.Release|ARM.ActiveCfg = Release|Any CPU
		{6A36006A-6B32-4B53-A692-782C89786EB1}.Release|ARM.Build.0 = Release|Any CPU
		{6A36006A-6B32-4B53-A692-782C89786EB1}.Release|iPhone.ActiveCfg = Release|Any CPU
		{6A36006A-6B32-4B53-A692-782C89786EB1}.Release|iPhone.Build.0 = Release|Any CPU
		{6A36006A-6B32-4B53-A692-782C89786EB1}.Release|iPhoneSimulator.ActiveCfg = Release|Any CPU
		{6A36006A-6B32-4B53-A692-782C89786EB1}.Release|iPhoneSimulator.Build.0 = Release|Any CPU
		{6A36006A-6B32-4B53-A692-782C89786EB1}.Release|x64.ActiveCfg = Release|Any CPU
		{6A36006A-6B32-4B53-A692-782C89786EB1}.Release|x64.Build.0 = Release|Any CPU
		{6A36006A-6B32-4B53-A692-782C89786EB1}.Release|x86.ActiveCfg = Release|Any CPU
		{6A36006A-6B32-4B53-A692-782C89786EB1}.Release|x86.Build.0 = Release|Any CPU
		{1549E15A-A0D7-47CB-A439-A042AB864CC2}.Ad-Hoc|Any CPU.ActiveCfg = Release|Any CPU
		{1549E15A-A0D7-47CB-A439-A042AB864CC2}.Ad-Hoc|Any CPU.Build.0 = Release|Any CPU
		{1549E15A-A0D7-47CB-A439-A042AB864CC2}.Ad-Hoc|ARM.ActiveCfg = Release|Any CPU
		{1549E15A-A0D7-47CB-A439-A042AB864CC2}.Ad-Hoc|ARM.Build.0 = Release|Any CPU
		{1549E15A-A0D7-47CB-A439-A042AB864CC2}.Ad-Hoc|iPhone.ActiveCfg = Release|Any CPU
		{1549E15A-A0D7-47CB-A439-A042AB864CC2}.Ad-Hoc|iPhone.Build.0 = Release|Any CPU
		{1549E15A-A0D7-47CB-A439-A042AB864CC2}.Ad-Hoc|iPhoneSimulator.ActiveCfg = Release|Any CPU
		{1549E15A-A0D7-47CB-A439-A042AB864CC2}.Ad-Hoc|iPhoneSimulator.Build.0 = Release|Any CPU
		{1549E15A-A0D7-47CB-A439-A042AB864CC2}.Ad-Hoc|x64.ActiveCfg = Release|Any CPU
		{1549E15A-A0D7-47CB-A439-A042AB864CC2}.Ad-Hoc|x64.Build.0 = Release|Any CPU
		{1549E15A-A0D7-47CB-A439-A042AB864CC2}.Ad-Hoc|x86.ActiveCfg = Release|Any CPU
		{1549E15A-A0D7-47CB-A439-A042AB864CC2}.Ad-Hoc|x86.Build.0 = Release|Any CPU
		{1549E15A-A0D7-47CB-A439-A042AB864CC2}.AppStore|Any CPU.ActiveCfg = Release|Any CPU
		{1549E15A-A0D7-47CB-A439-A042AB864CC2}.AppStore|Any CPU.Build.0 = Release|Any CPU
		{1549E15A-A0D7-47CB-A439-A042AB864CC2}.AppStore|ARM.ActiveCfg = Release|Any CPU
		{1549E15A-A0D7-47CB-A439-A042AB864CC2}.AppStore|ARM.Build.0 = Release|Any CPU
		{1549E15A-A0D7-47CB-A439-A042AB864CC2}.AppStore|iPhone.ActiveCfg = Release|Any CPU
		{1549E15A-A0D7-47CB-A439-A042AB864CC2}.AppStore|iPhone.Build.0 = Release|Any CPU
		{1549E15A-A0D7-47CB-A439-A042AB864CC2}.AppStore|iPhoneSimulator.ActiveCfg = Release|Any CPU
		{1549E15A-A0D7-47CB-A439-A042AB864CC2}.AppStore|iPhoneSimulator.Build.0 = Release|Any CPU
		{1549E15A-A0D7-47CB-A439-A042AB864CC2}.AppStore|x64.ActiveCfg = Release|Any CPU
		{1549E15A-A0D7-47CB-A439-A042AB864CC2}.AppStore|x64.Build.0 = Release|Any CPU
		{1549E15A-A0D7-47CB-A439-A042AB864CC2}.AppStore|x86.ActiveCfg = Release|Any CPU
		{1549E15A-A0D7-47CB-A439-A042AB864CC2}.AppStore|x86.Build.0 = Release|Any CPU
		{1549E15A-A0D7-47CB-A439-A042AB864CC2}.Debug|Any CPU.ActiveCfg = Debug|Any CPU
		{1549E15A-A0D7-47CB-A439-A042AB864CC2}.Debug|Any CPU.Build.0 = Debug|Any CPU
		{1549E15A-A0D7-47CB-A439-A042AB864CC2}.Debug|ARM.ActiveCfg = Debug|Any CPU
		{1549E15A-A0D7-47CB-A439-A042AB864CC2}.Debug|ARM.Build.0 = Debug|Any CPU
		{1549E15A-A0D7-47CB-A439-A042AB864CC2}.Debug|iPhone.ActiveCfg = Debug|Any CPU
		{1549E15A-A0D7-47CB-A439-A042AB864CC2}.Debug|iPhone.Build.0 = Debug|Any CPU
		{1549E15A-A0D7-47CB-A439-A042AB864CC2}.Debug|iPhoneSimulator.ActiveCfg = Debug|Any CPU
		{1549E15A-A0D7-47CB-A439-A042AB864CC2}.Debug|iPhoneSimulator.Build.0 = Debug|Any CPU
		{1549E15A-A0D7-47CB-A439-A042AB864CC2}.Debug|x64.ActiveCfg = Debug|Any CPU
		{1549E15A-A0D7-47CB-A439-A042AB864CC2}.Debug|x64.Build.0 = Debug|Any CPU
		{1549E15A-A0D7-47CB-A439-A042AB864CC2}.Debug|x86.ActiveCfg = Debug|Any CPU
		{1549E15A-A0D7-47CB-A439-A042AB864CC2}.Debug|x86.Build.0 = Debug|Any CPU
		{1549E15A-A0D7-47CB-A439-A042AB864CC2}.Release|Any CPU.ActiveCfg = Release|Any CPU
		{1549E15A-A0D7-47CB-A439-A042AB864CC2}.Release|Any CPU.Build.0 = Release|Any CPU
		{1549E15A-A0D7-47CB-A439-A042AB864CC2}.Release|ARM.ActiveCfg = Release|Any CPU
		{1549E15A-A0D7-47CB-A439-A042AB864CC2}.Release|ARM.Build.0 = Release|Any CPU
		{1549E15A-A0D7-47CB-A439-A042AB864CC2}.Release|iPhone.ActiveCfg = Release|Any CPU
		{1549E15A-A0D7-47CB-A439-A042AB864CC2}.Release|iPhoneSimulator.ActiveCfg = Release|Any CPU
		{1549E15A-A0D7-47CB-A439-A042AB864CC2}.Release|iPhoneSimulator.Build.0 = Release|Any CPU
		{1549E15A-A0D7-47CB-A439-A042AB864CC2}.Release|x64.ActiveCfg = Release|Any CPU
		{1549E15A-A0D7-47CB-A439-A042AB864CC2}.Release|x64.Build.0 = Release|Any CPU
		{1549E15A-A0D7-47CB-A439-A042AB864CC2}.Release|x86.ActiveCfg = Release|Any CPU
		{1549E15A-A0D7-47CB-A439-A042AB864CC2}.Release|x86.Build.0 = Release|Any CPU
		{4DED8B64-10C4-4AF7-AC96-4A255F6D1F58}.Ad-Hoc|Any CPU.ActiveCfg = Release|Any CPU
		{4DED8B64-10C4-4AF7-AC96-4A255F6D1F58}.Ad-Hoc|Any CPU.Build.0 = Release|Any CPU
		{4DED8B64-10C4-4AF7-AC96-4A255F6D1F58}.Ad-Hoc|ARM.ActiveCfg = Release|Any CPU
		{4DED8B64-10C4-4AF7-AC96-4A255F6D1F58}.Ad-Hoc|ARM.Build.0 = Release|Any CPU
		{4DED8B64-10C4-4AF7-AC96-4A255F6D1F58}.Ad-Hoc|iPhone.ActiveCfg = Release|Any CPU
		{4DED8B64-10C4-4AF7-AC96-4A255F6D1F58}.Ad-Hoc|iPhone.Build.0 = Release|Any CPU
		{4DED8B64-10C4-4AF7-AC96-4A255F6D1F58}.Ad-Hoc|iPhoneSimulator.ActiveCfg = Release|Any CPU
		{4DED8B64-10C4-4AF7-AC96-4A255F6D1F58}.Ad-Hoc|iPhoneSimulator.Build.0 = Release|Any CPU
		{4DED8B64-10C4-4AF7-AC96-4A255F6D1F58}.Ad-Hoc|x64.ActiveCfg = Release|Any CPU
		{4DED8B64-10C4-4AF7-AC96-4A255F6D1F58}.Ad-Hoc|x64.Build.0 = Release|Any CPU
		{4DED8B64-10C4-4AF7-AC96-4A255F6D1F58}.Ad-Hoc|x86.ActiveCfg = Release|Any CPU
		{4DED8B64-10C4-4AF7-AC96-4A255F6D1F58}.Ad-Hoc|x86.Build.0 = Release|Any CPU
		{4DED8B64-10C4-4AF7-AC96-4A255F6D1F58}.AppStore|Any CPU.ActiveCfg = Release|Any CPU
		{4DED8B64-10C4-4AF7-AC96-4A255F6D1F58}.AppStore|Any CPU.Build.0 = Release|Any CPU
		{4DED8B64-10C4-4AF7-AC96-4A255F6D1F58}.AppStore|ARM.ActiveCfg = Release|Any CPU
		{4DED8B64-10C4-4AF7-AC96-4A255F6D1F58}.AppStore|ARM.Build.0 = Release|Any CPU
		{4DED8B64-10C4-4AF7-AC96-4A255F6D1F58}.AppStore|iPhone.ActiveCfg = Release|Any CPU
		{4DED8B64-10C4-4AF7-AC96-4A255F6D1F58}.AppStore|iPhone.Build.0 = Release|Any CPU
		{4DED8B64-10C4-4AF7-AC96-4A255F6D1F58}.AppStore|iPhoneSimulator.ActiveCfg = Release|Any CPU
		{4DED8B64-10C4-4AF7-AC96-4A255F6D1F58}.AppStore|iPhoneSimulator.Build.0 = Release|Any CPU
		{4DED8B64-10C4-4AF7-AC96-4A255F6D1F58}.AppStore|x64.ActiveCfg = Release|Any CPU
		{4DED8B64-10C4-4AF7-AC96-4A255F6D1F58}.AppStore|x64.Build.0 = Release|Any CPU
		{4DED8B64-10C4-4AF7-AC96-4A255F6D1F58}.AppStore|x86.ActiveCfg = Release|Any CPU
		{4DED8B64-10C4-4AF7-AC96-4A255F6D1F58}.AppStore|x86.Build.0 = Release|Any CPU
		{4DED8B64-10C4-4AF7-AC96-4A255F6D1F58}.Debug|Any CPU.ActiveCfg = Debug|Any CPU
		{4DED8B64-10C4-4AF7-AC96-4A255F6D1F58}.Debug|Any CPU.Build.0 = Debug|Any CPU
		{4DED8B64-10C4-4AF7-AC96-4A255F6D1F58}.Debug|ARM.ActiveCfg = Debug|Any CPU
		{4DED8B64-10C4-4AF7-AC96-4A255F6D1F58}.Debug|ARM.Build.0 = Debug|Any CPU
		{4DED8B64-10C4-4AF7-AC96-4A255F6D1F58}.Debug|iPhone.ActiveCfg = Debug|Any CPU
		{4DED8B64-10C4-4AF7-AC96-4A255F6D1F58}.Debug|iPhone.Build.0 = Debug|Any CPU
		{4DED8B64-10C4-4AF7-AC96-4A255F6D1F58}.Debug|iPhoneSimulator.ActiveCfg = Debug|Any CPU
		{4DED8B64-10C4-4AF7-AC96-4A255F6D1F58}.Debug|iPhoneSimulator.Build.0 = Debug|Any CPU
		{4DED8B64-10C4-4AF7-AC96-4A255F6D1F58}.Debug|x64.ActiveCfg = Debug|Any CPU
		{4DED8B64-10C4-4AF7-AC96-4A255F6D1F58}.Debug|x64.Build.0 = Debug|Any CPU
		{4DED8B64-10C4-4AF7-AC96-4A255F6D1F58}.Debug|x86.ActiveCfg = Debug|Any CPU
		{4DED8B64-10C4-4AF7-AC96-4A255F6D1F58}.Debug|x86.Build.0 = Debug|Any CPU
		{4DED8B64-10C4-4AF7-AC96-4A255F6D1F58}.Release|Any CPU.ActiveCfg = Release|Any CPU
		{4DED8B64-10C4-4AF7-AC96-4A255F6D1F58}.Release|Any CPU.Build.0 = Release|Any CPU
		{4DED8B64-10C4-4AF7-AC96-4A255F6D1F58}.Release|ARM.ActiveCfg = Release|Any CPU
		{4DED8B64-10C4-4AF7-AC96-4A255F6D1F58}.Release|ARM.Build.0 = Release|Any CPU
		{4DED8B64-10C4-4AF7-AC96-4A255F6D1F58}.Release|iPhone.ActiveCfg = Release|Any CPU
		{4DED8B64-10C4-4AF7-AC96-4A255F6D1F58}.Release|iPhone.Build.0 = Release|Any CPU
		{4DED8B64-10C4-4AF7-AC96-4A255F6D1F58}.Release|iPhoneSimulator.ActiveCfg = Release|Any CPU
		{4DED8B64-10C4-4AF7-AC96-4A255F6D1F58}.Release|iPhoneSimulator.Build.0 = Release|Any CPU
		{4DED8B64-10C4-4AF7-AC96-4A255F6D1F58}.Release|x64.ActiveCfg = Release|Any CPU
		{4DED8B64-10C4-4AF7-AC96-4A255F6D1F58}.Release|x64.Build.0 = Release|Any CPU
		{4DED8B64-10C4-4AF7-AC96-4A255F6D1F58}.Release|x86.ActiveCfg = Release|Any CPU
		{4DED8B64-10C4-4AF7-AC96-4A255F6D1F58}.Release|x86.Build.0 = Release|Any CPU
	EndGlobalSection
	GlobalSection(SolutionProperties) = preSolution
		HideSolutionNode = FALSE
	EndGlobalSection
	GlobalSection(NestedProjects) = preSolution
		{2A0D2A02-4FB7-414D-950D-D56740D649D7} = {CD37B468-EA3D-4E6D-9394-B778BE98E7A3}
		{A7D5E013-C130-4D3F-8D3D-0084CEE6ED91} = {CD37B468-EA3D-4E6D-9394-B778BE98E7A3}
		{B3A3E28B-33E8-4A88-B3EE-14F56E8C6303} = {CD37B468-EA3D-4E6D-9394-B778BE98E7A3}
		{0395637C-EEF1-4B06-9E4F-D340E23BF437} = {CD37B468-EA3D-4E6D-9394-B778BE98E7A3}
		{1549E15A-A0D7-47CB-A439-A042AB864CC2} = {CD37B468-EA3D-4E6D-9394-B778BE98E7A3}
	EndGlobalSection
	GlobalSection(ExtensibilityGlobals) = postSolution
		SolutionGuid = {BF201495-94F4-4997-8038-10A066CE9170}
	EndGlobalSection
EndGlobal
