
Microsoft Visual Studio Solution File, Format Version 12.00
# Visual Studio 15
VisualStudioVersion = 15.0.26730.10
MinimumVisualStudioVersion = 10.0.40219.1


Project("{9A19103F-16F7-4668-BE54-9A1E7A4F7556}") = "BluetoothFormsApp", "BluetoothFormsApp\BluetoothFormsApp\BluetoothFormsApp.csproj", "{F62B8D5F-A04F-4925-BB69-8F28AC88ED90}"
EndProject

Project("{FAE04EC0-301F-11D3-BF4B-00C04F79EFBC}") = "BluetoothFormsApp.iOS", "BluetoothFormsApp\BluetoothFormsApp.iOS\BluetoothFormsApp.iOS.csproj", "{A7D5E013-C130-4D3F-8D3D-0084CEE6ED91}"
EndProject

Project("{FAE04EC0-301F-11D3-BF4B-00C04F79EFBC}") = "BluetoothFormsApp.Android", "BluetoothFormsApp\BluetoothFormsApp.Android\BluetoothFormsApp.Android.csproj", "{2A0D2A02-4FB7-414D-950D-D56740D649D7}"
EndProject

Project("{FAE04EC0-301F-11D3-BF4B-00C04F79EFBC}") = "BluetoothFormsApp.UWP", "BluetoothFormsApp\BluetoothFormsApp.UWP\BluetoothFormsApp.UWP.csproj", "{B3A3E28B-33E8-4A88-B3EE-14F56E8C6303}"
EndProject


Global
	GlobalSection(SolutionConfigurationPlatforms) = preSolution
		Ad-Hoc|Any CPU = Ad-Hoc|Any CPU
		Ad-Hoc|ARM = Ad-Hoc|ARM
		Ad-Hoc|iPhone = Ad-Hoc|iPhone
		Ad-Hoc|iPhoneSimulator = Ad-Hoc|iPhoneSimulator
		Ad-Hoc|x64 = Ad-Hoc|x64
		Ad-Hoc|x86 = Ad-Hoc|x86
		AppStore|Any CPU = AppStore|Any CPU
		AppStore|ARM = AppStore|ARM
		AppStore|iPhone = AppStore|iPhone
		AppStore|iPhoneSimulator = AppStore|iPhoneSimulator
		AppStore|x64 = AppStore|x64
		AppStore|x86 = AppStore|x86
		Debug|Any CPU = Debug|Any CPU
		Debug|ARM = Debug|ARM
		Debug|iPhone = Debug|iPhone
		Debug|iPhoneSimulator = Debug|iPhoneSimulator
		Debug|x64 = Debug|x64
		Debug|x86 = Debug|x86
		Release|Any CPU = Release|Any CPU
		Release|ARM = Release|ARM
		Release|iPhone = Release|iPhone
		Release|iPhoneSimulator = Release|iPhoneSimulator
		Release|x64 = Release|x64
		Release|x86 = Release|x86
	EndGlobalSection
	GlobalSection(ProjectConfigurationPlatforms) = postSolution
		{F62B8D5F-A04F-4925-BB69-8F28AC88ED90}.Ad-Hoc|Any CPU.ActiveCfg = Debug|Any CPU
		{F62B8D5F-A04F-4925-BB69-8F28AC88ED90}.Ad-Hoc|Any CPU.Build.0 = Debug|Any CPU
		{F62B8D5F-A04F-4925-BB69-8F28AC88ED90}.Ad-Hoc|ARM.ActiveCfg = Debug|Any CPU
		{F62B8D5F-A04F-4925-BB69-8F28AC88ED90}.Ad-Hoc|ARM.Build.0 = Debug|Any CPU
		{F62B8D5F-A04F-4925-BB69-8F28AC88ED90}.Ad-Hoc|iPhone.ActiveCfg = Debug|Any CPU
		{F62B8D5F-A04F-4925-BB69-8F28AC88ED90}.Ad-Hoc|iPhone.Build.0 = Debug|Any CPU
		{F62B8D5F-A04F-4925-BB69-8F28AC88ED90}.Ad-Hoc|iPhoneSimulator.ActiveCfg = Debug|Any CPU
		{F62B8D5F-A04F-4925-BB69-8F28AC88ED90}.Ad-Hoc|iPhoneSimulator.Build.0 = Debug|Any CPU
		{F62B8D5F-A04F-4925-BB69-8F28AC88ED90}.Ad-Hoc|x64.ActiveCfg = Debug|Any CPU
		{F62B8D5F-A04F-4925-BB69-8F28AC88ED90}.Ad-Hoc|x64.Build.0 = Debug|Any CPU
		{F62B8D5F-A04F-4925-BB69-8F28AC88ED90}.Ad-Hoc|x86.ActiveCfg = Debug|Any CPU
		{F62B8D5F-A04F-4925-BB69-8F28AC88ED90}.Ad-Hoc|x86.Build.0 = Debug|Any CPU
		{F62B8D5F-A04F-4925-BB69-8F28AC88ED90}.AppStore|Any CPU.ActiveCfg = Debug|Any CPU
		{F62B8D5F-A04F-4925-BB69-8F28AC88ED90}.AppStore|Any CPU.Build.0 = Debug|Any CPU
		{F62B8D5F-A04F-4925-BB69-8F28AC88ED90}.AppStore|ARM.ActiveCfg = Debug|Any CPU
		{F62B8D5F-A04F-4925-BB69-8F28AC88ED90}.AppStore|ARM.Build.0 = Debug|Any CPU
		{F62B8D5F-A04F-4925-BB69-8F28AC88ED90}.AppStore|iPhone.ActiveCfg = Debug|Any CPU
		{F62B8D5F-A04F-4925-BB69-8F28AC88ED90}.AppStore|iPhone.Build.0 = Debug|Any CPU
		{F62B8D5F-A04F-4925-BB69-8F28AC88ED90}.AppStore|iPhoneSimulator.ActiveCfg = Debug|Any CPU
		{F62B8D5F-A04F-4925-BB69-8F28AC88ED90}.AppStore|iPhoneSimulator.Build.0 = Debug|Any CPU
		{F62B8D5F-A04F-4925-BB69-8F28AC88ED90}.AppStore|x64.ActiveCfg = Debug|Any CPU
		{F62B8D5F-A04F-4925-BB69-8F28AC88ED90}.AppStore|x64.Build.0 = Debug|Any CPU
		{F62B8D5F-A04F-4925-BB69-8F28AC88ED90}.AppStore|x86.ActiveCfg = Debug|Any CPU
		{F62B8D5F-A04F-4925-BB69-8F28AC88ED90}.AppStore|x86.Build.0 = Debug|Any CPU
		{F62B8D5F-A04F-4925-BB69-8F28AC88ED90}.Debug|Any CPU.ActiveCfg = Debug|Any CPU
		{F62B8D5F-A04F-4925-BB69-8F28AC88ED90}.Debug|Any CPU.Build.0 = Debug|Any CPU
		{F62B8D5F-A04F-4925-BB69-8F28AC88ED90}.Debug|ARM.ActiveCfg = Debug|Any CPU
		{F62B8D5F-A04F-4925-BB69-8F28AC88ED90}.Debug|ARM.Build.0 = Debug|Any CPU
		{F62B8D5F-A04F-4925-BB69-8F28AC88ED90}.Debug|iPhone.ActiveCfg = Debug|Any CPU
		{F62B8D5F-A04F-4925-BB69-8F28AC88ED90}.Debug|iPhone.Build.0 = Debug|Any CPU
		{F62B8D5F-A04F-4925-BB69-8F28AC88ED90}.Debug|iPhoneSimulator.ActiveCfg = Debug|Any CPU
		{F62B8D5F-A04F-4925-BB69-8F28AC88ED90}.Debug|iPhoneSimulator.Build.0 = Debug|Any CPU
		{F62B8D5F-A04F-4925-BB69-8F28AC88ED90}.Debug|x64.ActiveCfg = Debug|Any CPU
		{F62B8D5F-A04F-4925-BB69-8F28AC88ED90}.Debug|x64.Build.0 = Debug|Any CPU
		{F62B8D5F-A04F-4925-BB69-8F28AC88ED90}.Debug|x86.ActiveCfg = Debug|Any CPU
		{F62B8D5F-A04F-4925-BB69-8F28AC88ED90}.Debug|x86.Build.0 = Debug|Any CPU
		{F62B8D5F-A04F-4925-BB69-8F28AC88ED90}.Release|Any CPU.ActiveCfg = Release|Any CPU
		{F62B8D5F-A04F-4925-BB69-8F28AC88ED90}.Release|Any CPU.Build.0 = Release|Any CPU
		{F62B8D5F-A04F-4925-BB69-8F28AC88ED90}.Release|ARM.ActiveCfg = Release|Any CPU
		{F62B8D5F-A04F-4925-BB69-8F28AC88ED90}.Release|ARM.Build.0 = Release|Any CPU
		{F62B8D5F-A04F-4925-BB69-8F28AC88ED90}.Release|iPhone.ActiveCfg = Release|Any CPU
		{F62B8D5F-A04F-4925-BB69-8F28AC88ED90}.Release|iPhone.Build.0 = Release|Any CPU
		{F62B8D5F-A04F-4925-BB69-8F28AC88ED90}.Release|iPhoneSimulator.ActiveCfg = Release|Any CPU
		{F62B8D5F-A04F-4925-BB69-8F28AC88ED90}.Release|iPhoneSimulator.Build.0 = Release|Any CPU
		{F62B8D5F-A04F-4925-BB69-8F28AC88ED90}.Release|x64.ActiveCfg = Release|Any CPU
		{F62B8D5F-A04F-4925-BB69-8F28AC88ED90}.Release|x64.Build.0 = Release|Any CPU
		{F62B8D5F-A04F-4925-BB69-8F28AC88ED90}.Release|x86.ActiveCfg = Release|Any CPU
		{F62B8D5F-A04F-4925-BB69-8F28AC88ED90}.Release|x86.Build.0 = Release|Any CPU
		{A7D5E013-C130-4D3F-8D3D-0084CEE6ED91}.Ad-Hoc|Any CPU.ActiveCfg = Ad-Hoc|iPhone
		{A7D5E013-C130-4D3F-8D3D-0084CEE6ED91}.Ad-Hoc|ARM.ActiveCfg = Ad-Hoc|iPhone
		{A7D5E013-C130-4D3F-8D3D-0084CEE6ED91}.Ad-Hoc|iPhone.ActiveCfg = Ad-Hoc|iPhone
		{A7D5E013-C130-4D3F-8D3D-0084CEE6ED91}.Ad-Hoc|iPhone.Build.0 = Ad-Hoc|iPhone
		{A7D5E013-C130-4D3F-8D3D-0084CEE6ED91}.Ad-Hoc|iPhoneSimulator.ActiveCfg = Ad-Hoc|iPhoneSimulator
		{A7D5E013-C130-4D3F-8D3D-0084CEE6ED91}.Ad-Hoc|iPhoneSimulator.Build.0 = Ad-Hoc|iPhoneSimulator
		{A7D5E013-C130-4D3F-8D3D-0084CEE6ED91}.Ad-Hoc|x64.ActiveCfg = Ad-Hoc|iPhone
		{A7D5E013-C130-4D3F-8D3D-0084CEE6ED91}.Ad-Hoc|x86.ActiveCfg = Ad-Hoc|iPhone
		{A7D5E013-C130-4D3F-8D3D-0084CEE6ED91}.AppStore|Any CPU.ActiveCfg = AppStore|iPhone
		{A7D5E013-C130-4D3F-8D3D-0084CEE6ED91}.AppStore|ARM.ActiveCfg = AppStore|iPhone
		{A7D5E013-C130-4D3F-8D3D-0084CEE6ED91}.AppStore|iPhone.ActiveCfg = AppStore|iPhone
		{A7D5E013-C130-4D3F-8D3D-0084CEE6ED91}.AppStore|iPhone.Build.0 = AppStore|iPhone
		{A7D5E013-C130-4D3F-8D3D-0084CEE6ED91}.AppStore|iPhoneSimulator.ActiveCfg = AppStore|iPhoneSimulator
		{A7D5E013-C130-4D3F-8D3D-0084CEE6ED91}.AppStore|iPhoneSimulator.Build.0 = AppStore|iPhoneSimulator
		{A7D5E013-C130-4D3F-8D3D-0084CEE6ED91}.AppStore|x64.ActiveCfg = AppStore|iPhone
		{A7D5E013-C130-4D3F-8D3D-0084CEE6ED91}.AppStore|x86.ActiveCfg = AppStore|iPhone
		{A7D5E013-C130-4D3F-8D3D-0084CEE6ED91}.Debug|Any CPU.ActiveCfg = Debug|iPhone
		{A7D5E013-C130-4D3F-8D3D-0084CEE6ED91}.Debug|ARM.ActiveCfg = Debug|iPhone
		{A7D5E013-C130-4D3F-8D3D-0084CEE6ED91}.Debug|iPhone.ActiveCfg = Debug|iPhone
		{A7D5E013-C130-4D3F-8D3D-0084CEE6ED91}.Debug|iPhone.Build.0 = Debug|iPhone
		{A7D5E013-C130-4D3F-8D3D-0084CEE6ED91}.Debug|iPhoneSimulator.ActiveCfg = Debug|iPhoneSimulator
		{A7D5E013-C130-4D3F-8D3D-0084CEE6ED91}.Debug|iPhoneSimulator.Build.0 = Debug|iPhoneSimulator
		{A7D5E013-C130-4D3F-8D3D-0084CEE6ED91}.Debug|x64.ActiveCfg = Debug|iPhone
		{A7D5E013-C130-4D3F-8D3D-0084CEE6ED91}.Debug|x86.ActiveCfg = Debug|iPhone
		{A7D5E013-C130-4D3F-8D3D-0084CEE6ED91}.Release|Any CPU.ActiveCfg = Release|iPhone
		{A7D5E013-C130-4D3F-8D3D-0084CEE6ED91}.Release|ARM.ActiveCfg = Release|iPhone
		{A7D5E013-C130-4D3F-8D3D-0084CEE6ED91}.Release|iPhone.ActiveCfg = Release|iPhone
		{A7D5E013-C130-4D3F-8D3D-0084CEE6ED91}.Release|iPhone.Build.0 = Release|iPhone
		{A7D5E013-C130-4D3F-8D3D-0084CEE6ED91}.Release|iPhoneSimulator.ActiveCfg = Release|iPhoneSimulator
		{A7D5E013-C130-4D3F-8D3D-0084CEE6ED91}.Release|iPhoneSimulator.Build.0 = Release|iPhoneSimulator
		{A7D5E013-C130-4D3F-8D3D-0084CEE6ED91}.Release|x64.ActiveCfg = Release|iPhone
		{A7D5E013-C130-4D3F-8D3D-0084CEE6ED91}.Release|x86.ActiveCfg = Release|iPhone
		{2A0D2A02-4FB7-414D-950D-D56740D649D7}.Ad-Hoc|Any CPU.ActiveCfg = Release|Any CPU
		{2A0D2A02-4FB7-414D-950D-D56740D649D7}.Ad-Hoc|Any CPU.Build.0 = Release|Any CPU
		{2A0D2A02-4FB7-414D-950D-D56740D649D7}.Ad-Hoc|Any CPU.Deploy.0 = Release|Any CPU
		{2A0D2A02-4FB7-414D-950D-D56740D649D7}.Ad-Hoc|ARM.ActiveCfg = Release|Any CPU
		{2A0D2A02-4FB7-414D-950D-D56740D649D7}.Ad-Hoc|ARM.Build.0 = Release|Any CPU
		{2A0D2A02-4FB7-414D-950D-D56740D649D7}.Ad-Hoc|ARM.Deploy.0 = Release|Any CPU
		{2A0D2A02-4FB7-414D-950D-D56740D649D7}.Ad-Hoc|iPhone.ActiveCfg = Release|Any CPU
		{2A0D2A02-4FB7-414D-950D-D56740D649D7}.Ad-Hoc|iPhone.Build.0 = Release|Any CPU
		{2A0D2A02-4FB7-414D-950D-D56740D649D7}.Ad-Hoc|iPhone.Deploy.0 = Release|Any CPU
		{2A0D2A02-4FB7-414D-950D-D56740D649D7}.Ad-Hoc|iPhoneSimulator.ActiveCfg = Release|Any CPU
		{2A0D2A02-4FB7-414D-950D-D56740D649D7}.Ad-Hoc|iPhoneSimulator.Build.0 = Release|Any CPU
		{2A0D2A02-4FB7-414D-950D-D56740D649D7}.Ad-Hoc|iPhoneSimulator.Deploy.0 = Release|Any CPU
		{2A0D2A02-4FB7-414D-950D-D56740D649D7}.Ad-Hoc|x64.ActiveCfg = Release|Any CPU
		{2A0D2A02-4FB7-414D-950D-D56740D649D7}.Ad-Hoc|x64.Build.0 = Release|Any CPU
		{2A0D2A02-4FB7-414D-950D-D56740D649D7}.Ad-Hoc|x64.Deploy.0 = Release|Any CPU
		{2A0D2A02-4FB7-414D-950D-D56740D649D7}.Ad-Hoc|x86.ActiveCfg = Release|Any CPU
		{2A0D2A02-4FB7-414D-950D-D56740D649D7}.Ad-Hoc|x86.Build.0 = Release|Any CPU
		{2A0D2A02-4FB7-414D-950D-D56740D649D7}.Ad-Hoc|x86.Deploy.0 = Release|Any CPU
		{2A0D2A02-4FB7-414D-950D-D56740D649D7}.AppStore|Any CPU.ActiveCfg = Release|Any CPU
		{2A0D2A02-4FB7-414D-950D-D56740D649D7}.AppStore|Any CPU.Build.0 = Release|Any CPU
		{2A0D2A02-4FB7-414D-950D-D56740D649D7}.AppStore|Any CPU.Deploy.0 = Release|Any CPU
		{2A0D2A02-4FB7-414D-950D-D56740D649D7}.AppStore|ARM.ActiveCfg = Release|Any CPU
		{2A0D2A02-4FB7-414D-950D-D56740D649D7}.AppStore|ARM.Build.0 = Release|Any CPU
		{2A0D2A02-4FB7-414D-950D-D56740D649D7}.AppStore|ARM.Deploy.0 = Release|Any CPU
		{2A0D2A02-4FB7-414D-950D-D56740D649D7}.AppStore|iPhone.ActiveCfg = Release|Any CPU
		{2A0D2A02-4FB7-414D-950D-D56740D649D7}.AppStore|iPhone.Build.0 = Release|Any CPU
		{2A0D2A02-4FB7-414D-950D-D56740D649D7}.AppStore|iPhone.Deploy.0 = Release|Any CPU
		{2A0D2A02-4FB7-414D-950D-D56740D649D7}.AppStore|iPhoneSimulator.ActiveCfg = Release|Any CPU
		{2A0D2A02-4FB7-414D-950D-D56740D649D7}.AppStore|iPhoneSimulator.Build.0 = Release|Any CPU
		{2A0D2A02-4FB7-414D-950D-D56740D649D7}.AppStore|iPhoneSimulator.Deploy.0 = Release|Any CPU
		{2A0D2A02-4FB7-414D-950D-D56740D649D7}.AppStore|x64.ActiveCfg = Release|Any CPU
		{2A0D2A02-4FB7-414D-950D-D56740D649D7}.AppStore|x64.Build.0 = Release|Any CPU
		{2A0D2A02-4FB7-414D-950D-D56740D649D7}.AppStore|x64.Deploy.0 = Release|Any CPU
		{2A0D2A02-4FB7-414D-950D-D56740D649D7}.AppStore|x86.ActiveCfg = Release|Any CPU
		{2A0D2A02-4FB7-414D-950D-D56740D649D7}.AppStore|x86.Build.0 = Release|Any CPU
		{2A0D2A02-4FB7-414D-950D-D56740D649D7}.AppStore|x86.Deploy.0 = Release|Any CPU
		{2A0D2A02-4FB7-414D-950D-D56740D649D7}.Debug|Any CPU.ActiveCfg = Debug|Any CPU
		{2A0D2A02-4FB7-414D-950D-D56740D649D7}.Debug|Any CPU.Build.0 = Debug|Any CPU
		{2A0D2A02-4FB7-414D-950D-D56740D649D7}.Debug|Any CPU.Deploy.0 = Debug|Any CPU
		{2A0D2A02-4FB7-414D-950D-D56740D649D7}.Debug|ARM.ActiveCfg = Debug|Any CPU
		{2A0D2A02-4FB7-414D-950D-D56740D649D7}.Debug|ARM.Build.0 = Debug|Any CPU
		{2A0D2A02-4FB7-414D-950D-D56740D649D7}.Debug|ARM.Deploy.0 = Debug|Any CPU
		{2A0D2A02-4FB7-414D-950D-D56740D649D7}.Debug|iPhone.ActiveCfg = Debug|Any CPU
		{2A0D2A02-4FB7-414D-950D-D56740D649D7}.Debug|iPhone.Build.0 = Debug|Any CPU
		{2A0D2A02-4FB7-414D-950D-D56740D649D7}.Debug|iPhone.Deploy.0 = Debug|Any CPU
		{2A0D2A02-4FB7-414D-950D-D56740D649D7}.Debug|iPhoneSimulator.ActiveCfg = Debug|Any CPU
		{2A0D2A02-4FB7-414D-950D-D56740D649D7}.Debug|iPhoneSimulator.Build.0 = Debug|Any CPU
		{2A0D2A02-4FB7-414D-950D-D56740D649D7}.Debug|iPhoneSimulator.Deploy.0 = Debug|Any CPU
		{2A0D2A02-4FB7-414D-950D-D56740D649D7}.Debug|x64.ActiveCfg = Debug|Any CPU
		{2A0D2A02-4FB7-414D-950D-D56740D649D7}.Debug|x64.Build.0 = Debug|Any CPU
		{2A0D2A02-4FB7-414D-950D-D56740D649D7}.Debug|x64.Deploy.0 = Debug|Any CPU
		{2A0D2A02-4FB7-414D-950D-D56740D649D7}.Debug|x86.ActiveCfg = Debug|Any CPU
		{2A0D2A02-4FB7-414D-950D-D56740D649D7}.Debug|x86.Build.0 = Debug|Any CPU
		{2A0D2A02-4FB7-414D-950D-D56740D649D7}.Debug|x86.Deploy.0 = Debug|Any CPU
		{2A0D2A02-4FB7-414D-950D-D56740D649D7}.Release|Any CPU.ActiveCfg = Release|Any CPU
		{2A0D2A02-4FB7-414D-950D-D56740D649D7}.Release|Any CPU.Build.0 = Release|Any CPU
		{2A0D2A02-4FB7-414D-950D-D56740D649D7}.Release|Any CPU.Deploy.0 = Release|Any CPU
		{2A0D2A02-4FB7-414D-950D-D56740D649D7}.Release|ARM.ActiveCfg = Release|Any CPU
		{2A0D2A02-4FB7-414D-950D-D56740D649D7}.Release|ARM.Build.0 = Release|Any CPU
		{2A0D2A02-4FB7-414D-950D-D56740D649D7}.Release|ARM.Deploy.0 = Release|Any CPU
		{2A0D2A02-4FB7-414D-950D-D56740D649D7}.Release|iPhone.ActiveCfg = Release|Any CPU
		{2A0D2A02-4FB7-414D-950D-D56740D649D7}.Release|iPhone.Build.0 = Release|Any CPU
		{2A0D2A02-4FB7-414D-950D-D56740D649D7}.Release|iPhone.Deploy.0 = Release|Any CPU
		{2A0D2A02-4FB7-414D-950D-D56740D649D7}.Release|iPhoneSimulator.ActiveCfg = Release|Any CPU
		{2A0D2A02-4FB7-414D-950D-D56740D649D7}.Release|iPhoneSimulator.Build.0 = Release|Any CPU
		{2A0D2A02-4FB7-414D-950D-D56740D649D7}.Release|iPhoneSimulator.Deploy.0 = Release|Any CPU
		{2A0D2A02-4FB7-414D-950D-D56740D649D7}.Release|x64.ActiveCfg = Release|Any CPU
		{2A0D2A02-4FB7-414D-950D-D56740D649D7}.Release|x64.Build.0 = Release|Any CPU
		{2A0D2A02-4FB7-414D-950D-D56740D649D7}.Release|x64.Deploy.0 = Release|Any CPU
		{2A0D2A02-4FB7-414D-950D-D56740D649D7}.Release|x86.ActiveCfg = Release|Any CPU
		{2A0D2A02-4FB7-414D-950D-D56740D649D7}.Release|x86.Build.0 = Release|Any CPU
		{2A0D2A02-4FB7-414D-950D-D56740D649D7}.Release|x86.Deploy.0 = Release|Any CPU
		{B3A3E28B-33E8-4A88-B3EE-14F56E8C6303}.Ad-Hoc|Any CPU.ActiveCfg = Release|x86
		{B3A3E28B-33E8-4A88-B3EE-14F56E8C6303}.Ad-Hoc|Any CPU.Build.0 = Release|x86
		{B3A3E28B-33E8-4A88-B3EE-14F56E8C6303}.Ad-Hoc|Any CPU.Deploy.0 = Release|x86
		{B3A3E28B-33E8-4A88-B3EE-14F56E8C6303}.Ad-Hoc|ARM.ActiveCfg = Release|ARM
		{B3A3E28B-33E8-4A88-B3EE-14F56E8C6303}.Ad-Hoc|ARM.Build.0 = Release|ARM
		{B3A3E28B-33E8-4A88-B3EE-14F56E8C6303}.Ad-Hoc|ARM.Deploy.0 = Release|ARM
		{B3A3E28B-33E8-4A88-B3EE-14F56E8C6303}.Ad-Hoc|iPhone.ActiveCfg = Release|x86
		{B3A3E28B-33E8-4A88-B3EE-14F56E8C6303}.Ad-Hoc|iPhone.Build.0 = Release|x86
		{B3A3E28B-33E8-4A88-B3EE-14F56E8C6303}.Ad-Hoc|iPhone.Deploy.0 = Release|x86
		{B3A3E28B-33E8-4A88-B3EE-14F56E8C6303}.Ad-Hoc|iPhoneSimulator.ActiveCfg = Release|x86
		{B3A3E28B-33E8-4A88-B3EE-14F56E8C6303}.Ad-Hoc|iPhoneSimulator.Build.0 = Release|x86
		{B3A3E28B-33E8-4A88-B3EE-14F56E8C6303}.Ad-Hoc|iPhoneSimulator.Deploy.0 = Release|x86
		{B3A3E28B-33E8-4A88-B3EE-14F56E8C6303}.Ad-Hoc|x64.ActiveCfg = Release|x64
		{B3A3E28B-33E8-4A88-B3EE-14F56E8C6303}.Ad-Hoc|x64.Build.0 = Release|x64
		{B3A3E28B-33E8-4A88-B3EE-14F56E8C6303}.Ad-Hoc|x64.Deploy.0 = Release|x64
		{B3A3E28B-33E8-4A88-B3EE-14F56E8C6303}.Ad-Hoc|x86.ActiveCfg = Release|x86
		{B3A3E28B-33E8-4A88-B3EE-14F56E8C6303}.Ad-Hoc|x86.Build.0 = Release|x86
		{B3A3E28B-33E8-4A88-B3EE-14F56E8C6303}.Ad-Hoc|x86.Deploy.0 = Release|x86
		{B3A3E28B-33E8-4A88-B3EE-14F56E8C6303}.AppStore|Any CPU.ActiveCfg = Release|x86
		{B3A3E28B-33E8-4A88-B3EE-14F56E8C6303}.AppStore|Any CPU.Build.0 = Release|x86
		{B3A3E28B-33E8-4A88-B3EE-14F56E8C6303}.AppStore|Any CPU.Deploy.0 = Release|x86
		{B3A3E28B-33E8-4A88-B3EE-14F56E8C6303}.AppStore|ARM.ActiveCfg = Release|ARM
		{B3A3E28B-33E8-4A88-B3EE-14F56E8C6303}.AppStore|ARM.Build.0 = Release|ARM
		{B3A3E28B-33E8-4A88-B3EE-14F56E8C6303}.AppStore|ARM.Deploy.0 = Release|ARM
		{B3A3E28B-33E8-4A88-B3EE-14F56E8C6303}.AppStore|iPhone.ActiveCfg = Release|x86
		{B3A3E28B-33E8-4A88-B3EE-14F56E8C6303}.AppStore|iPhone.Build.0 = Release|x86
		{B3A3E28B-33E8-4A88-B3EE-14F56E8C6303}.AppStore|iPhone.Deploy.0 = Release|x86
		{B3A3E28B-33E8-4A88-B3EE-14F56E8C6303}.AppStore|iPhoneSimulator.ActiveCfg = Release|x86
		{B3A3E28B-33E8-4A88-B3EE-14F56E8C6303}.AppStore|iPhoneSimulator.Build.0 = Release|x86
		{B3A3E28B-33E8-4A88-B3EE-14F56E8C6303}.AppStore|iPhoneSimulator.Deploy.0 = Release|x86
		{B3A3E28B-33E8-4A88-B3EE-14F56E8C6303}.AppStore|x64.ActiveCfg = Release|x64
		{B3A3E28B-33E8-4A88-B3EE-14F56E8C6303}.AppStore|x64.Build.0 = Release|x64
		{B3A3E28B-33E8-4A88-B3EE-14F56E8C6303}.AppStore|x64.Deploy.0 = Release|x64
		{B3A3E28B-33E8-4A88-B3EE-14F56E8C6303}.AppStore|x86.ActiveCfg = Release|x86
		{B3A3E28B-33E8-4A88-B3EE-14F56E8C6303}.AppStore|x86.Build.0 = Release|x86
		{B3A3E28B-33E8-4A88-B3EE-14F56E8C6303}.AppStore|x86.Deploy.0 = Release|x86
		{B3A3E28B-33E8-4A88-B3EE-14F56E8C6303}.Debug|Any CPU.ActiveCfg = Debug|x86
		{B3A3E28B-33E8-4A88-B3EE-14F56E8C6303}.Debug|ARM.ActiveCfg = Debug|ARM
		{B3A3E28B-33E8-4A88-B3EE-14F56E8C6303}.Debug|ARM.Build.0 = Debug|ARM
		{B3A3E28B-33E8-4A88-B3EE-14F56E8C6303}.Debug|ARM.Deploy.0 = Debug|ARM
		{B3A3E28B-33E8-4A88-B3EE-14F56E8C6303}.Debug|iPhone.ActiveCfg = Debug|x86
		{B3A3E28B-33E8-4A88-B3EE-14F56E8C6303}.Debug|iPhoneSimulator.ActiveCfg = Debug|x86
		{B3A3E28B-33E8-4A88-B3EE-14F56E8C6303}.Debug|x64.ActiveCfg = Debug|x64
		{B3A3E28B-33E8-4A88-B3EE-14F56E8C6303}.Debug|x64.Build.0 = Debug|x64
		{B3A3E28B-33E8-4A88-B3EE-14F56E8C6303}.Debug|x64.Deploy.0 = Debug|x64
		{B3A3E28B-33E8-4A88-B3EE-14F56E8C6303}.Debug|x86.ActiveCfg = Debug|x86
		{B3A3E28B-33E8-4A88-B3EE-14F56E8C6303}.Debug|x86.Build.0 = Debug|x86
		{B3A3E28B-33E8-4A88-B3EE-14F56E8C6303}.Debug|x86.Deploy.0 = Debug|x86
		{B3A3E28B-33E8-4A88-B3EE-14F56E8C6303}.Release|Any CPU.ActiveCfg = Release|x86
		{B3A3E28B-33E8-4A88-B3EE-14F56E8C6303}.Release|ARM.ActiveCfg = Release|ARM
		{B3A3E28B-33E8-4A88-B3EE-14F56E8C6303}.Release|ARM.Build.0 = Release|ARM
		{B3A3E28B-33E8-4A88-B3EE-14F56E8C6303}.Release|ARM.Deploy.0 = Release|ARM
		{B3A3E28B-33E8-4A88-B3EE-14F56E8C6303}.Release|iPhone.ActiveCfg = Release|x86
		{B3A3E28B-33E8-4A88-B3EE-14F56E8C6303}.Release|iPhoneSimulator.ActiveCfg = Release|x86
		{B3A3E28B-33E8-4A88-B3EE-14F56E8C6303}.Release|x64.ActiveCfg = Release|x64
		{B3A3E28B-33E8-4A88-B3EE-14F56E8C6303}.Release|x64.Build.0 = Release|x64
		{B3A3E28B-33E8-4A88-B3EE-14F56E8C6303}.Release|x64.Deploy.0 = Release|x64
		{B3A3E28B-33E8-4A88-B3EE-14F56E8C6303}.Release|x86.ActiveCfg = Release|x86
		{B3A3E28B-33E8-4A88-B3EE-14F56E8C6303}.Release|x86.Build.0 = Release|x86
		{B3A3E28B-33E8-4A88-B3EE-14F56E8C6303}.Release|x86.Deploy.0 = Release|x86
	EndGlobalSection
	GlobalSection(SolutionProperties) = preSolution
		HideSolutionNode = FALSE
	EndGlobalSection
	GlobalSection(ExtensibilityGlobals) = postSolution
		SolutionGuid = {F6D05029-56B8-4E45-AF2D-0E76295DDBA2}
	EndGlobalSection
EndGlobal
