
Microsoft Visual Studio Solution File, Format Version 12.00
# Visual Studio 15
VisualStudioVersion = 15.0.27130.2026
MinimumVisualStudioVersion = 10.0.40219.1
Project("{FAE04EC0-301F-11D3-BF4B-00C04F79EFBC}") = "InTheHand.Bluetooth", "InTheHand.Bluetooth\InTheHand.Bluetooth.csproj", "{D7C44908-581A-4523-91EC-4079B20E34C7}"
EndProject
Project("{FAE04EC0-301F-11D3-BF4B-00C04F79EFBC}") = "InTheHand.Bluetooth.Win32", "InTheHand.Bluetooth.Win32\InTheHand.Bluetooth.Win32.csproj", "{15851D1E-6757-49EA-9A28-BEBAF5C9A3E0}"
EndProject
Project("{FAE04EC0-301F-11D3-BF4B-00C04F79EFBC}") = "InTheHand.Bluetooth.Android", "InTheHand.Bluetooth.Android\InTheHand.Bluetooth.Android.csproj", "{37A94CE9-B217-4226-82F6-110EC34DA0DA}"
EndProject
Project("{FAE04EC0-301F-11D3-BF4B-00C04F79EFBC}") = "InTheHand.Bluetooth.iOS", "InTheHand.Bluetooth.iOS\InTheHand.Bluetooth.iOS.csproj", "{33149B35-24E1-4F2D-9B8B-1FC89A894DD2}"
EndProject
Project("{FAE04EC0-301F-11D3-BF4B-00C04F79EFBC}") = "InTheHand.Bluetooth.UWP", "InTheHand.Bluetooth.UWP\InTheHand.Bluetooth.UWP.csproj", "{FDAFE908-FF81-43F4-94C0-A403D6A453B2}"
EndProject
Project("{FAE04EC0-301F-11D3-BF4B-00C04F79EFBC}") = "InTheHand.Bluetooth.Mac", "InTheHand.Bluetooth.Mac\InTheHand.Bluetooth.Mac.csproj", "{238A01B7-1AA2-4F62-B5DE-8244ECAC1DD8}"
EndProject
Project("{2150E333-8FDC-42A3-9474-1A3956D46DE8}") = "Samples", "Samples", "{CD37B468-EA3D-4E6D-9394-B778BE98E7A3}"
EndProject
Project("{FAE04EC0-301F-11D3-BF4B-00C04F79EFBC}") = "BluetoothFormsApp.Android", "Samples\BluetoothFormsApp\BluetoothFormsApp.Android\BluetoothFormsApp.Android.csproj", "{2A0D2A02-4FB7-414D-950D-D56740D649D7}"
EndProject
Project("{FAE04EC0-301F-11D3-BF4B-00C04F79EFBC}") = "BluetoothFormsApp.iOS", "Samples\BluetoothFormsApp\BluetoothFormsApp.iOS\BluetoothFormsApp.iOS.csproj", "{A7D5E013-C130-4D3F-8D3D-0084CEE6ED91}"
EndProject
Project("{FAE04EC0-301F-11D3-BF4B-00C04F79EFBC}") = "BluetoothFormsApp.UWP", "Samples\BluetoothFormsApp\BluetoothFormsApp.UWP\BluetoothFormsApp.UWP.csproj", "{B3A3E28B-33E8-4A88-B3EE-14F56E8C6303}"
EndProject
Project("{FAE04EC0-301F-11D3-BF4B-00C04F79EFBC}") = "BluetoothFormsApp", "Samples\BluetoothFormsApp\BluetoothFormsApp\BluetoothFormsApp.csproj", "{0395637C-EEF1-4B06-9E4F-D340E23BF437}"
EndProject
Global
	GlobalSection(SolutionConfigurationPlatforms) = preSolution
		Ad-Hoc|Any CPU = Ad-Hoc|Any CPU
		Ad-Hoc|ARM = Ad-Hoc|ARM
		Ad-Hoc|iPhone = Ad-Hoc|iPhone
		Ad-Hoc|iPhoneSimulator = Ad-Hoc|iPhoneSimulator
		Ad-Hoc|x64 = Ad-Hoc|x64
		Ad-Hoc|x86 = Ad-Hoc|x86
		AppStore|Any CPU = AppStore|Any CPU
		AppStore|ARM = AppStore|ARM
		AppStore|iPhone = AppStore|iPhone
		AppStore|iPhoneSimulator = AppStore|iPhoneSimulator
		AppStore|x64 = AppStore|x64
		AppStore|x86 = AppStore|x86
		Debug|Any CPU = Debug|Any CPU
		Debug|ARM = Debug|ARM
		Debug|iPhone = Debug|iPhone
		Debug|iPhoneSimulator = Debug|iPhoneSimulator
		Debug|x64 = Debug|x64
		Debug|x86 = Debug|x86
		Release|Any CPU = Release|Any CPU
		Release|ARM = Release|ARM
		Release|iPhone = Release|iPhone
		Release|iPhoneSimulator = Release|iPhoneSimulator
		Release|x64 = Release|x64
		Release|x86 = Release|x86
	EndGlobalSection
	GlobalSection(ProjectConfigurationPlatforms) = postSolution
		{D7C44908-581A-4523-91EC-4079B20E34C7}.Ad-Hoc|Any CPU.ActiveCfg = Release|Any CPU
		{D7C44908-581A-4523-91EC-4079B20E34C7}.Ad-Hoc|Any CPU.Build.0 = Release|Any CPU
		{D7C44908-581A-4523-91EC-4079B20E34C7}.Ad-Hoc|ARM.ActiveCfg = Release|Any CPU
		{D7C44908-581A-4523-91EC-4079B20E34C7}.Ad-Hoc|ARM.Build.0 = Release|Any CPU
		{D7C44908-581A-4523-91EC-4079B20E34C7}.Ad-Hoc|iPhone.ActiveCfg = Release|Any CPU
		{D7C44908-581A-4523-91EC-4079B20E34C7}.Ad-Hoc|iPhone.Build.0 = Release|Any CPU
		{D7C44908-581A-4523-91EC-4079B20E34C7}.Ad-Hoc|iPhoneSimulator.ActiveCfg = Release|Any CPU
		{D7C44908-581A-4523-91EC-4079B20E34C7}.Ad-Hoc|iPhoneSimulator.Build.0 = Release|Any CPU
		{D7C44908-581A-4523-91EC-4079B20E34C7}.Ad-Hoc|x64.ActiveCfg = Release|Any CPU
		{D7C44908-581A-4523-91EC-4079B20E34C7}.Ad-Hoc|x64.Build.0 = Release|Any CPU
		{D7C44908-581A-4523-91EC-4079B20E34C7}.Ad-Hoc|x86.ActiveCfg = Release|Any CPU
		{D7C44908-581A-4523-91EC-4079B20E34C7}.Ad-Hoc|x86.Build.0 = Release|Any CPU
		{D7C44908-581A-4523-91EC-4079B20E34C7}.AppStore|Any CPU.ActiveCfg = Release|Any CPU
		{D7C44908-581A-4523-91EC-4079B20E34C7}.AppStore|Any CPU.Build.0 = Release|Any CPU
		{D7C44908-581A-4523-91EC-4079B20E34C7}.AppStore|ARM.ActiveCfg = Release|Any CPU
		{D7C44908-581A-4523-91EC-4079B20E34C7}.AppStore|ARM.Build.0 = Release|Any CPU
		{D7C44908-581A-4523-91EC-4079B20E34C7}.AppStore|iPhone.ActiveCfg = Release|Any CPU
		{D7C44908-581A-4523-91EC-4079B20E34C7}.AppStore|iPhone.Build.0 = Release|Any CPU
		{D7C44908-581A-4523-91EC-4079B20E34C7}.AppStore|iPhoneSimulator.ActiveCfg = Release|Any CPU
		{D7C44908-581A-4523-91EC-4079B20E34C7}.AppStore|iPhoneSimulator.Build.0 = Release|Any CPU
		{D7C44908-581A-4523-91EC-4079B20E34C7}.AppStore|x64.ActiveCfg = Release|Any CPU
		{D7C44908-581A-4523-91EC-4079B20E34C7}.AppStore|x64.Build.0 = Release|Any CPU
		{D7C44908-581A-4523-91EC-4079B20E34C7}.AppStore|x86.ActiveCfg = Release|Any CPU
		{D7C44908-581A-4523-91EC-4079B20E34C7}.AppStore|x86.Build.0 = Release|Any CPU
		{D7C44908-581A-4523-91EC-4079B20E34C7}.Debug|Any CPU.ActiveCfg = Debug|Any CPU
		{D7C44908-581A-4523-91EC-4079B20E34C7}.Debug|Any CPU.Build.0 = Debug|Any CPU
		{D7C44908-581A-4523-91EC-4079B20E34C7}.Debug|ARM.ActiveCfg = Debug|Any CPU
		{D7C44908-581A-4523-91EC-4079B20E34C7}.Debug|ARM.Build.0 = Debug|Any CPU
		{D7C44908-581A-4523-91EC-4079B20E34C7}.Debug|iPhone.ActiveCfg = Debug|Any CPU
		{D7C44908-581A-4523-91EC-4079B20E34C7}.Debug|iPhone.Build.0 = Debug|Any CPU
		{D7C44908-581A-4523-91EC-4079B20E34C7}.Debug|iPhoneSimulator.ActiveCfg = Debug|Any CPU
		{D7C44908-581A-4523-91EC-4079B20E34C7}.Debug|iPhoneSimulator.Build.0 = Debug|Any CPU
		{D7C44908-581A-4523-91EC-4079B20E34C7}.Debug|x64.ActiveCfg = Debug|Any CPU
		{D7C44908-581A-4523-91EC-4079B20E34C7}.Debug|x64.Build.0 = Debug|Any CPU
		{D7C44908-581A-4523-91EC-4079B20E34C7}.Debug|x86.ActiveCfg = Debug|Any CPU
		{D7C44908-581A-4523-91EC-4079B20E34C7}.Debug|x86.Build.0 = Debug|Any CPU
		{D7C44908-581A-4523-91EC-4079B20E34C7}.Release|Any CPU.ActiveCfg = Release|Any CPU
		{D7C44908-581A-4523-91EC-4079B20E34C7}.Release|Any CPU.Build.0 = Release|Any CPU
		{D7C44908-581A-4523-91EC-4079B20E34C7}.Release|ARM.ActiveCfg = Release|Any CPU
		{D7C44908-581A-4523-91EC-4079B20E34C7}.Release|ARM.Build.0 = Release|Any CPU
		{D7C44908-581A-4523-91EC-4079B20E34C7}.Release|iPhone.ActiveCfg = Release|Any CPU
		{D7C44908-581A-4523-91EC-4079B20E34C7}.Release|iPhone.Build.0 = Release|Any CPU
		{D7C44908-581A-4523-91EC-4079B20E34C7}.Release|iPhoneSimulator.ActiveCfg = Release|Any CPU
		{D7C44908-581A-4523-91EC-4079B20E34C7}.Release|iPhoneSimulator.Build.0 = Release|Any CPU
		{D7C44908-581A-4523-91EC-4079B20E34C7}.Release|x64.ActiveCfg = Release|Any CPU
		{D7C44908-581A-4523-91EC-4079B20E34C7}.Release|x64.Build.0 = Release|Any CPU
		{D7C44908-581A-4523-91EC-4079B20E34C7}.Release|x86.ActiveCfg = Release|Any CPU
		{D7C44908-581A-4523-91EC-4079B20E34C7}.Release|x86.Build.0 = Release|Any CPU
		{15851D1E-6757-49EA-9A28-BEBAF5C9A3E0}.Ad-Hoc|Any CPU.ActiveCfg = Release|Any CPU
		{15851D1E-6757-49EA-9A28-BEBAF5C9A3E0}.Ad-Hoc|Any CPU.Build.0 = Release|Any CPU
		{15851D1E-6757-49EA-9A28-BEBAF5C9A3E0}.Ad-Hoc|ARM.ActiveCfg = Release|Any CPU
		{15851D1E-6757-49EA-9A28-BEBAF5C9A3E0}.Ad-Hoc|ARM.Build.0 = Release|Any CPU
		{15851D1E-6757-49EA-9A28-BEBAF5C9A3E0}.Ad-Hoc|iPhone.ActiveCfg = Release|Any CPU
		{15851D1E-6757-49EA-9A28-BEBAF5C9A3E0}.Ad-Hoc|iPhone.Build.0 = Release|Any CPU
		{15851D1E-6757-49EA-9A28-BEBAF5C9A3E0}.Ad-Hoc|iPhoneSimulator.ActiveCfg = Release|Any CPU
		{15851D1E-6757-49EA-9A28-BEBAF5C9A3E0}.Ad-Hoc|iPhoneSimulator.Build.0 = Release|Any CPU
		{15851D1E-6757-49EA-9A28-BEBAF5C9A3E0}.Ad-Hoc|x64.ActiveCfg = Release|Any CPU
		{15851D1E-6757-49EA-9A28-BEBAF5C9A3E0}.Ad-Hoc|x64.Build.0 = Release|Any CPU
		{15851D1E-6757-49EA-9A28-BEBAF5C9A3E0}.Ad-Hoc|x86.ActiveCfg = Release|Any CPU
		{15851D1E-6757-49EA-9A28-BEBAF5C9A3E0}.Ad-Hoc|x86.Build.0 = Release|Any CPU
		{15851D1E-6757-49EA-9A28-BEBAF5C9A3E0}.AppStore|Any CPU.ActiveCfg = Release|Any CPU
		{15851D1E-6757-49EA-9A28-BEBAF5C9A3E0}.AppStore|Any CPU.Build.0 = Release|Any CPU
		{15851D1E-6757-49EA-9A28-BEBAF5C9A3E0}.AppStore|ARM.ActiveCfg = Release|Any CPU
		{15851D1E-6757-49EA-9A28-BEBAF5C9A3E0}.AppStore|ARM.Build.0 = Release|Any CPU
		{15851D1E-6757-49EA-9A28-BEBAF5C9A3E0}.AppStore|iPhone.ActiveCfg = Release|Any CPU
		{15851D1E-6757-49EA-9A28-BEBAF5C9A3E0}.AppStore|iPhone.Build.0 = Release|Any CPU
		{15851D1E-6757-49EA-9A28-BEBAF5C9A3E0}.AppStore|iPhoneSimulator.ActiveCfg = Release|Any CPU
		{15851D1E-6757-49EA-9A28-BEBAF5C9A3E0}.AppStore|iPhoneSimulator.Build.0 = Release|Any CPU
		{15851D1E-6757-49EA-9A28-BEBAF5C9A3E0}.AppStore|x64.ActiveCfg = Release|Any CPU
		{15851D1E-6757-49EA-9A28-BEBAF5C9A3E0}.AppStore|x64.Build.0 = Release|Any CPU
		{15851D1E-6757-49EA-9A28-BEBAF5C9A3E0}.AppStore|x86.ActiveCfg = Release|Any CPU
		{15851D1E-6757-49EA-9A28-BEBAF5C9A3E0}.AppStore|x86.Build.0 = Release|Any CPU
		{15851D1E-6757-49EA-9A28-BEBAF5C9A3E0}.Debug|Any CPU.ActiveCfg = Debug|Any CPU
		{15851D1E-6757-49EA-9A28-BEBAF5C9A3E0}.Debug|Any CPU.Build.0 = Debug|Any CPU
		{15851D1E-6757-49EA-9A28-BEBAF5C9A3E0}.Debug|ARM.ActiveCfg = Debug|Any CPU
		{15851D1E-6757-49EA-9A28-BEBAF5C9A3E0}.Debug|ARM.Build.0 = Debug|Any CPU
		{15851D1E-6757-49EA-9A28-BEBAF5C9A3E0}.Debug|iPhone.ActiveCfg = Debug|Any CPU
		{15851D1E-6757-49EA-9A28-BEBAF5C9A3E0}.Debug|iPhone.Build.0 = Debug|Any CPU
		{15851D1E-6757-49EA-9A28-BEBAF5C9A3E0}.Debug|iPhoneSimulator.ActiveCfg = Debug|Any CPU
		{15851D1E-6757-49EA-9A28-BEBAF5C9A3E0}.Debug|iPhoneSimulator.Build.0 = Debug|Any CPU
		{15851D1E-6757-49EA-9A28-BEBAF5C9A3E0}.Debug|x64.ActiveCfg = Debug|Any CPU
		{15851D1E-6757-49EA-9A28-BEBAF5C9A3E0}.Debug|x64.Build.0 = Debug|Any CPU
		{15851D1E-6757-49EA-9A28-BEBAF5C9A3E0}.Debug|x86.ActiveCfg = Debug|Any CPU
		{15851D1E-6757-49EA-9A28-BEBAF5C9A3E0}.Debug|x86.Build.0 = Debug|Any CPU
		{15851D1E-6757-49EA-9A28-BEBAF5C9A3E0}.Release|Any CPU.ActiveCfg = Release|Any CPU
		{15851D1E-6757-49EA-9A28-BEBAF5C9A3E0}.Release|Any CPU.Build.0 = Release|Any CPU
		{15851D1E-6757-49EA-9A28-BEBAF5C9A3E0}.Release|ARM.ActiveCfg = Release|Any CPU
		{15851D1E-6757-49EA-9A28-BEBAF5C9A3E0}.Release|ARM.Build.0 = Release|Any CPU
		{15851D1E-6757-49EA-9A28-BEBAF5C9A3E0}.Release|iPhone.ActiveCfg = Release|Any CPU
		{15851D1E-6757-49EA-9A28-BEBAF5C9A3E0}.Release|iPhone.Build.0 = Release|Any CPU
		{15851D1E-6757-49EA-9A28-BEBAF5C9A3E0}.Release|iPhoneSimulator.ActiveCfg = Release|Any CPU
		{15851D1E-6757-49EA-9A28-BEBAF5C9A3E0}.Release|iPhoneSimulator.Build.0 = Release|Any CPU
		{15851D1E-6757-49EA-9A28-BEBAF5C9A3E0}.Release|x64.ActiveCfg = Release|Any CPU
		{15851D1E-6757-49EA-9A28-BEBAF5C9A3E0}.Release|x64.Build.0 = Release|Any CPU
		{15851D1E-6757-49EA-9A28-BEBAF5C9A3E0}.Release|x86.ActiveCfg = Release|Any CPU
		{15851D1E-6757-49EA-9A28-BEBAF5C9A3E0}.Release|x86.Build.0 = Release|Any CPU
		{37A94CE9-B217-4226-82F6-110EC34DA0DA}.Ad-Hoc|Any CPU.ActiveCfg = Release|Any CPU
		{37A94CE9-B217-4226-82F6-110EC34DA0DA}.Ad-Hoc|Any CPU.Build.0 = Release|Any CPU
		{37A94CE9-B217-4226-82F6-110EC34DA0DA}.Ad-Hoc|ARM.ActiveCfg = Release|Any CPU
		{37A94CE9-B217-4226-82F6-110EC34DA0DA}.Ad-Hoc|ARM.Build.0 = Release|Any CPU
		{37A94CE9-B217-4226-82F6-110EC34DA0DA}.Ad-Hoc|iPhone.ActiveCfg = Release|Any CPU
		{37A94CE9-B217-4226-82F6-110EC34DA0DA}.Ad-Hoc|iPhone.Build.0 = Release|Any CPU
		{37A94CE9-B217-4226-82F6-110EC34DA0DA}.Ad-Hoc|iPhoneSimulator.ActiveCfg = Release|Any CPU
		{37A94CE9-B217-4226-82F6-110EC34DA0DA}.Ad-Hoc|iPhoneSimulator.Build.0 = Release|Any CPU
		{37A94CE9-B217-4226-82F6-110EC34DA0DA}.Ad-Hoc|x64.ActiveCfg = Release|Any CPU
		{37A94CE9-B217-4226-82F6-110EC34DA0DA}.Ad-Hoc|x64.Build.0 = Release|Any CPU
		{37A94CE9-B217-4226-82F6-110EC34DA0DA}.Ad-Hoc|x86.ActiveCfg = Release|Any CPU
		{37A94CE9-B217-4226-82F6-110EC34DA0DA}.Ad-Hoc|x86.Build.0 = Release|Any CPU
		{37A94CE9-B217-4226-82F6-110EC34DA0DA}.AppStore|Any CPU.ActiveCfg = Release|Any CPU
		{37A94CE9-B217-4226-82F6-110EC34DA0DA}.AppStore|Any CPU.Build.0 = Release|Any CPU
		{37A94CE9-B217-4226-82F6-110EC34DA0DA}.AppStore|ARM.ActiveCfg = Release|Any CPU
		{37A94CE9-B217-4226-82F6-110EC34DA0DA}.AppStore|ARM.Build.0 = Release|Any CPU
		{37A94CE9-B217-4226-82F6-110EC34DA0DA}.AppStore|iPhone.ActiveCfg = Release|Any CPU
		{37A94CE9-B217-4226-82F6-110EC34DA0DA}.AppStore|iPhone.Build.0 = Release|Any CPU
		{37A94CE9-B217-4226-82F6-110EC34DA0DA}.AppStore|iPhoneSimulator.ActiveCfg = Release|Any CPU
		{37A94CE9-B217-4226-82F6-110EC34DA0DA}.AppStore|iPhoneSimulator.Build.0 = Release|Any CPU
		{37A94CE9-B217-4226-82F6-110EC34DA0DA}.AppStore|x64.ActiveCfg = Release|Any CPU
		{37A94CE9-B217-4226-82F6-110EC34DA0DA}.AppStore|x64.Build.0 = Release|Any CPU
		{37A94CE9-B217-4226-82F6-110EC34DA0DA}.AppStore|x86.ActiveCfg = Release|Any CPU
		{37A94CE9-B217-4226-82F6-110EC34DA0DA}.AppStore|x86.Build.0 = Release|Any CPU
		{37A94CE9-B217-4226-82F6-110EC34DA0DA}.Debug|Any CPU.ActiveCfg = Debug|Any CPU
		{37A94CE9-B217-4226-82F6-110EC34DA0DA}.Debug|Any CPU.Build.0 = Debug|Any CPU
		{37A94CE9-B217-4226-82F6-110EC34DA0DA}.Debug|ARM.ActiveCfg = Debug|Any CPU
		{37A94CE9-B217-4226-82F6-110EC34DA0DA}.Debug|ARM.Build.0 = Debug|Any CPU
		{37A94CE9-B217-4226-82F6-110EC34DA0DA}.Debug|iPhone.ActiveCfg = Debug|Any CPU
		{37A94CE9-B217-4226-82F6-110EC34DA0DA}.Debug|iPhone.Build.0 = Debug|Any CPU
		{37A94CE9-B217-4226-82F6-110EC34DA0DA}.Debug|iPhoneSimulator.ActiveCfg = Debug|Any CPU
		{37A94CE9-B217-4226-82F6-110EC34DA0DA}.Debug|iPhoneSimulator.Build.0 = Debug|Any CPU
		{37A94CE9-B217-4226-82F6-110EC34DA0DA}.Debug|x64.ActiveCfg = Debug|Any CPU
		{37A94CE9-B217-4226-82F6-110EC34DA0DA}.Debug|x64.Build.0 = Debug|Any CPU
		{37A94CE9-B217-4226-82F6-110EC34DA0DA}.Debug|x86.ActiveCfg = Debug|Any CPU
		{37A94CE9-B217-4226-82F6-110EC34DA0DA}.Debug|x86.Build.0 = Debug|Any CPU
		{37A94CE9-B217-4226-82F6-110EC34DA0DA}.Release|Any CPU.ActiveCfg = Release|Any CPU
		{37A94CE9-B217-4226-82F6-110EC34DA0DA}.Release|Any CPU.Build.0 = Release|Any CPU
		{37A94CE9-B217-4226-82F6-110EC34DA0DA}.Release|ARM.ActiveCfg = Release|Any CPU
		{37A94CE9-B217-4226-82F6-110EC34DA0DA}.Release|ARM.Build.0 = Release|Any CPU
		{37A94CE9-B217-4226-82F6-110EC34DA0DA}.Release|iPhone.ActiveCfg = Release|Any CPU
		{37A94CE9-B217-4226-82F6-110EC34DA0DA}.Release|iPhone.Build.0 = Release|Any CPU
		{37A94CE9-B217-4226-82F6-110EC34DA0DA}.Release|iPhoneSimulator.ActiveCfg = Release|Any CPU
		{37A94CE9-B217-4226-82F6-110EC34DA0DA}.Release|iPhoneSimulator.Build.0 = Release|Any CPU
		{37A94CE9-B217-4226-82F6-110EC34DA0DA}.Release|x64.ActiveCfg = Release|Any CPU
		{37A94CE9-B217-4226-82F6-110EC34DA0DA}.Release|x64.Build.0 = Release|Any CPU
		{37A94CE9-B217-4226-82F6-110EC34DA0DA}.Release|x86.ActiveCfg = Release|Any CPU
		{37A94CE9-B217-4226-82F6-110EC34DA0DA}.Release|x86.Build.0 = Release|Any CPU
		{33149B35-24E1-4F2D-9B8B-1FC89A894DD2}.Ad-Hoc|Any CPU.ActiveCfg = Release|Any CPU
		{33149B35-24E1-4F2D-9B8B-1FC89A894DD2}.Ad-Hoc|Any CPU.Build.0 = Release|Any CPU
		{33149B35-24E1-4F2D-9B8B-1FC89A894DD2}.Ad-Hoc|ARM.ActiveCfg = Release|Any CPU
		{33149B35-24E1-4F2D-9B8B-1FC89A894DD2}.Ad-Hoc|ARM.Build.0 = Release|Any CPU
		{33149B35-24E1-4F2D-9B8B-1FC89A894DD2}.Ad-Hoc|iPhone.ActiveCfg = Release|Any CPU
		{33149B35-24E1-4F2D-9B8B-1FC89A894DD2}.Ad-Hoc|iPhone.Build.0 = Release|Any CPU
		{33149B35-24E1-4F2D-9B8B-1FC89A894DD2}.Ad-Hoc|iPhoneSimulator.ActiveCfg = Release|Any CPU
		{33149B35-24E1-4F2D-9B8B-1FC89A894DD2}.Ad-Hoc|iPhoneSimulator.Build.0 = Release|Any CPU
		{33149B35-24E1-4F2D-9B8B-1FC89A894DD2}.Ad-Hoc|x64.ActiveCfg = Release|Any CPU
		{33149B35-24E1-4F2D-9B8B-1FC89A894DD2}.Ad-Hoc|x64.Build.0 = Release|Any CPU
		{33149B35-24E1-4F2D-9B8B-1FC89A894DD2}.Ad-Hoc|x86.ActiveCfg = Release|Any CPU
		{33149B35-24E1-4F2D-9B8B-1FC89A894DD2}.Ad-Hoc|x86.Build.0 = Release|Any CPU
		{33149B35-24E1-4F2D-9B8B-1FC89A894DD2}.AppStore|Any CPU.ActiveCfg = Release|Any CPU
		{33149B35-24E1-4F2D-9B8B-1FC89A894DD2}.AppStore|Any CPU.Build.0 = Release|Any CPU
		{33149B35-24E1-4F2D-9B8B-1FC89A894DD2}.AppStore|ARM.ActiveCfg = Release|Any CPU
		{33149B35-24E1-4F2D-9B8B-1FC89A894DD2}.AppStore|ARM.Build.0 = Release|Any CPU
		{33149B35-24E1-4F2D-9B8B-1FC89A894DD2}.AppStore|iPhone.ActiveCfg = Release|Any CPU
		{33149B35-24E1-4F2D-9B8B-1FC89A894DD2}.AppStore|iPhone.Build.0 = Release|Any CPU
		{33149B35-24E1-4F2D-9B8B-1FC89A894DD2}.AppStore|iPhoneSimulator.ActiveCfg = Release|Any CPU
		{33149B35-24E1-4F2D-9B8B-1FC89A894DD2}.AppStore|iPhoneSimulator.Build.0 = Release|Any CPU
		{33149B35-24E1-4F2D-9B8B-1FC89A894DD2}.AppStore|x64.ActiveCfg = Release|Any CPU
		{33149B35-24E1-4F2D-9B8B-1FC89A894DD2}.AppStore|x64.Build.0 = Release|Any CPU
		{33149B35-24E1-4F2D-9B8B-1FC89A894DD2}.AppStore|x86.ActiveCfg = Release|Any CPU
		{33149B35-24E1-4F2D-9B8B-1FC89A894DD2}.AppStore|x86.Build.0 = Release|Any CPU
		{33149B35-24E1-4F2D-9B8B-1FC89A894DD2}.Debug|Any CPU.ActiveCfg = Debug|Any CPU
		{33149B35-24E1-4F2D-9B8B-1FC89A894DD2}.Debug|Any CPU.Build.0 = Debug|Any CPU
		{33149B35-24E1-4F2D-9B8B-1FC89A894DD2}.Debug|ARM.ActiveCfg = Debug|Any CPU
		{33149B35-24E1-4F2D-9B8B-1FC89A894DD2}.Debug|ARM.Build.0 = Debug|Any CPU
		{33149B35-24E1-4F2D-9B8B-1FC89A894DD2}.Debug|iPhone.ActiveCfg = Debug|Any CPU
		{33149B35-24E1-4F2D-9B8B-1FC89A894DD2}.Debug|iPhone.Build.0 = Debug|Any CPU
		{33149B35-24E1-4F2D-9B8B-1FC89A894DD2}.Debug|iPhoneSimulator.ActiveCfg = Debug|Any CPU
		{33149B35-24E1-4F2D-9B8B-1FC89A894DD2}.Debug|iPhoneSimulator.Build.0 = Debug|Any CPU
		{33149B35-24E1-4F2D-9B8B-1FC89A894DD2}.Debug|x64.ActiveCfg = Debug|Any CPU
		{33149B35-24E1-4F2D-9B8B-1FC89A894DD2}.Debug|x64.Build.0 = Debug|Any CPU
		{33149B35-24E1-4F2D-9B8B-1FC89A894DD2}.Debug|x86.ActiveCfg = Debug|Any CPU
		{33149B35-24E1-4F2D-9B8B-1FC89A894DD2}.Debug|x86.Build.0 = Debug|Any CPU
		{33149B35-24E1-4F2D-9B8B-1FC89A894DD2}.Release|Any CPU.ActiveCfg = Release|Any CPU
		{33149B35-24E1-4F2D-9B8B-1FC89A894DD2}.Release|Any CPU.Build.0 = Release|Any CPU
		{33149B35-24E1-4F2D-9B8B-1FC89A894DD2}.Release|ARM.ActiveCfg = Release|Any CPU
		{33149B35-24E1-4F2D-9B8B-1FC89A894DD2}.Release|ARM.Build.0 = Release|Any CPU
		{33149B35-24E1-4F2D-9B8B-1FC89A894DD2}.Release|iPhone.ActiveCfg = Release|Any CPU
		{33149B35-24E1-4F2D-9B8B-1FC89A894DD2}.Release|iPhone.Build.0 = Release|Any CPU
		{33149B35-24E1-4F2D-9B8B-1FC89A894DD2}.Release|iPhoneSimulator.ActiveCfg = Release|Any CPU
		{33149B35-24E1-4F2D-9B8B-1FC89A894DD2}.Release|iPhoneSimulator.Build.0 = Release|Any CPU
		{33149B35-24E1-4F2D-9B8B-1FC89A894DD2}.Release|x64.ActiveCfg = Release|Any CPU
		{33149B35-24E1-4F2D-9B8B-1FC89A894DD2}.Release|x64.Build.0 = Release|Any CPU
		{33149B35-24E1-4F2D-9B8B-1FC89A894DD2}.Release|x86.ActiveCfg = Release|Any CPU
		{33149B35-24E1-4F2D-9B8B-1FC89A894DD2}.Release|x86.Build.0 = Release|Any CPU
		{FDAFE908-FF81-43F4-94C0-A403D6A453B2}.Ad-Hoc|Any CPU.ActiveCfg = Release|Any CPU
		{FDAFE908-FF81-43F4-94C0-A403D6A453B2}.Ad-Hoc|Any CPU.Build.0 = Release|Any CPU
		{FDAFE908-FF81-43F4-94C0-A403D6A453B2}.Ad-Hoc|ARM.ActiveCfg = Release|ARM
		{FDAFE908-FF81-43F4-94C0-A403D6A453B2}.Ad-Hoc|ARM.Build.0 = Release|ARM
		{FDAFE908-FF81-43F4-94C0-A403D6A453B2}.Ad-Hoc|iPhone.ActiveCfg = Release|Any CPU
		{FDAFE908-FF81-43F4-94C0-A403D6A453B2}.Ad-Hoc|iPhone.Build.0 = Release|Any CPU
		{FDAFE908-FF81-43F4-94C0-A403D6A453B2}.Ad-Hoc|iPhoneSimulator.ActiveCfg = Release|Any CPU
		{FDAFE908-FF81-43F4-94C0-A403D6A453B2}.Ad-Hoc|iPhoneSimulator.Build.0 = Release|Any CPU
		{FDAFE908-FF81-43F4-94C0-A403D6A453B2}.Ad-Hoc|x64.ActiveCfg = Release|x64
		{FDAFE908-FF81-43F4-94C0-A403D6A453B2}.Ad-Hoc|x64.Build.0 = Release|x64
		{FDAFE908-FF81-43F4-94C0-A403D6A453B2}.Ad-Hoc|x86.ActiveCfg = Release|x86
		{FDAFE908-FF81-43F4-94C0-A403D6A453B2}.Ad-Hoc|x86.Build.0 = Release|x86
		{FDAFE908-FF81-43F4-94C0-A403D6A453B2}.AppStore|Any CPU.ActiveCfg = Release|Any CPU
		{FDAFE908-FF81-43F4-94C0-A403D6A453B2}.AppStore|Any CPU.Build.0 = Release|Any CPU
		{FDAFE908-FF81-43F4-94C0-A403D6A453B2}.AppStore|ARM.ActiveCfg = Release|ARM
		{FDAFE908-FF81-43F4-94C0-A403D6A453B2}.AppStore|ARM.Build.0 = Release|ARM
		{FDAFE908-FF81-43F4-94C0-A403D6A453B2}.AppStore|iPhone.ActiveCfg = Release|Any CPU
		{FDAFE908-FF81-43F4-94C0-A403D6A453B2}.AppStore|iPhone.Build.0 = Release|Any CPU
		{FDAFE908-FF81-43F4-94C0-A403D6A453B2}.AppStore|iPhoneSimulator.ActiveCfg = Release|Any CPU
		{FDAFE908-FF81-43F4-94C0-A403D6A453B2}.AppStore|iPhoneSimulator.Build.0 = Release|Any CPU
		{FDAFE908-FF81-43F4-94C0-A403D6A453B2}.AppStore|x64.ActiveCfg = Release|x64
		{FDAFE908-FF81-43F4-94C0-A403D6A453B2}.AppStore|x64.Build.0 = Release|x64
		{FDAFE908-FF81-43F4-94C0-A403D6A453B2}.AppStore|x86.ActiveCfg = Release|x86
		{FDAFE908-FF81-43F4-94C0-A403D6A453B2}.AppStore|x86.Build.0 = Release|x86
		{FDAFE908-FF81-43F4-94C0-A403D6A453B2}.Debug|Any CPU.ActiveCfg = Debug|Any CPU
		{FDAFE908-FF81-43F4-94C0-A403D6A453B2}.Debug|Any CPU.Build.0 = Debug|Any CPU
		{FDAFE908-FF81-43F4-94C0-A403D6A453B2}.Debug|ARM.ActiveCfg = Debug|ARM
		{FDAFE908-FF81-43F4-94C0-A403D6A453B2}.Debug|ARM.Build.0 = Debug|ARM
		{FDAFE908-FF81-43F4-94C0-A403D6A453B2}.Debug|iPhone.ActiveCfg = Debug|Any CPU
		{FDAFE908-FF81-43F4-94C0-A403D6A453B2}.Debug|iPhone.Build.0 = Debug|Any CPU
		{FDAFE908-FF81-43F4-94C0-A403D6A453B2}.Debug|iPhoneSimulator.ActiveCfg = Debug|Any CPU
		{FDAFE908-FF81-43F4-94C0-A403D6A453B2}.Debug|iPhoneSimulator.Build.0 = Debug|Any CPU
		{FDAFE908-FF81-43F4-94C0-A403D6A453B2}.Debug|x64.ActiveCfg = Debug|x64
		{FDAFE908-FF81-43F4-94C0-A403D6A453B2}.Debug|x64.Build.0 = Debug|x64
		{FDAFE908-FF81-43F4-94C0-A403D6A453B2}.Debug|x86.ActiveCfg = Debug|x86
		{FDAFE908-FF81-43F4-94C0-A403D6A453B2}.Debug|x86.Build.0 = Debug|x86
		{FDAFE908-FF81-43F4-94C0-A403D6A453B2}.Release|Any CPU.ActiveCfg = Release|Any CPU
		{FDAFE908-FF81-43F4-94C0-A403D6A453B2}.Release|Any CPU.Build.0 = Release|Any CPU
		{FDAFE908-FF81-43F4-94C0-A403D6A453B2}.Release|ARM.ActiveCfg = Release|ARM
		{FDAFE908-FF81-43F4-94C0-A403D6A453B2}.Release|ARM.Build.0 = Release|ARM
		{FDAFE908-FF81-43F4-94C0-A403D6A453B2}.Release|iPhone.ActiveCfg = Release|Any CPU
		{FDAFE908-FF81-43F4-94C0-A403D6A453B2}.Release|iPhone.Build.0 = Release|Any CPU
		{FDAFE908-FF81-43F4-94C0-A403D6A453B2}.Release|iPhoneSimulator.ActiveCfg = Release|Any CPU
		{FDAFE908-FF81-43F4-94C0-A403D6A453B2}.Release|iPhoneSimulator.Build.0 = Release|Any CPU
		{FDAFE908-FF81-43F4-94C0-A403D6A453B2}.Release|x64.ActiveCfg = Release|x64
		{FDAFE908-FF81-43F4-94C0-A403D6A453B2}.Release|x64.Build.0 = Release|x64
		{FDAFE908-FF81-43F4-94C0-A403D6A453B2}.Release|x86.ActiveCfg = Release|x86
		{FDAFE908-FF81-43F4-94C0-A403D6A453B2}.Release|x86.Build.0 = Release|x86
		{2A0D2A02-4FB7-414D-950D-D56740D649D7}.Ad-Hoc|Any CPU.ActiveCfg = Release|Any CPU
		{2A0D2A02-4FB7-414D-950D-D56740D649D7}.Ad-Hoc|Any CPU.Build.0 = Release|Any CPU
		{2A0D2A02-4FB7-414D-950D-D56740D649D7}.Ad-Hoc|Any CPU.Deploy.0 = Release|Any CPU
		{2A0D2A02-4FB7-414D-950D-D56740D649D7}.Ad-Hoc|ARM.ActiveCfg = Release|Any CPU
		{2A0D2A02-4FB7-414D-950D-D56740D649D7}.Ad-Hoc|ARM.Build.0 = Release|Any CPU
		{2A0D2A02-4FB7-414D-950D-D56740D649D7}.Ad-Hoc|ARM.Deploy.0 = Release|Any CPU
		{2A0D2A02-4FB7-414D-950D-D56740D649D7}.Ad-Hoc|iPhone.ActiveCfg = Release|Any CPU
		{2A0D2A02-4FB7-414D-950D-D56740D649D7}.Ad-Hoc|iPhone.Build.0 = Release|Any CPU
		{2A0D2A02-4FB7-414D-950D-D56740D649D7}.Ad-Hoc|iPhone.Deploy.0 = Release|Any CPU
		{2A0D2A02-4FB7-414D-950D-D56740D649D7}.Ad-Hoc|iPhoneSimulator.ActiveCfg = Release|Any CPU
		{2A0D2A02-4FB7-414D-950D-D56740D649D7}.Ad-Hoc|iPhoneSimulator.Build.0 = Release|Any CPU
		{2A0D2A02-4FB7-414D-950D-D56740D649D7}.Ad-Hoc|iPhoneSimulator.Deploy.0 = Release|Any CPU
		{2A0D2A02-4FB7-414D-950D-D56740D649D7}.Ad-Hoc|x64.ActiveCfg = Release|Any CPU
		{2A0D2A02-4FB7-414D-950D-D56740D649D7}.Ad-Hoc|x64.Build.0 = Release|Any CPU
		{2A0D2A02-4FB7-414D-950D-D56740D649D7}.Ad-Hoc|x64.Deploy.0 = Release|Any CPU
		{2A0D2A02-4FB7-414D-950D-D56740D649D7}.Ad-Hoc|x86.ActiveCfg = Release|Any CPU
		{2A0D2A02-4FB7-414D-950D-D56740D649D7}.Ad-Hoc|x86.Build.0 = Release|Any CPU
		{2A0D2A02-4FB7-414D-950D-D56740D649D7}.Ad-Hoc|x86.Deploy.0 = Release|Any CPU
		{2A0D2A02-4FB7-414D-950D-D56740D649D7}.AppStore|Any CPU.ActiveCfg = Release|Any CPU
		{2A0D2A02-4FB7-414D-950D-D56740D649D7}.AppStore|Any CPU.Build.0 = Release|Any CPU
		{2A0D2A02-4FB7-414D-950D-D56740D649D7}.AppStore|Any CPU.Deploy.0 = Release|Any CPU
		{2A0D2A02-4FB7-414D-950D-D56740D649D7}.AppStore|ARM.ActiveCfg = Release|Any CPU
		{2A0D2A02-4FB7-414D-950D-D56740D649D7}.AppStore|ARM.Build.0 = Release|Any CPU
		{2A0D2A02-4FB7-414D-950D-D56740D649D7}.AppStore|ARM.Deploy.0 = Release|Any CPU
		{2A0D2A02-4FB7-414D-950D-D56740D649D7}.AppStore|iPhone.ActiveCfg = Release|Any CPU
		{2A0D2A02-4FB7-414D-950D-D56740D649D7}.AppStore|iPhone.Build.0 = Release|Any CPU
		{2A0D2A02-4FB7-414D-950D-D56740D649D7}.AppStore|iPhone.Deploy.0 = Release|Any CPU
		{2A0D2A02-4FB7-414D-950D-D56740D649D7}.AppStore|iPhoneSimulator.ActiveCfg = Release|Any CPU
		{2A0D2A02-4FB7-414D-950D-D56740D649D7}.AppStore|iPhoneSimulator.Build.0 = Release|Any CPU
		{2A0D2A02-4FB7-414D-950D-D56740D649D7}.AppStore|iPhoneSimulator.Deploy.0 = Release|Any CPU
		{2A0D2A02-4FB7-414D-950D-D56740D649D7}.AppStore|x64.ActiveCfg = Release|Any CPU
		{2A0D2A02-4FB7-414D-950D-D56740D649D7}.AppStore|x64.Build.0 = Release|Any CPU
		{2A0D2A02-4FB7-414D-950D-D56740D649D7}.AppStore|x64.Deploy.0 = Release|Any CPU
		{2A0D2A02-4FB7-414D-950D-D56740D649D7}.AppStore|x86.ActiveCfg = Release|Any CPU
		{2A0D2A02-4FB7-414D-950D-D56740D649D7}.AppStore|x86.Build.0 = Release|Any CPU
		{2A0D2A02-4FB7-414D-950D-D56740D649D7}.AppStore|x86.Deploy.0 = Release|Any CPU
		{2A0D2A02-4FB7-414D-950D-D56740D649D7}.Debug|Any CPU.ActiveCfg = Debug|Any CPU
		{2A0D2A02-4FB7-414D-950D-D56740D649D7}.Debug|Any CPU.Build.0 = Debug|Any CPU
		{2A0D2A02-4FB7-414D-950D-D56740D649D7}.Debug|Any CPU.Deploy.0 = Debug|Any CPU
		{2A0D2A02-4FB7-414D-950D-D56740D649D7}.Debug|ARM.ActiveCfg = Debug|Any CPU
		{2A0D2A02-4FB7-414D-950D-D56740D649D7}.Debug|ARM.Build.0 = Debug|Any CPU
		{2A0D2A02-4FB7-414D-950D-D56740D649D7}.Debug|ARM.Deploy.0 = Debug|Any CPU
		{2A0D2A02-4FB7-414D-950D-D56740D649D7}.Debug|iPhone.ActiveCfg = Debug|Any CPU
		{2A0D2A02-4FB7-414D-950D-D56740D649D7}.Debug|iPhone.Build.0 = Debug|Any CPU
		{2A0D2A02-4FB7-414D-950D-D56740D649D7}.Debug|iPhone.Deploy.0 = Debug|Any CPU
		{2A0D2A02-4FB7-414D-950D-D56740D649D7}.Debug|iPhoneSimulator.ActiveCfg = Debug|Any CPU
		{2A0D2A02-4FB7-414D-950D-D56740D649D7}.Debug|iPhoneSimulator.Build.0 = Debug|Any CPU
		{2A0D2A02-4FB7-414D-950D-D56740D649D7}.Debug|iPhoneSimulator.Deploy.0 = Debug|Any CPU
		{2A0D2A02-4FB7-414D-950D-D56740D649D7}.Debug|x64.ActiveCfg = Debug|Any CPU
		{2A0D2A02-4FB7-414D-950D-D56740D649D7}.Debug|x64.Build.0 = Debug|Any CPU
		{2A0D2A02-4FB7-414D-950D-D56740D649D7}.Debug|x64.Deploy.0 = Debug|Any CPU
		{2A0D2A02-4FB7-414D-950D-D56740D649D7}.Debug|x86.ActiveCfg = Debug|Any CPU
		{2A0D2A02-4FB7-414D-950D-D56740D649D7}.Debug|x86.Build.0 = Debug|Any CPU
		{2A0D2A02-4FB7-414D-950D-D56740D649D7}.Debug|x86.Deploy.0 = Debug|Any CPU
		{2A0D2A02-4FB7-414D-950D-D56740D649D7}.Release|Any CPU.ActiveCfg = Release|Any CPU
		{2A0D2A02-4FB7-414D-950D-D56740D649D7}.Release|Any CPU.Build.0 = Release|Any CPU
		{2A0D2A02-4FB7-414D-950D-D56740D649D7}.Release|Any CPU.Deploy.0 = Release|Any CPU
		{2A0D2A02-4FB7-414D-950D-D56740D649D7}.Release|ARM.ActiveCfg = Release|Any CPU
		{2A0D2A02-4FB7-414D-950D-D56740D649D7}.Release|ARM.Build.0 = Release|Any CPU
		{2A0D2A02-4FB7-414D-950D-D56740D649D7}.Release|ARM.Deploy.0 = Release|Any CPU
		{2A0D2A02-4FB7-414D-950D-D56740D649D7}.Release|iPhone.ActiveCfg = Release|Any CPU
		{2A0D2A02-4FB7-414D-950D-D56740D649D7}.Release|iPhone.Build.0 = Release|Any CPU
		{2A0D2A02-4FB7-414D-950D-D56740D649D7}.Release|iPhone.Deploy.0 = Release|Any CPU
		{2A0D2A02-4FB7-414D-950D-D56740D649D7}.Release|iPhoneSimulator.ActiveCfg = Release|Any CPU
		{2A0D2A02-4FB7-414D-950D-D56740D649D7}.Release|iPhoneSimulator.Build.0 = Release|Any CPU
		{2A0D2A02-4FB7-414D-950D-D56740D649D7}.Release|iPhoneSimulator.Deploy.0 = Release|Any CPU
		{2A0D2A02-4FB7-414D-950D-D56740D649D7}.Release|x64.ActiveCfg = Release|Any CPU
		{2A0D2A02-4FB7-414D-950D-D56740D649D7}.Release|x64.Build.0 = Release|Any CPU
		{2A0D2A02-4FB7-414D-950D-D56740D649D7}.Release|x64.Deploy.0 = Release|Any CPU
		{2A0D2A02-4FB7-414D-950D-D56740D649D7}.Release|x86.ActiveCfg = Release|Any CPU
		{2A0D2A02-4FB7-414D-950D-D56740D649D7}.Release|x86.Build.0 = Release|Any CPU
		{2A0D2A02-4FB7-414D-950D-D56740D649D7}.Release|x86.Deploy.0 = Release|Any CPU
		{A7D5E013-C130-4D3F-8D3D-0084CEE6ED91}.Ad-Hoc|Any CPU.ActiveCfg = Ad-Hoc|iPhone
		{A7D5E013-C130-4D3F-8D3D-0084CEE6ED91}.Ad-Hoc|ARM.ActiveCfg = Ad-Hoc|iPhone
		{A7D5E013-C130-4D3F-8D3D-0084CEE6ED91}.Ad-Hoc|iPhone.ActiveCfg = Ad-Hoc|iPhone
		{A7D5E013-C130-4D3F-8D3D-0084CEE6ED91}.Ad-Hoc|iPhone.Build.0 = Ad-Hoc|iPhone
		{A7D5E013-C130-4D3F-8D3D-0084CEE6ED91}.Ad-Hoc|iPhoneSimulator.ActiveCfg = Ad-Hoc|iPhoneSimulator
		{A7D5E013-C130-4D3F-8D3D-0084CEE6ED91}.Ad-Hoc|iPhoneSimulator.Build.0 = Ad-Hoc|iPhoneSimulator
		{A7D5E013-C130-4D3F-8D3D-0084CEE6ED91}.Ad-Hoc|x64.ActiveCfg = Ad-Hoc|iPhone
		{A7D5E013-C130-4D3F-8D3D-0084CEE6ED91}.Ad-Hoc|x86.ActiveCfg = Ad-Hoc|iPhone
		{A7D5E013-C130-4D3F-8D3D-0084CEE6ED91}.AppStore|Any CPU.ActiveCfg = AppStore|iPhone
		{A7D5E013-C130-4D3F-8D3D-0084CEE6ED91}.AppStore|ARM.ActiveCfg = AppStore|iPhone
		{A7D5E013-C130-4D3F-8D3D-0084CEE6ED91}.AppStore|iPhone.ActiveCfg = AppStore|iPhone
		{A7D5E013-C130-4D3F-8D3D-0084CEE6ED91}.AppStore|iPhone.Build.0 = AppStore|iPhone
		{A7D5E013-C130-4D3F-8D3D-0084CEE6ED91}.AppStore|iPhoneSimulator.ActiveCfg = AppStore|iPhoneSimulator
		{A7D5E013-C130-4D3F-8D3D-0084CEE6ED91}.AppStore|iPhoneSimulator.Build.0 = AppStore|iPhoneSimulator
		{A7D5E013-C130-4D3F-8D3D-0084CEE6ED91}.AppStore|x64.ActiveCfg = AppStore|iPhone
		{A7D5E013-C130-4D3F-8D3D-0084CEE6ED91}.AppStore|x86.ActiveCfg = AppStore|iPhone
		{A7D5E013-C130-4D3F-8D3D-0084CEE6ED91}.Debug|Any CPU.ActiveCfg = Debug|iPhone
		{A7D5E013-C130-4D3F-8D3D-0084CEE6ED91}.Debug|ARM.ActiveCfg = Debug|iPhone
		{A7D5E013-C130-4D3F-8D3D-0084CEE6ED91}.Debug|iPhone.ActiveCfg = Debug|iPhone
		{A7D5E013-C130-4D3F-8D3D-0084CEE6ED91}.Debug|iPhone.Build.0 = Debug|iPhone
		{A7D5E013-C130-4D3F-8D3D-0084CEE6ED91}.Debug|iPhoneSimulator.ActiveCfg = Debug|iPhoneSimulator
		{A7D5E013-C130-4D3F-8D3D-0084CEE6ED91}.Debug|iPhoneSimulator.Build.0 = Debug|iPhoneSimulator
		{A7D5E013-C130-4D3F-8D3D-0084CEE6ED91}.Debug|x64.ActiveCfg = Debug|iPhone
		{A7D5E013-C130-4D3F-8D3D-0084CEE6ED91}.Debug|x86.ActiveCfg = Debug|iPhone
		{A7D5E013-C130-4D3F-8D3D-0084CEE6ED91}.Release|Any CPU.ActiveCfg = Release|iPhone
		{A7D5E013-C130-4D3F-8D3D-0084CEE6ED91}.Release|ARM.ActiveCfg = Release|iPhone
		{A7D5E013-C130-4D3F-8D3D-0084CEE6ED91}.Release|iPhone.ActiveCfg = Release|iPhone
		{A7D5E013-C130-4D3F-8D3D-0084CEE6ED91}.Release|iPhone.Build.0 = Release|iPhone
		{A7D5E013-C130-4D3F-8D3D-0084CEE6ED91}.Release|iPhoneSimulator.ActiveCfg = Release|iPhoneSimulator
		{A7D5E013-C130-4D3F-8D3D-0084CEE6ED91}.Release|iPhoneSimulator.Build.0 = Release|iPhoneSimulator
		{A7D5E013-C130-4D3F-8D3D-0084CEE6ED91}.Release|x64.ActiveCfg = Release|iPhone
		{A7D5E013-C130-4D3F-8D3D-0084CEE6ED91}.Release|x86.ActiveCfg = Release|iPhone
		{B3A3E28B-33E8-4A88-B3EE-14F56E8C6303}.Ad-Hoc|Any CPU.ActiveCfg = Release|x86
		{B3A3E28B-33E8-4A88-B3EE-14F56E8C6303}.Ad-Hoc|Any CPU.Build.0 = Release|x86
		{B3A3E28B-33E8-4A88-B3EE-14F56E8C6303}.Ad-Hoc|Any CPU.Deploy.0 = Release|x86
		{B3A3E28B-33E8-4A88-B3EE-14F56E8C6303}.Ad-Hoc|ARM.ActiveCfg = Release|ARM
		{B3A3E28B-33E8-4A88-B3EE-14F56E8C6303}.Ad-Hoc|ARM.Build.0 = Release|ARM
		{B3A3E28B-33E8-4A88-B3EE-14F56E8C6303}.Ad-Hoc|ARM.Deploy.0 = Release|ARM
		{B3A3E28B-33E8-4A88-B3EE-14F56E8C6303}.Ad-Hoc|iPhone.ActiveCfg = Release|x86
		{B3A3E28B-33E8-4A88-B3EE-14F56E8C6303}.Ad-Hoc|iPhone.Build.0 = Release|x86
		{B3A3E28B-33E8-4A88-B3EE-14F56E8C6303}.Ad-Hoc|iPhone.Deploy.0 = Release|x86
		{B3A3E28B-33E8-4A88-B3EE-14F56E8C6303}.Ad-Hoc|iPhoneSimulator.ActiveCfg = Release|x86
		{B3A3E28B-33E8-4A88-B3EE-14F56E8C6303}.Ad-Hoc|iPhoneSimulator.Build.0 = Release|x86
		{B3A3E28B-33E8-4A88-B3EE-14F56E8C6303}.Ad-Hoc|iPhoneSimulator.Deploy.0 = Release|x86
		{B3A3E28B-33E8-4A88-B3EE-14F56E8C6303}.Ad-Hoc|x64.ActiveCfg = Release|x64
		{B3A3E28B-33E8-4A88-B3EE-14F56E8C6303}.Ad-Hoc|x64.Build.0 = Release|x64
		{B3A3E28B-33E8-4A88-B3EE-14F56E8C6303}.Ad-Hoc|x64.Deploy.0 = Release|x64
		{B3A3E28B-33E8-4A88-B3EE-14F56E8C6303}.Ad-Hoc|x86.ActiveCfg = Release|x86
		{B3A3E28B-33E8-4A88-B3EE-14F56E8C6303}.Ad-Hoc|x86.Build.0 = Release|x86
		{B3A3E28B-33E8-4A88-B3EE-14F56E8C6303}.Ad-Hoc|x86.Deploy.0 = Release|x86
		{B3A3E28B-33E8-4A88-B3EE-14F56E8C6303}.AppStore|Any CPU.ActiveCfg = Release|x86
		{B3A3E28B-33E8-4A88-B3EE-14F56E8C6303}.AppStore|Any CPU.Build.0 = Release|x86
		{B3A3E28B-33E8-4A88-B3EE-14F56E8C6303}.AppStore|Any CPU.Deploy.0 = Release|x86
		{B3A3E28B-33E8-4A88-B3EE-14F56E8C6303}.AppStore|ARM.ActiveCfg = Release|ARM
		{B3A3E28B-33E8-4A88-B3EE-14F56E8C6303}.AppStore|ARM.Build.0 = Release|ARM
		{B3A3E28B-33E8-4A88-B3EE-14F56E8C6303}.AppStore|ARM.Deploy.0 = Release|ARM
		{B3A3E28B-33E8-4A88-B3EE-14F56E8C6303}.AppStore|iPhone.ActiveCfg = Release|x86
		{B3A3E28B-33E8-4A88-B3EE-14F56E8C6303}.AppStore|iPhone.Build.0 = Release|x86
		{B3A3E28B-33E8-4A88-B3EE-14F56E8C6303}.AppStore|iPhone.Deploy.0 = Release|x86
		{B3A3E28B-33E8-4A88-B3EE-14F56E8C6303}.AppStore|iPhoneSimulator.ActiveCfg = Release|x86
		{B3A3E28B-33E8-4A88-B3EE-14F56E8C6303}.AppStore|iPhoneSimulator.Build.0 = Release|x86
		{B3A3E28B-33E8-4A88-B3EE-14F56E8C6303}.AppStore|iPhoneSimulator.Deploy.0 = Release|x86
		{B3A3E28B-33E8-4A88-B3EE-14F56E8C6303}.AppStore|x64.ActiveCfg = Release|x64
		{B3A3E28B-33E8-4A88-B3EE-14F56E8C6303}.AppStore|x64.Build.0 = Release|x64
		{B3A3E28B-33E8-4A88-B3EE-14F56E8C6303}.AppStore|x64.Deploy.0 = Release|x64
		{B3A3E28B-33E8-4A88-B3EE-14F56E8C6303}.AppStore|x86.ActiveCfg = Release|x86
		{B3A3E28B-33E8-4A88-B3EE-14F56E8C6303}.AppStore|x86.Build.0 = Release|x86
		{B3A3E28B-33E8-4A88-B3EE-14F56E8C6303}.AppStore|x86.Deploy.0 = Release|x86
		{B3A3E28B-33E8-4A88-B3EE-14F56E8C6303}.Debug|Any CPU.ActiveCfg = Debug|x86
		{B3A3E28B-33E8-4A88-B3EE-14F56E8C6303}.Debug|ARM.ActiveCfg = Debug|ARM
		{B3A3E28B-33E8-4A88-B3EE-14F56E8C6303}.Debug|ARM.Build.0 = Debug|ARM
		{B3A3E28B-33E8-4A88-B3EE-14F56E8C6303}.Debug|ARM.Deploy.0 = Debug|ARM
		{B3A3E28B-33E8-4A88-B3EE-14F56E8C6303}.Debug|iPhone.ActiveCfg = Debug|x86
		{B3A3E28B-33E8-4A88-B3EE-14F56E8C6303}.Debug|iPhoneSimulator.ActiveCfg = Debug|x86
		{B3A3E28B-33E8-4A88-B3EE-14F56E8C6303}.Debug|x64.ActiveCfg = Debug|x64
		{B3A3E28B-33E8-4A88-B3EE-14F56E8C6303}.Debug|x64.Build.0 = Debug|x64
		{B3A3E28B-33E8-4A88-B3EE-14F56E8C6303}.Debug|x64.Deploy.0 = Debug|x64
		{B3A3E28B-33E8-4A88-B3EE-14F56E8C6303}.Debug|x86.ActiveCfg = Debug|x86
		{B3A3E28B-33E8-4A88-B3EE-14F56E8C6303}.Debug|x86.Build.0 = Debug|x86
		{B3A3E28B-33E8-4A88-B3EE-14F56E8C6303}.Debug|x86.Deploy.0 = Debug|x86
		{B3A3E28B-33E8-4A88-B3EE-14F56E8C6303}.Release|Any CPU.ActiveCfg = Release|x86
		{B3A3E28B-33E8-4A88-B3EE-14F56E8C6303}.Release|ARM.ActiveCfg = Release|ARM
		{B3A3E28B-33E8-4A88-B3EE-14F56E8C6303}.Release|ARM.Build.0 = Release|ARM
		{B3A3E28B-33E8-4A88-B3EE-14F56E8C6303}.Release|ARM.Deploy.0 = Release|ARM
		{B3A3E28B-33E8-4A88-B3EE-14F56E8C6303}.Release|iPhone.ActiveCfg = Release|x86
		{B3A3E28B-33E8-4A88-B3EE-14F56E8C6303}.Release|iPhoneSimulator.ActiveCfg = Release|x86
		{B3A3E28B-33E8-4A88-B3EE-14F56E8C6303}.Release|x64.ActiveCfg = Release|x64
		{B3A3E28B-33E8-4A88-B3EE-14F56E8C6303}.Release|x64.Build.0 = Release|x64
		{B3A3E28B-33E8-4A88-B3EE-14F56E8C6303}.Release|x64.Deploy.0 = Release|x64
		{B3A3E28B-33E8-4A88-B3EE-14F56E8C6303}.Release|x86.ActiveCfg = Release|x86
		{B3A3E28B-33E8-4A88-B3EE-14F56E8C6303}.Release|x86.Build.0 = Release|x86
		{B3A3E28B-33E8-4A88-B3EE-14F56E8C6303}.Release|x86.Deploy.0 = Release|x86
		{0395637C-EEF1-4B06-9E4F-D340E23BF437}.Ad-Hoc|Any CPU.ActiveCfg = Debug|Any CPU
		{0395637C-EEF1-4B06-9E4F-D340E23BF437}.Ad-Hoc|Any CPU.Build.0 = Debug|Any CPU
		{0395637C-EEF1-4B06-9E4F-D340E23BF437}.Ad-Hoc|ARM.ActiveCfg = Debug|Any CPU
		{0395637C-EEF1-4B06-9E4F-D340E23BF437}.Ad-Hoc|ARM.Build.0 = Debug|Any CPU
		{0395637C-EEF1-4B06-9E4F-D340E23BF437}.Ad-Hoc|iPhone.ActiveCfg = Debug|Any CPU
		{0395637C-EEF1-4B06-9E4F-D340E23BF437}.Ad-Hoc|iPhone.Build.0 = Debug|Any CPU
		{0395637C-EEF1-4B06-9E4F-D340E23BF437}.Ad-Hoc|iPhoneSimulator.ActiveCfg = Debug|Any CPU
		{0395637C-EEF1-4B06-9E4F-D340E23BF437}.Ad-Hoc|iPhoneSimulator.Build.0 = Debug|Any CPU
		{0395637C-EEF1-4B06-9E4F-D340E23BF437}.Ad-Hoc|x64.ActiveCfg = Debug|Any CPU
		{0395637C-EEF1-4B06-9E4F-D340E23BF437}.Ad-Hoc|x64.Build.0 = Debug|Any CPU
		{0395637C-EEF1-4B06-9E4F-D340E23BF437}.Ad-Hoc|x86.ActiveCfg = Debug|Any CPU
		{0395637C-EEF1-4B06-9E4F-D340E23BF437}.Ad-Hoc|x86.Build.0 = Debug|Any CPU
		{0395637C-EEF1-4B06-9E4F-D340E23BF437}.AppStore|Any CPU.ActiveCfg = Debug|Any CPU
		{0395637C-EEF1-4B06-9E4F-D340E23BF437}.AppStore|Any CPU.Build.0 = Debug|Any CPU
		{0395637C-EEF1-4B06-9E4F-D340E23BF437}.AppStore|ARM.ActiveCfg = Debug|Any CPU
		{0395637C-EEF1-4B06-9E4F-D340E23BF437}.AppStore|ARM.Build.0 = Debug|Any CPU
		{0395637C-EEF1-4B06-9E4F-D340E23BF437}.AppStore|iPhone.ActiveCfg = Debug|Any CPU
		{0395637C-EEF1-4B06-9E4F-D340E23BF437}.AppStore|iPhone.Build.0 = Debug|Any CPU
		{0395637C-EEF1-4B06-9E4F-D340E23BF437}.AppStore|iPhoneSimulator.ActiveCfg = Debug|Any CPU
		{0395637C-EEF1-4B06-9E4F-D340E23BF437}.AppStore|iPhoneSimulator.Build.0 = Debug|Any CPU
		{0395637C-EEF1-4B06-9E4F-D340E23BF437}.AppStore|x64.ActiveCfg = Debug|Any CPU
		{0395637C-EEF1-4B06-9E4F-D340E23BF437}.AppStore|x64.Build.0 = Debug|Any CPU
		{0395637C-EEF1-4B06-9E4F-D340E23BF437}.AppStore|x86.ActiveCfg = Debug|Any CPU
		{0395637C-EEF1-4B06-9E4F-D340E23BF437}.AppStore|x86.Build.0 = Debug|Any CPU
		{0395637C-EEF1-4B06-9E4F-D340E23BF437}.Debug|Any CPU.ActiveCfg = Debug|Any CPU
		{0395637C-EEF1-4B06-9E4F-D340E23BF437}.Debug|Any CPU.Build.0 = Debug|Any CPU
		{0395637C-EEF1-4B06-9E4F-D340E23BF437}.Debug|ARM.ActiveCfg = Debug|Any CPU
		{0395637C-EEF1-4B06-9E4F-D340E23BF437}.Debug|ARM.Build.0 = Debug|Any CPU
		{0395637C-EEF1-4B06-9E4F-D340E23BF437}.Debug|iPhone.ActiveCfg = Debug|Any CPU
		{0395637C-EEF1-4B06-9E4F-D340E23BF437}.Debug|iPhone.Build.0 = Debug|Any CPU
		{0395637C-EEF1-4B06-9E4F-D340E23BF437}.Debug|iPhoneSimulator.ActiveCfg = Debug|Any CPU
		{0395637C-EEF1-4B06-9E4F-D340E23BF437}.Debug|iPhoneSimulator.Build.0 = Debug|Any CPU
		{0395637C-EEF1-4B06-9E4F-D340E23BF437}.Debug|x64.ActiveCfg = Debug|Any CPU
		{0395637C-EEF1-4B06-9E4F-D340E23BF437}.Debug|x64.Build.0 = Debug|Any CPU
		{0395637C-EEF1-4B06-9E4F-D340E23BF437}.Debug|x86.ActiveCfg = Debug|Any CPU
		{0395637C-EEF1-4B06-9E4F-D340E23BF437}.Debug|x86.Build.0 = Debug|Any CPU
		{0395637C-EEF1-4B06-9E4F-D340E23BF437}.Release|Any CPU.ActiveCfg = Release|Any CPU
		{0395637C-EEF1-4B06-9E4F-D340E23BF437}.Release|Any CPU.Build.0 = Release|Any CPU
		{0395637C-EEF1-4B06-9E4F-D340E23BF437}.Release|ARM.ActiveCfg = Release|Any CPU
		{0395637C-EEF1-4B06-9E4F-D340E23BF437}.Release|ARM.Build.0 = Release|Any CPU
		{0395637C-EEF1-4B06-9E4F-D340E23BF437}.Release|iPhone.ActiveCfg = Release|Any CPU
		{0395637C-EEF1-4B06-9E4F-D340E23BF437}.Release|iPhone.Build.0 = Release|Any CPU
		{0395637C-EEF1-4B06-9E4F-D340E23BF437}.Release|iPhoneSimulator.ActiveCfg = Release|Any CPU
		{0395637C-EEF1-4B06-9E4F-D340E23BF437}.Release|iPhoneSimulator.Build.0 = Release|Any CPU
		{0395637C-EEF1-4B06-9E4F-D340E23BF437}.Release|x64.ActiveCfg = Release|Any CPU
		{0395637C-EEF1-4B06-9E4F-D340E23BF437}.Release|x64.Build.0 = Release|Any CPU
		{0395637C-EEF1-4B06-9E4F-D340E23BF437}.Release|x86.ActiveCfg = Release|Any CPU
		{0395637C-EEF1-4B06-9E4F-D340E23BF437}.Release|x86.Build.0 = Release|Any CPU
		{238A01B7-1AA2-4F62-B5DE-8244ECAC1DD8}.Debug|Any CPU.ActiveCfg = Debug|Any CPU
		{238A01B7-1AA2-4F62-B5DE-8244ECAC1DD8}.Debug|Any CPU.Build.0 = Debug|Any CPU
		{238A01B7-1AA2-4F62-B5DE-8244ECAC1DD8}.Debug|ARM.ActiveCfg = Debug|Any CPU
		{238A01B7-1AA2-4F62-B5DE-8244ECAC1DD8}.Debug|ARM.Build.0 = Debug|Any CPU
		{238A01B7-1AA2-4F62-B5DE-8244ECAC1DD8}.Debug|x64.ActiveCfg = Debug|Any CPU
		{238A01B7-1AA2-4F62-B5DE-8244ECAC1DD8}.Debug|x64.Build.0 = Debug|Any CPU
		{238A01B7-1AA2-4F62-B5DE-8244ECAC1DD8}.Debug|x86.ActiveCfg = Debug|Any CPU
		{238A01B7-1AA2-4F62-B5DE-8244ECAC1DD8}.Debug|x86.Build.0 = Debug|Any CPU
		{238A01B7-1AA2-4F62-B5DE-8244ECAC1DD8}.Release|Any CPU.ActiveCfg = Release|Any CPU
		{238A01B7-1AA2-4F62-B5DE-8244ECAC1DD8}.Release|Any CPU.Build.0 = Release|Any CPU
		{238A01B7-1AA2-4F62-B5DE-8244ECAC1DD8}.Release|ARM.ActiveCfg = Release|Any CPU
		{238A01B7-1AA2-4F62-B5DE-8244ECAC1DD8}.Release|ARM.Build.0 = Release|Any CPU
		{238A01B7-1AA2-4F62-B5DE-8244ECAC1DD8}.Release|x64.ActiveCfg = Release|Any CPU
		{238A01B7-1AA2-4F62-B5DE-8244ECAC1DD8}.Release|x64.Build.0 = Release|Any CPU
		{238A01B7-1AA2-4F62-B5DE-8244ECAC1DD8}.Release|x86.ActiveCfg = Release|Any CPU
		{238A01B7-1AA2-4F62-B5DE-8244ECAC1DD8}.Release|x86.Build.0 = Release|Any CPU
	EndGlobalSection
	GlobalSection(SolutionProperties) = preSolution
		HideSolutionNode = FALSE
	EndGlobalSection
	GlobalSection(NestedProjects) = preSolution
		{2A0D2A02-4FB7-414D-950D-D56740D649D7} = {CD37B468-EA3D-4E6D-9394-B778BE98E7A3}
		{A7D5E013-C130-4D3F-8D3D-0084CEE6ED91} = {CD37B468-EA3D-4E6D-9394-B778BE98E7A3}
		{B3A3E28B-33E8-4A88-B3EE-14F56E8C6303} = {CD37B468-EA3D-4E6D-9394-B778BE98E7A3}
		{0395637C-EEF1-4B06-9E4F-D340E23BF437} = {CD37B468-EA3D-4E6D-9394-B778BE98E7A3}
	EndGlobalSection
	GlobalSection(ExtensibilityGlobals) = postSolution
		SolutionGuid = {BF201495-94F4-4997-8038-10A066CE9170}
	EndGlobalSection
EndGlobal
